{
    "version": 3,
    "terraform_version": "0.11.8",
    "serial": 6,
    "lineage": "922b7c7b-56b0-3c1a-5868-a858ac2c1b14",
    "modules": [
        {
            "path": [
                "root"
            ],
            "outputs": {},
            "resources": {
                "data.oci_identity_availability_domains.ADs": {
                    "type": "oci_identity_availability_domains",
                    "depends_on": [],
                    "primary": {
                        "id": "2018-09-24 08:38:28.896215523 +0000 UTC",
                        "attributes": {
                            "availability_domains.#": "3",
                            "availability_domains.0.compartment_id": "ocid1.compartment.oc1..aaaaaaaa7th7e3la75hrzkakyoosprvibmfme57v42rrbazd2emhl2rlfnma",
                            "availability_domains.0.name": "shPn:EU-FRANKFURT-1-AD-1",
                            "availability_domains.1.compartment_id": "ocid1.compartment.oc1..aaaaaaaa7th7e3la75hrzkakyoosprvibmfme57v42rrbazd2emhl2rlfnma",
                            "availability_domains.1.name": "shPn:EU-FRANKFURT-1-AD-2",
                            "availability_domains.2.compartment_id": "ocid1.compartment.oc1..aaaaaaaa7th7e3la75hrzkakyoosprvibmfme57v42rrbazd2emhl2rlfnma",
                            "availability_domains.2.name": "shPn:EU-FRANKFURT-1-AD-3",
                            "compartment_id": "ocid1.compartment.oc1..aaaaaaaa7th7e3la75hrzkakyoosprvibmfme57v42rrbazd2emhl2rlfnma",
                            "id": "2018-09-24 08:38:28.896215523 +0000 UTC"
                        },
                        "meta": {},
                        "tainted": false
                    },
                    "deposed": [],
                    "provider": "provider.oci"
                },
                "data.oci_objectstorage_namespace.bucket1": {
                    "type": "oci_objectstorage_namespace",
                    "depends_on": [],
                    "primary": {
                        "id": "2018-09-24 08:38:28.8549509 +0000 UTC",
                        "attributes": {
                            "id": "2018-09-24 08:38:28.8549509 +0000 UTC",
                            "namespace": "telefonicacloud2"
                        },
                        "meta": {},
                        "tainted": false
                    },
                    "deposed": [],
                    "provider": "provider.oci"
                },
                "data.oci_objectstorage_namespace.bucket2": {
                    "type": "oci_objectstorage_namespace",
                    "depends_on": [],
                    "primary": {
                        "id": "2018-09-24 08:38:28.858296561 +0000 UTC",
                        "attributes": {
                            "id": "2018-09-24 08:38:28.858296561 +0000 UTC",
                            "namespace": "telefonicacloud2"
                        },
                        "meta": {},
                        "tainted": false
                    },
                    "deposed": [],
                    "provider": "provider.oci"
                },
                "oci_core_internet_gateway.ProductionIgw": {
                    "type": "oci_core_internet_gateway",
                    "depends_on": [
                        "local.igw_name",
                        "oci_core_virtual_network.ProductionVcn"
                    ],
                    "primary": {
                        "id": "ocid1.internetgateway.oc1.eu-frankfurt-1.aaaaaaaadt27lsyq7ul7sl7sshlweaxiocrrwqxfdd6fylqnrql3n3sftn2q",
                        "attributes": {
                            "compartment_id": "ocid1.compartment.oc1..aaaaaaaa7th7e3la75hrzkakyoosprvibmfme57v42rrbazd2emhl2rlfnma",
                            "defined_tags.%": "0",
                            "display_name": "skyigw",
                            "enabled": "true",
                            "freeform_tags.%": "0",
                            "id": "ocid1.internetgateway.oc1.eu-frankfurt-1.aaaaaaaadt27lsyq7ul7sl7sshlweaxiocrrwqxfdd6fylqnrql3n3sftn2q",
                            "state": "AVAILABLE",
                            "time_created": "2018-09-24 08:38:34.319 +0000 UTC",
                            "vcn_id": "ocid1.vcn.oc1.eu-frankfurt-1.aaaaaaaa6xfd5korlmk6s5nzl5dallhnu5pdyh2r6gq7bovxlkyqrfp2jifa"
                        },
                        "meta": {
                            "e2bfb730-ecaa-11e6-8f88-34363bc7c4c0": {
                                "create": 900000000000,
                                "delete": 900000000000,
                                "update": 900000000000
                            }
                        },
                        "tainted": false
                    },
                    "deposed": [],
                    "provider": "provider.oci"
                },
                "oci_core_route_table.InternetRouteTable": {
                    "type": "oci_core_route_table",
                    "depends_on": [
                        "local.internet_route_table_name",
                        "oci_core_internet_gateway.ProductionIgw",
                        "oci_core_virtual_network.ProductionVcn"
                    ],
                    "primary": {
                        "id": "ocid1.routetable.oc1.eu-frankfurt-1.aaaaaaaa2emku7kxrc63e5m643d5wcd56wioskoifjrxhhhysyczh4e3pr7q",
                        "attributes": {
                            "compartment_id": "ocid1.compartment.oc1..aaaaaaaa7th7e3la75hrzkakyoosprvibmfme57v42rrbazd2emhl2rlfnma",
                            "defined_tags.%": "0",
                            "display_name": "internetroutetable",
                            "freeform_tags.%": "0",
                            "id": "ocid1.routetable.oc1.eu-frankfurt-1.aaaaaaaa2emku7kxrc63e5m643d5wcd56wioskoifjrxhhhysyczh4e3pr7q",
                            "route_rules.#": "1",
                            "route_rules.561397837.cidr_block": "0.0.0.0/0",
                            "route_rules.561397837.destination": "0.0.0.0/0",
                            "route_rules.561397837.destination_type": "CIDR_BLOCK",
                            "route_rules.561397837.network_entity_id": "ocid1.internetgateway.oc1.eu-frankfurt-1.aaaaaaaadt27lsyq7ul7sl7sshlweaxiocrrwqxfdd6fylqnrql3n3sftn2q",
                            "state": "AVAILABLE",
                            "time_created": "2018-09-24 08:38:34.556 +0000 UTC",
                            "vcn_id": "ocid1.vcn.oc1.eu-frankfurt-1.aaaaaaaa6xfd5korlmk6s5nzl5dallhnu5pdyh2r6gq7bovxlkyqrfp2jifa"
                        },
                        "meta": {
                            "e2bfb730-ecaa-11e6-8f88-34363bc7c4c0": {
                                "create": 900000000000,
                                "delete": 900000000000,
                                "update": 900000000000
                            }
                        },
                        "tainted": false
                    },
                    "deposed": [],
                    "provider": "provider.oci"
                },
                "oci_core_security_list.ProductionAdhocseclist": {
                    "type": "oci_core_security_list",
                    "depends_on": [
                        "local.vcn_name",
                        "oci_core_virtual_network.ProductionVcn"
                    ],
                    "primary": {
                        "id": "ocid1.securitylist.oc1.eu-frankfurt-1.aaaaaaaa4mifd6jkr5fpon23mmrzdjpn42ih3qe66g2jsgecr7qwstxxcuca",
                        "attributes": {
                            "compartment_id": "ocid1.compartment.oc1..aaaaaaaa7th7e3la75hrzkakyoosprvibmfme57v42rrbazd2emhl2rlfnma",
                            "defined_tags.%": "0",
                            "display_name": "Adhoc Security List for skynet",
                            "egress_security_rules.#": "0",
                            "freeform_tags.%": "0",
                            "id": "ocid1.securitylist.oc1.eu-frankfurt-1.aaaaaaaa4mifd6jkr5fpon23mmrzdjpn42ih3qe66g2jsgecr7qwstxxcuca",
                            "ingress_security_rules.#": "2",
                            "ingress_security_rules.2849740639.icmp_options.#": "0",
                            "ingress_security_rules.2849740639.protocol": "6",
                            "ingress_security_rules.2849740639.source": "0.0.0.0/0",
                            "ingress_security_rules.2849740639.source_type": "CIDR_BLOCK",
                            "ingress_security_rules.2849740639.stateless": "false",
                            "ingress_security_rules.2849740639.tcp_options.#": "1",
                            "ingress_security_rules.2849740639.tcp_options.0.max": "8080",
                            "ingress_security_rules.2849740639.tcp_options.0.min": "8080",
                            "ingress_security_rules.2849740639.tcp_options.0.source_port_range.#": "0",
                            "ingress_security_rules.2849740639.udp_options.#": "0",
                            "ingress_security_rules.3861548008.icmp_options.#": "0",
                            "ingress_security_rules.3861548008.protocol": "6",
                            "ingress_security_rules.3861548008.source": "0.0.0.0/0",
                            "ingress_security_rules.3861548008.source_type": "CIDR_BLOCK",
                            "ingress_security_rules.3861548008.stateless": "false",
                            "ingress_security_rules.3861548008.tcp_options.#": "1",
                            "ingress_security_rules.3861548008.tcp_options.0.max": "80",
                            "ingress_security_rules.3861548008.tcp_options.0.min": "80",
                            "ingress_security_rules.3861548008.tcp_options.0.source_port_range.#": "0",
                            "ingress_security_rules.3861548008.udp_options.#": "0",
                            "state": "AVAILABLE",
                            "time_created": "2018-09-24 08:38:34.341 +0000 UTC",
                            "vcn_id": "ocid1.vcn.oc1.eu-frankfurt-1.aaaaaaaa6xfd5korlmk6s5nzl5dallhnu5pdyh2r6gq7bovxlkyqrfp2jifa"
                        },
                        "meta": {
                            "e2bfb730-ecaa-11e6-8f88-34363bc7c4c0": {
                                "create": 900000000000,
                                "delete": 900000000000,
                                "update": 900000000000
                            }
                        },
                        "tainted": false
                    },
                    "deposed": [],
                    "provider": "provider.oci"
                },
                "oci_core_security_list.ProductionSqlnetseclist": {
                    "type": "oci_core_security_list",
                    "depends_on": [
                        "local.database_listener_port",
                        "local.vcn_cidr_block",
                        "local.vcn_name",
                        "oci_core_virtual_network.ProductionVcn"
                    ],
                    "primary": {
                        "id": "ocid1.securitylist.oc1.eu-frankfurt-1.aaaaaaaa5rvdep2stvl5f23bnz5bpfwqq2rngybunrhqbhqbf3nhxevpxvxa",
                        "attributes": {
                            "compartment_id": "ocid1.compartment.oc1..aaaaaaaa7th7e3la75hrzkakyoosprvibmfme57v42rrbazd2emhl2rlfnma",
                            "defined_tags.%": "0",
                            "display_name": "SQLNET Security List for skynet",
                            "egress_security_rules.#": "0",
                            "freeform_tags.%": "0",
                            "id": "ocid1.securitylist.oc1.eu-frankfurt-1.aaaaaaaa5rvdep2stvl5f23bnz5bpfwqq2rngybunrhqbhqbf3nhxevpxvxa",
                            "ingress_security_rules.#": "1",
                            "ingress_security_rules.2353706552.icmp_options.#": "0",
                            "ingress_security_rules.2353706552.protocol": "6",
                            "ingress_security_rules.2353706552.source": "172.16.0.0/16",
                            "ingress_security_rules.2353706552.source_type": "CIDR_BLOCK",
                            "ingress_security_rules.2353706552.stateless": "false",
                            "ingress_security_rules.2353706552.tcp_options.#": "1",
                            "ingress_security_rules.2353706552.tcp_options.0.max": "1521",
                            "ingress_security_rules.2353706552.tcp_options.0.min": "1521",
                            "ingress_security_rules.2353706552.tcp_options.0.source_port_range.#": "0",
                            "ingress_security_rules.2353706552.udp_options.#": "0",
                            "state": "AVAILABLE",
                            "time_created": "2018-09-24 08:38:34.173 +0000 UTC",
                            "vcn_id": "ocid1.vcn.oc1.eu-frankfurt-1.aaaaaaaa6xfd5korlmk6s5nzl5dallhnu5pdyh2r6gq7bovxlkyqrfp2jifa"
                        },
                        "meta": {
                            "e2bfb730-ecaa-11e6-8f88-34363bc7c4c0": {
                                "create": 900000000000,
                                "delete": 900000000000,
                                "update": 900000000000
                            }
                        },
                        "tainted": false
                    },
                    "deposed": [],
                    "provider": "provider.oci"
                },
                "oci_core_subnet.ProductionVcn-ad1": {
                    "type": "oci_core_subnet",
                    "depends_on": [
                        "data.oci_identity_availability_domains.ADs",
                        "local.ad1_cidr_block",
                        "local.vcn_name",
                        "oci_core_route_table.InternetRouteTable",
                        "oci_core_security_list.ProductionSqlnetseclist",
                        "oci_core_virtual_network.ProductionVcn"
                    ],
                    "primary": {
                        "id": "ocid1.subnet.oc1.eu-frankfurt-1.aaaaaaaal25uff5ywc7z45jeiyuk7wjzhiqyhn3mctaiuk24gakdxts6nita",
                        "attributes": {
                            "availability_domain": "shPn:EU-FRANKFURT-1-AD-1",
                            "cidr_block": "172.16.1.0/24",
                            "compartment_id": "ocid1.compartment.oc1..aaaaaaaa7th7e3la75hrzkakyoosprvibmfme57v42rrbazd2emhl2rlfnma",
                            "defined_tags.%": "0",
                            "dhcp_options_id": "ocid1.dhcpoptions.oc1.eu-frankfurt-1.aaaaaaaarz6o5vyhdewehjq6mcjgqc4ucr66v6jp7poxjfv4kqoqhzexwq7a",
                            "display_name": "skynet-ad1",
                            "dns_label": "dnslabel1",
                            "freeform_tags.%": "0",
                            "id": "ocid1.subnet.oc1.eu-frankfurt-1.aaaaaaaal25uff5ywc7z45jeiyuk7wjzhiqyhn3mctaiuk24gakdxts6nita",
                            "prohibit_public_ip_on_vnic": "false",
                            "route_table_id": "ocid1.routetable.oc1.eu-frankfurt-1.aaaaaaaa2emku7kxrc63e5m643d5wcd56wioskoifjrxhhhysyczh4e3pr7q",
                            "security_list_ids.#": "2",
                            "security_list_ids.1134615024": "ocid1.securitylist.oc1.eu-frankfurt-1.aaaaaaaa5rvdep2stvl5f23bnz5bpfwqq2rngybunrhqbhqbf3nhxevpxvxa",
                            "security_list_ids.2696862313": "ocid1.securitylist.oc1.eu-frankfurt-1.aaaaaaaa3qavdyfmlw6hpko6dqjpdqealoun4e4e3fpyqhdegpa4l3jc3esa",
                            "state": "AVAILABLE",
                            "subnet_domain_name": "dnslabel1.skynet.oraclevcn.com",
                            "time_created": "2018-09-24 08:38:36.794 +0000 UTC",
                            "vcn_id": "ocid1.vcn.oc1.eu-frankfurt-1.aaaaaaaa6xfd5korlmk6s5nzl5dallhnu5pdyh2r6gq7bovxlkyqrfp2jifa",
                            "virtual_router_ip": "172.16.1.1",
                            "virtual_router_mac": "00:00:17:EF:9B:3B"
                        },
                        "meta": {
                            "e2bfb730-ecaa-11e6-8f88-34363bc7c4c0": {
                                "create": 900000000000,
                                "delete": 900000000000,
                                "update": 900000000000
                            }
                        },
                        "tainted": false
                    },
                    "deposed": [],
                    "provider": "provider.oci"
                },
                "oci_core_subnet.ProductionVcn-ad2": {
                    "type": "oci_core_subnet",
                    "depends_on": [
                        "data.oci_identity_availability_domains.ADs",
                        "local.ad2_cidr_block",
                        "local.vcn_name",
                        "oci_core_route_table.InternetRouteTable",
                        "oci_core_security_list.ProductionSqlnetseclist",
                        "oci_core_virtual_network.ProductionVcn"
                    ],
                    "primary": {
                        "id": "ocid1.subnet.oc1.eu-frankfurt-1.aaaaaaaaybawqpnbz3pimnlqs2y4c44jjtmww2h4tf3j4v4to45z34a7ycfa",
                        "attributes": {
                            "availability_domain": "shPn:EU-FRANKFURT-1-AD-2",
                            "cidr_block": "172.16.2.0/24",
                            "compartment_id": "ocid1.compartment.oc1..aaaaaaaa7th7e3la75hrzkakyoosprvibmfme57v42rrbazd2emhl2rlfnma",
                            "defined_tags.%": "0",
                            "dhcp_options_id": "ocid1.dhcpoptions.oc1.eu-frankfurt-1.aaaaaaaarz6o5vyhdewehjq6mcjgqc4ucr66v6jp7poxjfv4kqoqhzexwq7a",
                            "display_name": "skynet-ad2",
                            "dns_label": "dnslabel2",
                            "freeform_tags.%": "0",
                            "id": "ocid1.subnet.oc1.eu-frankfurt-1.aaaaaaaaybawqpnbz3pimnlqs2y4c44jjtmww2h4tf3j4v4to45z34a7ycfa",
                            "prohibit_public_ip_on_vnic": "false",
                            "route_table_id": "ocid1.routetable.oc1.eu-frankfurt-1.aaaaaaaa2emku7kxrc63e5m643d5wcd56wioskoifjrxhhhysyczh4e3pr7q",
                            "security_list_ids.#": "2",
                            "security_list_ids.1134615024": "ocid1.securitylist.oc1.eu-frankfurt-1.aaaaaaaa5rvdep2stvl5f23bnz5bpfwqq2rngybunrhqbhqbf3nhxevpxvxa",
                            "security_list_ids.2696862313": "ocid1.securitylist.oc1.eu-frankfurt-1.aaaaaaaa3qavdyfmlw6hpko6dqjpdqealoun4e4e3fpyqhdegpa4l3jc3esa",
                            "state": "AVAILABLE",
                            "subnet_domain_name": "dnslabel2.skynet.oraclevcn.com",
                            "time_created": "2018-09-24 08:38:35.545 +0000 UTC",
                            "vcn_id": "ocid1.vcn.oc1.eu-frankfurt-1.aaaaaaaa6xfd5korlmk6s5nzl5dallhnu5pdyh2r6gq7bovxlkyqrfp2jifa",
                            "virtual_router_ip": "172.16.2.1",
                            "virtual_router_mac": "00:00:17:EF:9B:3B"
                        },
                        "meta": {
                            "e2bfb730-ecaa-11e6-8f88-34363bc7c4c0": {
                                "create": 900000000000,
                                "delete": 900000000000,
                                "update": 900000000000
                            }
                        },
                        "tainted": false
                    },
                    "deposed": [],
                    "provider": "provider.oci"
                },
                "oci_core_subnet.ProductionVcn-ad3": {
                    "type": "oci_core_subnet",
                    "depends_on": [
                        "data.oci_identity_availability_domains.ADs",
                        "local.ad3_cidr_block",
                        "local.vcn_name",
                        "oci_core_route_table.InternetRouteTable",
                        "oci_core_security_list.ProductionSqlnetseclist",
                        "oci_core_virtual_network.ProductionVcn"
                    ],
                    "primary": {
                        "id": "ocid1.subnet.oc1.eu-frankfurt-1.aaaaaaaaujkkkei3droukyfwndz36lqwddeppbpublsd5qco7pliuc7r6a2a",
                        "attributes": {
                            "availability_domain": "shPn:EU-FRANKFURT-1-AD-3",
                            "cidr_block": "172.16.3.0/24",
                            "compartment_id": "ocid1.compartment.oc1..aaaaaaaa7th7e3la75hrzkakyoosprvibmfme57v42rrbazd2emhl2rlfnma",
                            "defined_tags.%": "0",
                            "dhcp_options_id": "ocid1.dhcpoptions.oc1.eu-frankfurt-1.aaaaaaaarz6o5vyhdewehjq6mcjgqc4ucr66v6jp7poxjfv4kqoqhzexwq7a",
                            "display_name": "skynet-ad3",
                            "dns_label": "dnslabel3",
                            "freeform_tags.%": "0",
                            "id": "ocid1.subnet.oc1.eu-frankfurt-1.aaaaaaaaujkkkei3droukyfwndz36lqwddeppbpublsd5qco7pliuc7r6a2a",
                            "prohibit_public_ip_on_vnic": "false",
                            "route_table_id": "ocid1.routetable.oc1.eu-frankfurt-1.aaaaaaaa2emku7kxrc63e5m643d5wcd56wioskoifjrxhhhysyczh4e3pr7q",
                            "security_list_ids.#": "2",
                            "security_list_ids.1134615024": "ocid1.securitylist.oc1.eu-frankfurt-1.aaaaaaaa5rvdep2stvl5f23bnz5bpfwqq2rngybunrhqbhqbf3nhxevpxvxa",
                            "security_list_ids.2696862313": "ocid1.securitylist.oc1.eu-frankfurt-1.aaaaaaaa3qavdyfmlw6hpko6dqjpdqealoun4e4e3fpyqhdegpa4l3jc3esa",
                            "state": "AVAILABLE",
                            "subnet_domain_name": "dnslabel3.skynet.oraclevcn.com",
                            "time_created": "2018-09-24 08:38:35.995 +0000 UTC",
                            "vcn_id": "ocid1.vcn.oc1.eu-frankfurt-1.aaaaaaaa6xfd5korlmk6s5nzl5dallhnu5pdyh2r6gq7bovxlkyqrfp2jifa",
                            "virtual_router_ip": "172.16.3.1",
                            "virtual_router_mac": "00:00:17:EF:9B:3B"
                        },
                        "meta": {
                            "e2bfb730-ecaa-11e6-8f88-34363bc7c4c0": {
                                "create": 900000000000,
                                "delete": 900000000000,
                                "update": 900000000000
                            }
                        },
                        "tainted": false
                    },
                    "deposed": [],
                    "provider": "provider.oci"
                },
                "oci_core_virtual_network.ProductionVcn": {
                    "type": "oci_core_virtual_network",
                    "depends_on": [
                        "local.vcn_cidr_block",
                        "local.vcn_name"
                    ],
                    "primary": {
                        "id": "ocid1.vcn.oc1.eu-frankfurt-1.aaaaaaaa6xfd5korlmk6s5nzl5dallhnu5pdyh2r6gq7bovxlkyqrfp2jifa",
                        "attributes": {
                            "cidr_block": "172.16.0.0/16",
                            "compartment_id": "ocid1.compartment.oc1..aaaaaaaa7th7e3la75hrzkakyoosprvibmfme57v42rrbazd2emhl2rlfnma",
                            "default_dhcp_options_id": "ocid1.dhcpoptions.oc1.eu-frankfurt-1.aaaaaaaarz6o5vyhdewehjq6mcjgqc4ucr66v6jp7poxjfv4kqoqhzexwq7a",
                            "default_route_table_id": "ocid1.routetable.oc1.eu-frankfurt-1.aaaaaaaarmofrvgcwl7jq3l4hgqrm2eapncmxdony3d4wrozovfhrsrs2oma",
                            "default_security_list_id": "ocid1.securitylist.oc1.eu-frankfurt-1.aaaaaaaa3qavdyfmlw6hpko6dqjpdqealoun4e4e3fpyqhdegpa4l3jc3esa",
                            "defined_tags.%": "0",
                            "display_name": "skynet",
                            "dns_label": "skynet",
                            "freeform_tags.%": "0",
                            "id": "ocid1.vcn.oc1.eu-frankfurt-1.aaaaaaaa6xfd5korlmk6s5nzl5dallhnu5pdyh2r6gq7bovxlkyqrfp2jifa",
                            "state": "AVAILABLE",
                            "time_created": "2018-09-24 08:38:33.735 +0000 UTC",
                            "vcn_domain_name": "skynet.oraclevcn.com"
                        },
                        "meta": {
                            "e2bfb730-ecaa-11e6-8f88-34363bc7c4c0": {
                                "create": 900000000000,
                                "delete": 900000000000,
                                "update": 900000000000
                            }
                        },
                        "tainted": false
                    },
                    "deposed": [],
                    "provider": "provider.oci"
                },
                "oci_objectstorage_bucket.bucket2": {
                    "type": "oci_objectstorage_bucket",
                    "depends_on": [
                        "data.oci_objectstorage_namespace.bucket2",
                        "local.jcs_backup_bucket"
                    ],
                    "primary": {
                        "id": "telefonicacloud2/skyjcsbucket",
                        "attributes": {
                            "access_type": "NoPublicAccess",
                            "compartment_id": "ocid1.compartment.oc1..aaaaaaaa7th7e3la75hrzkakyoosprvibmfme57v42rrbazd2emhl2rlfnma",
                            "created_by": "ocid1.user.oc1..aaaaaaaawvyzhovzcie742dkz7guxvmyuzcxkl4t7khigxdnduhgnv6ab7za",
                            "defined_tags.%": "0",
                            "etag": "a027fbd3-3673-46bf-ac7d-642d0cf21893",
                            "freeform_tags.%": "0",
                            "id": "telefonicacloud2/skyjcsbucket",
                            "metadata.%": "0",
                            "name": "skyjcsbucket",
                            "namespace": "telefonicacloud2",
                            "storage_tier": "Standard",
                            "time_created": "2018-09-24 08:38:33.636 +0000 UTC"
                        },
                        "meta": {
                            "e2bfb730-ecaa-11e6-8f88-34363bc7c4c0": {
                                "create": 900000000000,
                                "delete": 900000000000,
                                "update": 900000000000
                            }
                        },
                        "tainted": false
                    },
                    "deposed": [],
                    "provider": "provider.oci"
                },
                "oraclepaas_database_service_instance.ProdDb": {
                    "type": "oraclepaas_database_service_instance",
                    "depends_on": [
                        "data.oci_identity_availability_domains.ADs",
                        "local.database_backup_bucket",
                        "local.database_edition",
                        "local.database_name",
                        "local.database_pdb_name",
                        "local.database_service_name",
                        "local.database_shape",
                        "local.database_storage_gb",
                        "local.database_sys_pwd",
                        "local.database_version",
                        "oci_core_subnet.ProductionVcn-ad2"
                    ],
                    "primary": {
                        "id": "skydbsystem",
                        "attributes": {
                            "availability_domain": "shPn:EU-FRANKFURT-1-AD-2",
                            "backups.#": "1",
                            "backups.0.cloud_storage_container": "https://swiftobjectstorage.eu-frankfurt-1.oraclecloud.com/v1/telefonicacloud2/skydbbucket",
                            "backups.0.cloud_storage_password": "1(;DS+4cJ3pmCA0Ps2dP",
                            "backups.0.cloud_storage_username": "api.user",
                            "backups.0.create_if_missing": "false",
                            "bring_your_own_license": "true",
                            "cloud_storage_container": "https://swiftobjectstorage.eu-frankfurt-1.oraclecloud.com/v1/telefonicacloud2/skydbbucket",
                            "compute_site_name": "",
                            "database_configuration.#": "1",
                            "database_configuration.0.admin_password": "AaZZ0r_cle#1",
                            "database_configuration.0.backup_destination": "BOTH",
                            "database_configuration.0.character_set": "",
                            "database_configuration.0.db_demo": "",
                            "database_configuration.0.disaster_recovery": "false",
                            "database_configuration.0.failover_database": "false",
                            "database_configuration.0.golden_gate": "false",
                            "database_configuration.0.is_rac": "false",
                            "database_configuration.0.national_character_set": "",
                            "database_configuration.0.pdb_name": "skypdb",
                            "database_configuration.0.sid": "skydb",
                            "database_configuration.0.snapshot_name": "",
                            "database_configuration.0.source_service_name": "",
                            "database_configuration.0.timezone": "UTC",
                            "database_configuration.0.type": "db",
                            "database_configuration.0.usable_storage": "50",
                            "dbaas_monitor_url": "https://130.61.19.219/dbaas_monitor",
                            "default_access_rules.#": "1",
                            "description": "Sistema de base de datos PaaS provisionado por Terraform",
                            "desired_state": "",
                            "edition": "EE_HP",
                            "em_url": "https://130.61.19.219:5500/em",
                            "glassfish_url": "",
                            "high_performance_storage": "false",
                            "id": "skydbsystem",
                            "identity_domain": "idcs-e6f40c2d9ed6483dbabcf6ff50cd69ee",
                            "ip_network": "",
                            "level": "PAAS",
                            "name": "skydbsystem",
                            "region": "eu-frankfurt-1",
                            "shape": "VM.Standard1.1",
                            "ssh_public_key": "ssh-rsa AAAAB3NzaC1yc2EAAAADAQABAAABAQDdSYVIvv/pCTVX0UE/R+KmnuzI3wIGP23XZPCRQp+q71dTbbCCM/wEEXJ4idSLZpRGF0vKXWi9G2yShnFIL0TYLXEwptxc0csNkG8sl4FStAGIiSGzCXoIDMjYc3dF8Gq2M3Rlaf7o1snUmlH3rQIgvAhWfwxFBj+iFDb6+R1keMG6pzK420QRFpXYUmZhWBQeE3lFsusArao9ByIH3fw/juMsFmU3WHtgu2VtDI81gprk24Si380yyVzSms2V2ipIHihE2jhz/GvJ4FNdbjn9/t+OmApMigHmjvFq05fsrh75P+7FRbCIWB5KUA+Gq11LcZchh29TKl1oSGzcSu7B",
                            "status": "Running",
                            "subnet": "ocid1.subnet.oc1.eu-frankfurt-1.aaaaaaaaybawqpnbz3pimnlqs2y4c44jjtmww2h4tf3j4v4to45z34a7ycfa",
                            "subscription_type": "HOURLY",
                            "uri": "https://psm.europe.oraclecloud.com:443/paas/service/dbcs/api/v1.1/instances/idcs-e6f40c2d9ed6483dbabcf6ff50cd69ee/skydbsystem",
                            "version": "12.2.0.1"
                        },
                        "meta": {
                            "e2bfb730-ecaa-11e6-8f88-34363bc7c4c0": {
                                "create": 7200000000000,
                                "delete": 7200000000000
                            }
                        },
                        "tainted": false
                    },
                    "deposed": [],
                    "provider": "provider.oraclepaas"
                },
                "oraclepaas_java_service_instance.ProductionJcs": {
                    "type": "oraclepaas_java_service_instance",
                    "depends_on": [
                        "data.oci_identity_availability_domains.ADs",
                        "local.database_sys_pwd",
                        "local.jcs_backup_bucket",
                        "local.jcs_edition",
                        "local.jcs_service_name",
                        "local.jcs_version",
                        "local.wls_admin_pwd",
                        "local.wls_admin_user",
                        "local.wls_shape",
                        "oci_core_subnet.ProductionVcn-ad2",
                        "oraclepaas_database_service_instance.ProdDb"
                    ],
                    "primary": {
                        "id": "skyjcs",
                        "attributes": {
                            "availability_domain": "shPn:EU-FRANKFURT-1-AD-2",
                            "backup_destination": "BOTH",
                            "backups.#": "1",
                            "backups.0.auto_generate": "false",
                            "backups.0.cloud_storage_container": "https://swiftobjectstorage.eu-frankfurt-1.oraclecloud.com/v1/telefonicacloud2/skyjcsbucket",
                            "backups.0.cloud_storage_password": "1(;DS+4cJ3pmCA0Ps2dP",
                            "backups.0.cloud_storage_username": "api.user",
                            "bring_your_own_license": "false",
                            "description": "Created by Terraform",
                            "desired_state": "running",
                            "edition": "EE",
                            "enable_admin_console": "false",
                            "force_delete": "true",
                            "id": "skyjcs",
                            "level": "PAAS",
                            "metering_frequency": "HOURLY",
                            "name": "skyjcs",
                            "region": "eu-frankfurt-1",
                            "service_version": "12cRelease213",
                            "ssh_public_key": "ssh-rsa AAAAB3NzaC1yc2EAAAADAQABAAABAQDdSYVIvv/pCTVX0UE/R+KmnuzI3wIGP23XZPCRQp+q71dTbbCCM/wEEXJ4idSLZpRGF0vKXWi9G2yShnFIL0TYLXEwptxc0csNkG8sl4FStAGIiSGzCXoIDMjYc3dF8Gq2M3Rlaf7o1snUmlH3rQIgvAhWfwxFBj+iFDb6+R1keMG6pzK420QRFpXYUmZhWBQeE3lFsusArao9ByIH3fw/juMsFmU3WHtgu2VtDI81gprk24Si380yyVzSms2V2ipIHihE2jhz/GvJ4FNdbjn9/t+OmApMigHmjvFq05fsrh75P+7FRbCIWB5KUA+Gq11LcZchh29TKl1oSGzcSu7B",
                            "status": "READY",
                            "subnet": "ocid1.subnet.oc1.eu-frankfurt-1.aaaaaaaaybawqpnbz3pimnlqs2y4c44jjtmww2h4tf3j4v4to45z34a7ycfa",
                            "use_identity_service": "false",
                            "weblogic_server.#": "1",
                            "weblogic_server.0.admin.#": "1",
                            "weblogic_server.0.admin.0.hostname": "skyjcs-wls-1",
                            "weblogic_server.0.admin.0.password": "Weblogic_1",
                            "weblogic_server.0.admin.0.port": "7001",
                            "weblogic_server.0.admin.0.secured_port": "7002",
                            "weblogic_server.0.admin.0.username": "weblogic",
                            "weblogic_server.0.application_database.#": "0",
                            "weblogic_server.0.backup_volume_size": "",
                            "weblogic_server.0.cluster.#": "0",
                            "weblogic_server.0.cluster_name": "",
                            "weblogic_server.0.connect_string": "",
                            "weblogic_server.0.database.#": "1",
                            "weblogic_server.0.database.0.hostname": "",
                            "weblogic_server.0.database.0.name": "skydbsystem",
                            "weblogic_server.0.database.0.password": "AaZZ0r_cle#1",
                            "weblogic_server.0.database.0.pdb_name": "",
                            "weblogic_server.0.database.0.username": "sys",
                            "weblogic_server.0.domain.#": "1",
                            "weblogic_server.0.ip_reservations.#": "0",
                            "weblogic_server.0.managed_servers.#": "0",
                            "weblogic_server.0.middleware_volume_size": "",
                            "weblogic_server.0.node_manager.#": "0",
                            "weblogic_server.0.ports.#": "0",
                            "weblogic_server.0.root_url": "https://130.61.22.167:7002/console",
                            "weblogic_server.0.shape": "VM.Standard1.1",
                            "weblogic_server.0.upper_stack_product_name": ""
                        },
                        "meta": {
                            "e2bfb730-ecaa-11e6-8f88-34363bc7c4c0": {
                                "create": 5400000000000,
                                "delete": 5400000000000
                            }
                        },
                        "tainted": false
                    },
                    "deposed": [],
                    "provider": "provider.oraclepaas"
                }
            },
            "depends_on": []
        }
    ]
}
