{
    "version": 3,
    "terraform_version": "0.11.13",
    "serial": 3,
    "lineage": "d2e732dd-637a-32cc-c512-c4d12c7501c4",
    "modules": [
        {
            "path": [
                "root"
            ],
            "outputs": {
                "bastion_public_ip": {
                    "sensitive": false,
                    "type": "string",
                    "value": "130.61.115.74"
                },
                "kubeconfig": {
                    "sensitive": false,
                    "type": "string",
                    "value": "export KUBECONFIG=generated/kubeconfig"
                },
                "ocirtoken": {
                    "sensitive": true,
                    "type": "string",
                    "value": "205]\u003cyl7W).jbSAPTB_z"
                },
                "ssh_to_bastion": {
                    "sensitive": false,
                    "type": "string",
                    "value": "ssh -i ../KEYS/ocikey opc@130.61.115.74"
                }
            },
            "resources": {},
            "depends_on": []
        },
        {
            "path": [
                "root",
                "auth"
            ],
            "outputs": {
                "ocirtoken": {
                    "sensitive": false,
                    "type": "string",
                    "value": "205]\u003cyl7W).jbSAPTB_z"
                },
                "ocirtoken_id": {
                    "sensitive": false,
                    "type": "string",
                    "value": "ocid1.credential.oc1..aaaaaaaavpqi7sdirdbi3xrnsiizf36phyhrbem4w4x6nooh3t2secq6vf2q"
                }
            },
            "resources": {
                "oci_identity_auth_token.ocirtoken": {
                    "type": "oci_identity_auth_token",
                    "depends_on": [],
                    "primary": {
                        "id": "ocid1.credential.oc1..aaaaaaaavpqi7sdirdbi3xrnsiizf36phyhrbem4w4x6nooh3t2secq6vf2q",
                        "attributes": {
                            "description": "ocir auth token",
                            "id": "ocid1.credential.oc1..aaaaaaaavpqi7sdirdbi3xrnsiizf36phyhrbem4w4x6nooh3t2secq6vf2q",
                            "state": "ACTIVE",
                            "time_created": "2019-05-17 04:04:23.681 +0000 UTC",
                            "token": "205]\u003cyl7W).jbSAPTB_z",
                            "user_id": "ocid1.user.oc1..aaaaaaaakcrueowom73wl2hftslytu5ovn6ns2cukxynglga2ueovjlhqg4q"
                        },
                        "meta": {
                            "e2bfb730-ecaa-11e6-8f88-34363bc7c4c0": {
                                "create": 900000000000,
                                "delete": 900000000000,
                                "update": 900000000000
                            }
                        },
                        "tainted": false
                    },
                    "deposed": [],
                    "provider": "module.auth.provider.oci.home"
                }
            },
            "depends_on": []
        },
        {
            "path": [
                "root",
                "base"
            ],
            "outputs": {
                "ad_names": {
                    "sensitive": false,
                    "type": "list",
                    "value": [
                        "IfzE:EU-FRANKFURT-1-AD-1",
                        "IfzE:EU-FRANKFURT-1-AD-2",
                        "IfzE:EU-FRANKFURT-1-AD-3"
                    ]
                },
                "bastion_public_ip": {
                    "sensitive": false,
                    "type": "string",
                    "value": "130.61.115.74"
                },
                "home_region": {
                    "sensitive": false,
                    "type": "string",
                    "value": "eu-frankfurt-1"
                },
                "ig_route_id": {
                    "sensitive": false,
                    "type": "string",
                    "value": "ocid1.routetable.oc1.eu-frankfurt-1.aaaaaaaawudqwoit4n5qxgmg2s3zrjsewjfzogwqwshuvmjhfbf5wqcidcpa"
                },
                "nat_gateway_id": {
                    "sensitive": false,
                    "type": "string",
                    "value": "ocid1.natgateway.oc1.eu-frankfurt-1.aaaaaaaassy62qon3qj53aehvxxmdqxzvly3slcp5ptotxsbqveu2ixcuupa"
                },
                "nat_route_id": {
                    "sensitive": false,
                    "type": "string",
                    "value": "ocid1.routetable.oc1.eu-frankfurt-1.aaaaaaaavhzmrnljef6ixsrlool35mwjds6cq3dixnosnmf6whwwrvxbzv2a"
                },
                "sg_route_id": {
                    "sensitive": false,
                    "type": "string",
                    "value": "ocid1.routetable.oc1.eu-frankfurt-1.aaaaaaaajokk2weddlltbymg5eunhg3zgdt4wvggesr52u2aruquovyz6m6q"
                },
                "ssh_to_bastion": {
                    "sensitive": false,
                    "type": "string",
                    "value": "ssh -i ../KEYS/ocikey opc@130.61.115.74"
                },
                "vcn_id": {
                    "sensitive": false,
                    "type": "string",
                    "value": "ocid1.vcn.oc1.eu-frankfurt-1.aaaaaaaax5bkri6lw7wdtu6qxefx234ywk5yk4biqiz4gnosxdhcp3jxpfaa"
                }
            },
            "resources": {
                "data.oci_identity_availability_domains.ad_list": {
                    "type": "oci_identity_availability_domains",
                    "depends_on": [],
                    "primary": {
                        "id": "2019-05-17 04:04:09.1305555 +0000 UTC",
                        "attributes": {
                            "availability_domains.#": "3",
                            "availability_domains.0.compartment_id": "ocid1.tenancy.oc1..aaaaaaaacm3tqgzzg76vqknh5ozkybsayvjdxhzmuuh2ykl5suo2npdnxyfq",
                            "availability_domains.0.name": "IfzE:EU-FRANKFURT-1-AD-1",
                            "availability_domains.1.compartment_id": "ocid1.tenancy.oc1..aaaaaaaacm3tqgzzg76vqknh5ozkybsayvjdxhzmuuh2ykl5suo2npdnxyfq",
                            "availability_domains.1.name": "IfzE:EU-FRANKFURT-1-AD-2",
                            "availability_domains.2.compartment_id": "ocid1.tenancy.oc1..aaaaaaaacm3tqgzzg76vqknh5ozkybsayvjdxhzmuuh2ykl5suo2npdnxyfq",
                            "availability_domains.2.name": "IfzE:EU-FRANKFURT-1-AD-3",
                            "compartment_id": "ocid1.tenancy.oc1..aaaaaaaacm3tqgzzg76vqknh5ozkybsayvjdxhzmuuh2ykl5suo2npdnxyfq",
                            "id": "2019-05-17 04:04:09.1305555 +0000 UTC"
                        },
                        "meta": {},
                        "tainted": false
                    },
                    "deposed": [],
                    "provider": "provider.oci"
                },
                "data.oci_identity_compartments.compartments_name": {
                    "type": "oci_identity_compartments",
                    "depends_on": [],
                    "primary": {
                        "id": "2019-05-17 04:04:09.2823881 +0000 UTC",
                        "attributes": {
                            "access_level": "ACCESSIBLE",
                            "compartment_id": "ocid1.tenancy.oc1..aaaaaaaacm3tqgzzg76vqknh5ozkybsayvjdxhzmuuh2ykl5suo2npdnxyfq",
                            "compartment_id_in_subtree": "true",
                            "compartments.#": "1",
                            "compartments.0.compartment_id": "ocid1.tenancy.oc1..aaaaaaaacm3tqgzzg76vqknh5ozkybsayvjdxhzmuuh2ykl5suo2npdnxyfq",
                            "compartments.0.defined_tags.%": "0",
                            "compartments.0.description": "codeexplore",
                            "compartments.0.enable_delete": "false",
                            "compartments.0.freeform_tags.%": "0",
                            "compartments.0.id": "ocid1.compartment.oc1..aaaaaaaa7tbvlkrfgwd56t5uqh3bw3j5wm65kq4kyewjp7q4wd6jxexdwgjq",
                            "compartments.0.inactive_state": "",
                            "compartments.0.is_accessible": "true",
                            "compartments.0.name": "codeexplore",
                            "compartments.0.state": "ACTIVE",
                            "compartments.0.time_created": "2019-05-07 08:22:07.881 +0000 UTC",
                            "compartments.0.time_modified": "",
                            "filter.#": "1",
                            "filter.2417302137.name": "name",
                            "filter.2417302137.regex": "false",
                            "filter.2417302137.values.#": "1",
                            "filter.2417302137.values.0": "codeexplore",
                            "id": "2019-05-17 04:04:09.2823881 +0000 UTC"
                        },
                        "meta": {},
                        "tainted": false
                    },
                    "deposed": [],
                    "provider": "provider.oci"
                },
                "data.oci_identity_regions.home_region": {
                    "type": "oci_identity_regions",
                    "depends_on": [
                        "data.oci_identity_tenancy.tenancy"
                    ],
                    "primary": {
                        "id": "2019-05-17 04:04:09.3917435 +0000 UTC",
                        "attributes": {
                            "filter.#": "1",
                            "filter.3234414078.name": "key",
                            "filter.3234414078.regex": "false",
                            "filter.3234414078.values.#": "1",
                            "filter.3234414078.values.0": "FRA",
                            "id": "2019-05-17 04:04:09.3917435 +0000 UTC",
                            "regions.#": "1",
                            "regions.0.key": "FRA",
                            "regions.0.name": "eu-frankfurt-1"
                        },
                        "meta": {},
                        "tainted": false
                    },
                    "deposed": [],
                    "provider": "provider.oci"
                },
                "data.oci_identity_tenancy.tenancy": {
                    "type": "oci_identity_tenancy",
                    "depends_on": [],
                    "primary": {
                        "id": "ocid1.tenancy.oc1..aaaaaaaacm3tqgzzg76vqknh5ozkybsayvjdxhzmuuh2ykl5suo2npdnxyfq",
                        "attributes": {
                            "defined_tags.%": "0",
                            "description": "enimbos",
                            "freeform_tags.%": "0",
                            "home_region_key": "FRA",
                            "id": "ocid1.tenancy.oc1..aaaaaaaacm3tqgzzg76vqknh5ozkybsayvjdxhzmuuh2ykl5suo2npdnxyfq",
                            "name": "enimbos",
                            "tenancy_id": "ocid1.tenancy.oc1..aaaaaaaacm3tqgzzg76vqknh5ozkybsayvjdxhzmuuh2ykl5suo2npdnxyfq"
                        },
                        "meta": {},
                        "tainted": false
                    },
                    "deposed": [],
                    "provider": "provider.oci"
                },
                "data.template_file.ad_names.0": {
                    "type": "template_file",
                    "depends_on": [
                        "data.oci_identity_availability_domains.ad_list"
                    ],
                    "primary": {
                        "id": "0e0ae581c74ee3a0ff0b473cb1aafa511de708dc1cba7fdf448de6968c5b32dd",
                        "attributes": {
                            "id": "0e0ae581c74ee3a0ff0b473cb1aafa511de708dc1cba7fdf448de6968c5b32dd",
                            "rendered": "IfzE:EU-FRANKFURT-1-AD-1",
                            "template": "IfzE:EU-FRANKFURT-1-AD-1"
                        },
                        "meta": {},
                        "tainted": false
                    },
                    "deposed": [],
                    "provider": "provider.template"
                },
                "data.template_file.ad_names.1": {
                    "type": "template_file",
                    "depends_on": [
                        "data.oci_identity_availability_domains.ad_list"
                    ],
                    "primary": {
                        "id": "74afc16410a115a0b3ebdddd4a0afee6fbc9ceef4185b1b84cebf164e9b6bc21",
                        "attributes": {
                            "id": "74afc16410a115a0b3ebdddd4a0afee6fbc9ceef4185b1b84cebf164e9b6bc21",
                            "rendered": "IfzE:EU-FRANKFURT-1-AD-2",
                            "template": "IfzE:EU-FRANKFURT-1-AD-2"
                        },
                        "meta": {},
                        "tainted": false
                    },
                    "deposed": [],
                    "provider": "provider.template"
                },
                "data.template_file.ad_names.2": {
                    "type": "template_file",
                    "depends_on": [
                        "data.oci_identity_availability_domains.ad_list"
                    ],
                    "primary": {
                        "id": "cb412bacfd638ada7ef0fa4c2833e6b81d3b243c6712d26f5daa4ed4766feae0",
                        "attributes": {
                            "id": "cb412bacfd638ada7ef0fa4c2833e6b81d3b243c6712d26f5daa4ed4766feae0",
                            "rendered": "IfzE:EU-FRANKFURT-1-AD-3",
                            "template": "IfzE:EU-FRANKFURT-1-AD-3"
                        },
                        "meta": {},
                        "tainted": false
                    },
                    "deposed": [],
                    "provider": "provider.template"
                }
            },
            "depends_on": []
        },
        {
            "path": [
                "root",
                "network"
            ],
            "outputs": {
                "subnet_ids": {
                    "sensitive": false,
                    "type": "map",
                    "value": {
                        "lb_ad1": "ocid1.subnet.oc1.eu-frankfurt-1.aaaaaaaavggzg6oyg5hf4uxz3hyfpzsrv5t3ii6ccqyu2h7rnoj3mr5mjvka",
                        "lb_ad2": "ocid1.subnet.oc1.eu-frankfurt-1.aaaaaaaa7etqknooj4gpasrttgicpvc7x5qlt5hwt7fm5urfp64igzx2dena",
                        "lb_ad3": "ocid1.subnet.oc1.eu-frankfurt-1.aaaaaaaa5243g2j4sjxeq5hqhdbxrnhyrjmvwldmjibmw7rtkwftr7mzcpxa",
                        "workers_ad1": "ocid1.subnet.oc1.eu-frankfurt-1.aaaaaaaa6gmywzbaeazbowjipagvmrxhfwbzn7uttzp3o7zz7svjct55tkza",
                        "workers_ad2": "ocid1.subnet.oc1.eu-frankfurt-1.aaaaaaaarteeyz5xdo6ewlbtoq3zwytt7xyuelxawyq26aj4vupeyyxwlcia",
                        "workers_ad3": "ocid1.subnet.oc1.eu-frankfurt-1.aaaaaaaa3mltuat3cl4nawlpsyw7qfmsjkfh4ohuol4fgjzao7ftjgktrfua"
                    }
                }
            },
            "resources": {
                "oci_core_security_list.lb_seclist": {
                    "type": "oci_core_security_list",
                    "depends_on": [
                        "local.all_protocols",
                        "local.anywhere",
                        "local.tcp_protocol"
                    ],
                    "primary": {
                        "id": "ocid1.securitylist.oc1.eu-frankfurt-1.aaaaaaaa2n445upe4ys4zq3fil54mt5v32geq5yfnnpyymntdxtpg5thd74a",
                        "attributes": {
                            "compartment_id": "ocid1.compartment.oc1..aaaaaaaa7tbvlkrfgwd56t5uqh3bw3j5wm65kq4kyewjp7q4wd6jxexdwgjq",
                            "defined_tags.%": "0",
                            "display_name": "oke-load balancer security list",
                            "egress_security_rules.#": "1",
                            "egress_security_rules.2898302826.destination": "0.0.0.0/0",
                            "egress_security_rules.2898302826.destination_type": "CIDR_BLOCK",
                            "egress_security_rules.2898302826.icmp_options.#": "0",
                            "egress_security_rules.2898302826.protocol": "all",
                            "egress_security_rules.2898302826.stateless": "true",
                            "egress_security_rules.2898302826.tcp_options.#": "0",
                            "egress_security_rules.2898302826.udp_options.#": "0",
                            "freeform_tags.%": "0",
                            "id": "ocid1.securitylist.oc1.eu-frankfurt-1.aaaaaaaa2n445upe4ys4zq3fil54mt5v32geq5yfnnpyymntdxtpg5thd74a",
                            "ingress_security_rules.#": "1",
                            "ingress_security_rules.2278796698.icmp_options.#": "0",
                            "ingress_security_rules.2278796698.protocol": "6",
                            "ingress_security_rules.2278796698.source": "0.0.0.0/0",
                            "ingress_security_rules.2278796698.source_type": "CIDR_BLOCK",
                            "ingress_security_rules.2278796698.stateless": "true",
                            "ingress_security_rules.2278796698.tcp_options.#": "0",
                            "ingress_security_rules.2278796698.udp_options.#": "0",
                            "state": "AVAILABLE",
                            "time_created": "2019-05-17 04:04:24.946 +0000 UTC",
                            "vcn_id": "ocid1.vcn.oc1.eu-frankfurt-1.aaaaaaaax5bkri6lw7wdtu6qxefx234ywk5yk4biqiz4gnosxdhcp3jxpfaa"
                        },
                        "meta": {
                            "e2bfb730-ecaa-11e6-8f88-34363bc7c4c0": {
                                "create": 900000000000,
                                "delete": 900000000000,
                                "update": 900000000000
                            }
                        },
                        "tainted": false
                    },
                    "deposed": [],
                    "provider": "provider.oci"
                },
                "oci_core_security_list.workers_seclist": {
                    "type": "oci_core_security_list",
                    "depends_on": [
                        "local.all_protocols",
                        "local.anywhere",
                        "local.icmp_protocol",
                        "local.node_port_max",
                        "local.node_port_min",
                        "local.ssh_port",
                        "local.tcp_protocol"
                    ],
                    "primary": {
                        "id": "ocid1.securitylist.oc1.eu-frankfurt-1.aaaaaaaa6yxmx3cg25tvaq6fl3corh2nl6fev4xyzahg4i5m7lplllmaqktq",
                        "attributes": {
                            "compartment_id": "ocid1.compartment.oc1..aaaaaaaa7tbvlkrfgwd56t5uqh3bw3j5wm65kq4kyewjp7q4wd6jxexdwgjq",
                            "defined_tags.%": "0",
                            "display_name": "oke-workers security list",
                            "egress_security_rules.#": "2",
                            "egress_security_rules.1582479153.destination": "0.0.0.0/0",
                            "egress_security_rules.1582479153.destination_type": "CIDR_BLOCK",
                            "egress_security_rules.1582479153.icmp_options.#": "0",
                            "egress_security_rules.1582479153.protocol": "all",
                            "egress_security_rules.1582479153.stateless": "false",
                            "egress_security_rules.1582479153.tcp_options.#": "0",
                            "egress_security_rules.1582479153.udp_options.#": "0",
                            "egress_security_rules.481285791.destination": "10.0.0.0/16",
                            "egress_security_rules.481285791.destination_type": "CIDR_BLOCK",
                            "egress_security_rules.481285791.icmp_options.#": "0",
                            "egress_security_rules.481285791.protocol": "all",
                            "egress_security_rules.481285791.stateless": "true",
                            "egress_security_rules.481285791.tcp_options.#": "0",
                            "egress_security_rules.481285791.udp_options.#": "0",
                            "freeform_tags.%": "0",
                            "id": "ocid1.securitylist.oc1.eu-frankfurt-1.aaaaaaaa6yxmx3cg25tvaq6fl3corh2nl6fev4xyzahg4i5m7lplllmaqktq",
                            "ingress_security_rules.#": "11",
                            "ingress_security_rules.1499479760.icmp_options.#": "0",
                            "ingress_security_rules.1499479760.protocol": "6",
                            "ingress_security_rules.1499479760.source": "0.0.0.0/0",
                            "ingress_security_rules.1499479760.source_type": "CIDR_BLOCK",
                            "ingress_security_rules.1499479760.stateless": "false",
                            "ingress_security_rules.1499479760.tcp_options.#": "1",
                            "ingress_security_rules.1499479760.tcp_options.0.max": "32767",
                            "ingress_security_rules.1499479760.tcp_options.0.min": "30000",
                            "ingress_security_rules.1499479760.tcp_options.0.source_port_range.#": "0",
                            "ingress_security_rules.1499479760.udp_options.#": "0",
                            "ingress_security_rules.2556021822.icmp_options.#": "0",
                            "ingress_security_rules.2556021822.protocol": "6",
                            "ingress_security_rules.2556021822.source": "147.154.0.0/16",
                            "ingress_security_rules.2556021822.source_type": "CIDR_BLOCK",
                            "ingress_security_rules.2556021822.stateless": "false",
                            "ingress_security_rules.2556021822.tcp_options.#": "1",
                            "ingress_security_rules.2556021822.tcp_options.0.max": "22",
                            "ingress_security_rules.2556021822.tcp_options.0.min": "22",
                            "ingress_security_rules.2556021822.tcp_options.0.source_port_range.#": "0",
                            "ingress_security_rules.2556021822.udp_options.#": "0",
                            "ingress_security_rules.2634529547.icmp_options.#": "0",
                            "ingress_security_rules.2634529547.protocol": "6",
                            "ingress_security_rules.2634529547.source": "134.70.0.0/17",
                            "ingress_security_rules.2634529547.source_type": "CIDR_BLOCK",
                            "ingress_security_rules.2634529547.stateless": "false",
                            "ingress_security_rules.2634529547.tcp_options.#": "1",
                            "ingress_security_rules.2634529547.tcp_options.0.max": "22",
                            "ingress_security_rules.2634529547.tcp_options.0.min": "22",
                            "ingress_security_rules.2634529547.tcp_options.0.source_port_range.#": "0",
                            "ingress_security_rules.2634529547.udp_options.#": "0",
                            "ingress_security_rules.2849740639.icmp_options.#": "0",
                            "ingress_security_rules.2849740639.protocol": "6",
                            "ingress_security_rules.2849740639.source": "0.0.0.0/0",
                            "ingress_security_rules.2849740639.source_type": "CIDR_BLOCK",
                            "ingress_security_rules.2849740639.stateless": "false",
                            "ingress_security_rules.2849740639.tcp_options.#": "1",
                            "ingress_security_rules.2849740639.tcp_options.0.max": "8080",
                            "ingress_security_rules.2849740639.tcp_options.0.min": "8080",
                            "ingress_security_rules.2849740639.tcp_options.0.source_port_range.#": "0",
                            "ingress_security_rules.2849740639.udp_options.#": "0",
                            "ingress_security_rules.295853994.icmp_options.#": "0",
                            "ingress_security_rules.295853994.protocol": "1",
                            "ingress_security_rules.295853994.source": "0.0.0.0/0",
                            "ingress_security_rules.295853994.source_type": "CIDR_BLOCK",
                            "ingress_security_rules.295853994.stateless": "false",
                            "ingress_security_rules.295853994.tcp_options.#": "0",
                            "ingress_security_rules.295853994.udp_options.#": "0",
                            "ingress_security_rules.3461815004.icmp_options.#": "0",
                            "ingress_security_rules.3461815004.protocol": "all",
                            "ingress_security_rules.3461815004.source": "10.0.0.0/16",
                            "ingress_security_rules.3461815004.source_type": "CIDR_BLOCK",
                            "ingress_security_rules.3461815004.stateless": "true",
                            "ingress_security_rules.3461815004.tcp_options.#": "0",
                            "ingress_security_rules.3461815004.udp_options.#": "0",
                            "ingress_security_rules.35780056.icmp_options.#": "0",
                            "ingress_security_rules.35780056.protocol": "6",
                            "ingress_security_rules.35780056.source": "130.35.0.0/16",
                            "ingress_security_rules.35780056.source_type": "CIDR_BLOCK",
                            "ingress_security_rules.35780056.stateless": "false",
                            "ingress_security_rules.35780056.tcp_options.#": "1",
                            "ingress_security_rules.35780056.tcp_options.0.max": "22",
                            "ingress_security_rules.35780056.tcp_options.0.min": "22",
                            "ingress_security_rules.35780056.tcp_options.0.source_port_range.#": "0",
                            "ingress_security_rules.35780056.udp_options.#": "0",
                            "ingress_security_rules.4158653140.icmp_options.#": "0",
                            "ingress_security_rules.4158653140.protocol": "6",
                            "ingress_security_rules.4158653140.source": "138.1.0.0/17",
                            "ingress_security_rules.4158653140.source_type": "CIDR_BLOCK",
                            "ingress_security_rules.4158653140.stateless": "false",
                            "ingress_security_rules.4158653140.tcp_options.#": "1",
                            "ingress_security_rules.4158653140.tcp_options.0.max": "22",
                            "ingress_security_rules.4158653140.tcp_options.0.min": "22",
                            "ingress_security_rules.4158653140.tcp_options.0.source_port_range.#": "0",
                            "ingress_security_rules.4158653140.udp_options.#": "0",
                            "ingress_security_rules.450855461.icmp_options.#": "0",
                            "ingress_security_rules.450855461.protocol": "6",
                            "ingress_security_rules.450855461.source": "140.91.0.0/17",
                            "ingress_security_rules.450855461.source_type": "CIDR_BLOCK",
                            "ingress_security_rules.450855461.stateless": "false",
                            "ingress_security_rules.450855461.tcp_options.#": "1",
                            "ingress_security_rules.450855461.tcp_options.0.max": "22",
                            "ingress_security_rules.450855461.tcp_options.0.min": "22",
                            "ingress_security_rules.450855461.tcp_options.0.source_port_range.#": "0",
                            "ingress_security_rules.450855461.udp_options.#": "0",
                            "ingress_security_rules.47193274.icmp_options.#": "0",
                            "ingress_security_rules.47193274.protocol": "6",
                            "ingress_security_rules.47193274.source": "0.0.0.0/0",
                            "ingress_security_rules.47193274.source_type": "CIDR_BLOCK",
                            "ingress_security_rules.47193274.stateless": "false",
                            "ingress_security_rules.47193274.tcp_options.#": "1",
                            "ingress_security_rules.47193274.tcp_options.0.max": "22",
                            "ingress_security_rules.47193274.tcp_options.0.min": "22",
                            "ingress_security_rules.47193274.tcp_options.0.source_port_range.#": "0",
                            "ingress_security_rules.47193274.udp_options.#": "0",
                            "ingress_security_rules.474502814.icmp_options.#": "0",
                            "ingress_security_rules.474502814.protocol": "6",
                            "ingress_security_rules.474502814.source": "192.29.0.0/16",
                            "ingress_security_rules.474502814.source_type": "CIDR_BLOCK",
                            "ingress_security_rules.474502814.stateless": "false",
                            "ingress_security_rules.474502814.tcp_options.#": "1",
                            "ingress_security_rules.474502814.tcp_options.0.max": "22",
                            "ingress_security_rules.474502814.tcp_options.0.min": "22",
                            "ingress_security_rules.474502814.tcp_options.0.source_port_range.#": "0",
                            "ingress_security_rules.474502814.udp_options.#": "0",
                            "state": "AVAILABLE",
                            "time_created": "2019-05-17 04:04:24.851 +0000 UTC",
                            "vcn_id": "ocid1.vcn.oc1.eu-frankfurt-1.aaaaaaaax5bkri6lw7wdtu6qxefx234ywk5yk4biqiz4gnosxdhcp3jxpfaa"
                        },
                        "meta": {
                            "e2bfb730-ecaa-11e6-8f88-34363bc7c4c0": {
                                "create": 900000000000,
                                "delete": 900000000000,
                                "update": 900000000000
                            }
                        },
                        "tainted": false
                    },
                    "deposed": [],
                    "provider": "provider.oci"
                },
                "oci_core_subnet.lb_ad1": {
                    "type": "oci_core_subnet",
                    "depends_on": [
                        "oci_core_security_list.lb_seclist"
                    ],
                    "primary": {
                        "id": "ocid1.subnet.oc1.eu-frankfurt-1.aaaaaaaavggzg6oyg5hf4uxz3hyfpzsrv5t3ii6ccqyu2h7rnoj3mr5mjvka",
                        "attributes": {
                            "availability_domain": "IfzE:EU-FRANKFURT-1-AD-1",
                            "cidr_block": "10.0.12.0/24",
                            "compartment_id": "ocid1.compartment.oc1..aaaaaaaa7tbvlkrfgwd56t5uqh3bw3j5wm65kq4kyewjp7q4wd6jxexdwgjq",
                            "defined_tags.%": "0",
                            "dhcp_options_id": "ocid1.dhcpoptions.oc1.eu-frankfurt-1.aaaaaaaa5wlzyonci4sirxmoacs3w2s5vh4xr35id6bvhsnyqicq67g54rlq",
                            "display_name": "oke-lb_ad1",
                            "dns_label": "lb1",
                            "freeform_tags.%": "0",
                            "id": "ocid1.subnet.oc1.eu-frankfurt-1.aaaaaaaavggzg6oyg5hf4uxz3hyfpzsrv5t3ii6ccqyu2h7rnoj3mr5mjvka",
                            "prohibit_public_ip_on_vnic": "false",
                            "route_table_id": "ocid1.routetable.oc1.eu-frankfurt-1.aaaaaaaawudqwoit4n5qxgmg2s3zrjsewjfzogwqwshuvmjhfbf5wqcidcpa",
                            "security_list_ids.#": "1",
                            "security_list_ids.3855069860": "ocid1.securitylist.oc1.eu-frankfurt-1.aaaaaaaa2n445upe4ys4zq3fil54mt5v32geq5yfnnpyymntdxtpg5thd74a",
                            "state": "AVAILABLE",
                            "subnet_domain_name": "lb1.oke.oraclevcn.com",
                            "time_created": "2019-05-17 04:04:27.773 +0000 UTC",
                            "vcn_id": "ocid1.vcn.oc1.eu-frankfurt-1.aaaaaaaax5bkri6lw7wdtu6qxefx234ywk5yk4biqiz4gnosxdhcp3jxpfaa",
                            "virtual_router_ip": "10.0.12.1",
                            "virtual_router_mac": "00:00:17:C3:9E:FE"
                        },
                        "meta": {
                            "e2bfb730-ecaa-11e6-8f88-34363bc7c4c0": {
                                "create": 900000000000,
                                "delete": 900000000000,
                                "update": 900000000000
                            }
                        },
                        "tainted": false
                    },
                    "deposed": [],
                    "provider": "provider.oci"
                },
                "oci_core_subnet.lb_ad2": {
                    "type": "oci_core_subnet",
                    "depends_on": [
                        "oci_core_security_list.lb_seclist"
                    ],
                    "primary": {
                        "id": "ocid1.subnet.oc1.eu-frankfurt-1.aaaaaaaa7etqknooj4gpasrttgicpvc7x5qlt5hwt7fm5urfp64igzx2dena",
                        "attributes": {
                            "availability_domain": "IfzE:EU-FRANKFURT-1-AD-2",
                            "cidr_block": "10.0.22.0/24",
                            "compartment_id": "ocid1.compartment.oc1..aaaaaaaa7tbvlkrfgwd56t5uqh3bw3j5wm65kq4kyewjp7q4wd6jxexdwgjq",
                            "defined_tags.%": "0",
                            "dhcp_options_id": "ocid1.dhcpoptions.oc1.eu-frankfurt-1.aaaaaaaa5wlzyonci4sirxmoacs3w2s5vh4xr35id6bvhsnyqicq67g54rlq",
                            "display_name": "oke-lb_ad2",
                            "dns_label": "lb2",
                            "freeform_tags.%": "0",
                            "id": "ocid1.subnet.oc1.eu-frankfurt-1.aaaaaaaa7etqknooj4gpasrttgicpvc7x5qlt5hwt7fm5urfp64igzx2dena",
                            "prohibit_public_ip_on_vnic": "false",
                            "route_table_id": "ocid1.routetable.oc1.eu-frankfurt-1.aaaaaaaawudqwoit4n5qxgmg2s3zrjsewjfzogwqwshuvmjhfbf5wqcidcpa",
                            "security_list_ids.#": "1",
                            "security_list_ids.3855069860": "ocid1.securitylist.oc1.eu-frankfurt-1.aaaaaaaa2n445upe4ys4zq3fil54mt5v32geq5yfnnpyymntdxtpg5thd74a",
                            "state": "AVAILABLE",
                            "subnet_domain_name": "lb2.oke.oraclevcn.com",
                            "time_created": "2019-05-17 04:04:27.462 +0000 UTC",
                            "vcn_id": "ocid1.vcn.oc1.eu-frankfurt-1.aaaaaaaax5bkri6lw7wdtu6qxefx234ywk5yk4biqiz4gnosxdhcp3jxpfaa",
                            "virtual_router_ip": "10.0.22.1",
                            "virtual_router_mac": "00:00:17:C3:9E:FE"
                        },
                        "meta": {
                            "e2bfb730-ecaa-11e6-8f88-34363bc7c4c0": {
                                "create": 900000000000,
                                "delete": 900000000000,
                                "update": 900000000000
                            }
                        },
                        "tainted": false
                    },
                    "deposed": [],
                    "provider": "provider.oci"
                },
                "oci_core_subnet.lb_ad3": {
                    "type": "oci_core_subnet",
                    "depends_on": [
                        "oci_core_security_list.lb_seclist"
                    ],
                    "primary": {
                        "id": "ocid1.subnet.oc1.eu-frankfurt-1.aaaaaaaa5243g2j4sjxeq5hqhdbxrnhyrjmvwldmjibmw7rtkwftr7mzcpxa",
                        "attributes": {
                            "availability_domain": "IfzE:EU-FRANKFURT-1-AD-3",
                            "cidr_block": "10.0.32.0/24",
                            "compartment_id": "ocid1.compartment.oc1..aaaaaaaa7tbvlkrfgwd56t5uqh3bw3j5wm65kq4kyewjp7q4wd6jxexdwgjq",
                            "defined_tags.%": "0",
                            "dhcp_options_id": "ocid1.dhcpoptions.oc1.eu-frankfurt-1.aaaaaaaa5wlzyonci4sirxmoacs3w2s5vh4xr35id6bvhsnyqicq67g54rlq",
                            "display_name": "oke-lb_ad3",
                            "dns_label": "lb3",
                            "freeform_tags.%": "0",
                            "id": "ocid1.subnet.oc1.eu-frankfurt-1.aaaaaaaa5243g2j4sjxeq5hqhdbxrnhyrjmvwldmjibmw7rtkwftr7mzcpxa",
                            "prohibit_public_ip_on_vnic": "false",
                            "route_table_id": "ocid1.routetable.oc1.eu-frankfurt-1.aaaaaaaawudqwoit4n5qxgmg2s3zrjsewjfzogwqwshuvmjhfbf5wqcidcpa",
                            "security_list_ids.#": "1",
                            "security_list_ids.3855069860": "ocid1.securitylist.oc1.eu-frankfurt-1.aaaaaaaa2n445upe4ys4zq3fil54mt5v32geq5yfnnpyymntdxtpg5thd74a",
                            "state": "AVAILABLE",
                            "subnet_domain_name": "lb3.oke.oraclevcn.com",
                            "time_created": "2019-05-17 04:04:28.63 +0000 UTC",
                            "vcn_id": "ocid1.vcn.oc1.eu-frankfurt-1.aaaaaaaax5bkri6lw7wdtu6qxefx234ywk5yk4biqiz4gnosxdhcp3jxpfaa",
                            "virtual_router_ip": "10.0.32.1",
                            "virtual_router_mac": "00:00:17:C3:9E:FE"
                        },
                        "meta": {
                            "e2bfb730-ecaa-11e6-8f88-34363bc7c4c0": {
                                "create": 900000000000,
                                "delete": 900000000000,
                                "update": 900000000000
                            }
                        },
                        "tainted": false
                    },
                    "deposed": [],
                    "provider": "provider.oci"
                },
                "oci_core_subnet.workers_ad1": {
                    "type": "oci_core_subnet",
                    "depends_on": [
                        "oci_core_security_list.workers_seclist"
                    ],
                    "primary": {
                        "id": "ocid1.subnet.oc1.eu-frankfurt-1.aaaaaaaa6gmywzbaeazbowjipagvmrxhfwbzn7uttzp3o7zz7svjct55tkza",
                        "attributes": {
                            "availability_domain": "IfzE:EU-FRANKFURT-1-AD-1",
                            "cidr_block": "10.0.13.0/24",
                            "compartment_id": "ocid1.compartment.oc1..aaaaaaaa7tbvlkrfgwd56t5uqh3bw3j5wm65kq4kyewjp7q4wd6jxexdwgjq",
                            "defined_tags.%": "0",
                            "dhcp_options_id": "ocid1.dhcpoptions.oc1.eu-frankfurt-1.aaaaaaaa5wlzyonci4sirxmoacs3w2s5vh4xr35id6bvhsnyqicq67g54rlq",
                            "display_name": "oke-workers_ad1",
                            "dns_label": "w1",
                            "freeform_tags.%": "0",
                            "id": "ocid1.subnet.oc1.eu-frankfurt-1.aaaaaaaa6gmywzbaeazbowjipagvmrxhfwbzn7uttzp3o7zz7svjct55tkza",
                            "prohibit_public_ip_on_vnic": "true",
                            "route_table_id": "ocid1.routetable.oc1.eu-frankfurt-1.aaaaaaaavhzmrnljef6ixsrlool35mwjds6cq3dixnosnmf6whwwrvxbzv2a",
                            "security_list_ids.#": "1",
                            "security_list_ids.2073155069": "ocid1.securitylist.oc1.eu-frankfurt-1.aaaaaaaa6yxmx3cg25tvaq6fl3corh2nl6fev4xyzahg4i5m7lplllmaqktq",
                            "state": "AVAILABLE",
                            "subnet_domain_name": "w1.oke.oraclevcn.com",
                            "time_created": "2019-05-17 04:04:30.237 +0000 UTC",
                            "vcn_id": "ocid1.vcn.oc1.eu-frankfurt-1.aaaaaaaax5bkri6lw7wdtu6qxefx234ywk5yk4biqiz4gnosxdhcp3jxpfaa",
                            "virtual_router_ip": "10.0.13.1",
                            "virtual_router_mac": "00:00:17:C3:9E:FE"
                        },
                        "meta": {
                            "e2bfb730-ecaa-11e6-8f88-34363bc7c4c0": {
                                "create": 900000000000,
                                "delete": 900000000000,
                                "update": 900000000000
                            }
                        },
                        "tainted": false
                    },
                    "deposed": [],
                    "provider": "provider.oci"
                },
                "oci_core_subnet.workers_ad2": {
                    "type": "oci_core_subnet",
                    "depends_on": [
                        "oci_core_security_list.workers_seclist"
                    ],
                    "primary": {
                        "id": "ocid1.subnet.oc1.eu-frankfurt-1.aaaaaaaarteeyz5xdo6ewlbtoq3zwytt7xyuelxawyq26aj4vupeyyxwlcia",
                        "attributes": {
                            "availability_domain": "IfzE:EU-FRANKFURT-1-AD-2",
                            "cidr_block": "10.0.23.0/24",
                            "compartment_id": "ocid1.compartment.oc1..aaaaaaaa7tbvlkrfgwd56t5uqh3bw3j5wm65kq4kyewjp7q4wd6jxexdwgjq",
                            "defined_tags.%": "0",
                            "dhcp_options_id": "ocid1.dhcpoptions.oc1.eu-frankfurt-1.aaaaaaaa5wlzyonci4sirxmoacs3w2s5vh4xr35id6bvhsnyqicq67g54rlq",
                            "display_name": "oke-workers_ad2",
                            "dns_label": "w2",
                            "freeform_tags.%": "0",
                            "id": "ocid1.subnet.oc1.eu-frankfurt-1.aaaaaaaarteeyz5xdo6ewlbtoq3zwytt7xyuelxawyq26aj4vupeyyxwlcia",
                            "prohibit_public_ip_on_vnic": "true",
                            "route_table_id": "ocid1.routetable.oc1.eu-frankfurt-1.aaaaaaaavhzmrnljef6ixsrlool35mwjds6cq3dixnosnmf6whwwrvxbzv2a",
                            "security_list_ids.#": "1",
                            "security_list_ids.2073155069": "ocid1.securitylist.oc1.eu-frankfurt-1.aaaaaaaa6yxmx3cg25tvaq6fl3corh2nl6fev4xyzahg4i5m7lplllmaqktq",
                            "state": "AVAILABLE",
                            "subnet_domain_name": "w2.oke.oraclevcn.com",
                            "time_created": "2019-05-17 04:04:28.157 +0000 UTC",
                            "vcn_id": "ocid1.vcn.oc1.eu-frankfurt-1.aaaaaaaax5bkri6lw7wdtu6qxefx234ywk5yk4biqiz4gnosxdhcp3jxpfaa",
                            "virtual_router_ip": "10.0.23.1",
                            "virtual_router_mac": "00:00:17:C3:9E:FE"
                        },
                        "meta": {
                            "e2bfb730-ecaa-11e6-8f88-34363bc7c4c0": {
                                "create": 900000000000,
                                "delete": 900000000000,
                                "update": 900000000000
                            }
                        },
                        "tainted": false
                    },
                    "deposed": [],
                    "provider": "provider.oci"
                },
                "oci_core_subnet.workers_ad3": {
                    "type": "oci_core_subnet",
                    "depends_on": [
                        "oci_core_security_list.workers_seclist"
                    ],
                    "primary": {
                        "id": "ocid1.subnet.oc1.eu-frankfurt-1.aaaaaaaa3mltuat3cl4nawlpsyw7qfmsjkfh4ohuol4fgjzao7ftjgktrfua",
                        "attributes": {
                            "availability_domain": "IfzE:EU-FRANKFURT-1-AD-3",
                            "cidr_block": "10.0.33.0/24",
                            "compartment_id": "ocid1.compartment.oc1..aaaaaaaa7tbvlkrfgwd56t5uqh3bw3j5wm65kq4kyewjp7q4wd6jxexdwgjq",
                            "defined_tags.%": "0",
                            "dhcp_options_id": "ocid1.dhcpoptions.oc1.eu-frankfurt-1.aaaaaaaa5wlzyonci4sirxmoacs3w2s5vh4xr35id6bvhsnyqicq67g54rlq",
                            "display_name": "oke-workers_ad3",
                            "dns_label": "w3",
                            "freeform_tags.%": "0",
                            "id": "ocid1.subnet.oc1.eu-frankfurt-1.aaaaaaaa3mltuat3cl4nawlpsyw7qfmsjkfh4ohuol4fgjzao7ftjgktrfua",
                            "prohibit_public_ip_on_vnic": "true",
                            "route_table_id": "ocid1.routetable.oc1.eu-frankfurt-1.aaaaaaaavhzmrnljef6ixsrlool35mwjds6cq3dixnosnmf6whwwrvxbzv2a",
                            "security_list_ids.#": "1",
                            "security_list_ids.2073155069": "ocid1.securitylist.oc1.eu-frankfurt-1.aaaaaaaa6yxmx3cg25tvaq6fl3corh2nl6fev4xyzahg4i5m7lplllmaqktq",
                            "state": "AVAILABLE",
                            "subnet_domain_name": "w3.oke.oraclevcn.com",
                            "time_created": "2019-05-17 04:04:29.11 +0000 UTC",
                            "vcn_id": "ocid1.vcn.oc1.eu-frankfurt-1.aaaaaaaax5bkri6lw7wdtu6qxefx234ywk5yk4biqiz4gnosxdhcp3jxpfaa",
                            "virtual_router_ip": "10.0.33.1",
                            "virtual_router_mac": "00:00:17:C3:9E:FE"
                        },
                        "meta": {
                            "e2bfb730-ecaa-11e6-8f88-34363bc7c4c0": {
                                "create": 900000000000,
                                "delete": 900000000000,
                                "update": 900000000000
                            }
                        },
                        "tainted": false
                    },
                    "deposed": [],
                    "provider": "provider.oci"
                }
            },
            "depends_on": []
        },
        {
            "path": [
                "root",
                "oke"
            ],
            "outputs": {},
            "resources": {
                "data.oci_containerengine_cluster_kube_config.kube_config": {
                    "type": "oci_containerengine_cluster_kube_config",
                    "depends_on": [
                        "oci_containerengine_cluster.k8s_cluster"
                    ],
                    "primary": {
                        "id": "2019-05-17 04:16:05.6897082 +0000 UTC",
                        "attributes": {
                            "cluster_id": "ocid1.cluster.oc1.eu-frankfurt-1.aaaaaaaaae2tomrugnrwgzlbmnsgiobqme4wgytehbqtomjrgctgizrsgeyt",
                            "content": "apiVersion: v1\nclusters:\n- cluster:\n    certificate-authority-data: LS0tLS1CRUdJTiBDRVJUSUZJQ0FURS0tLS0tCk1JSURqRENDQW5TZ0F3SUJBZ0lVSDgydEF0b1R1MVpocmw1ZGZlcTV4UGlITkNJd0RRWUpLb1pJaHZjTkFRRUwKQlFBd1hqRUxNQWtHQTFVRUJoTUNWVk14RGpBTUJnTlZCQWdUQlZSbGVHRnpNUTh3RFFZRFZRUUhFd1pCZFhOMAphVzR4RHpBTkJnTlZCQW9UQms5eVlXTnNaVEVNTUFvR0ExVUVDeE1EVDBSWU1ROHdEUVlEVlFRREV3WkxPRk1nClEwRXdIaGNOTVRrd05URTNNRFF3TVRBd1doY05NalF3TlRFMU1EUXdNVEF3V2pCZU1Rc3dDUVlEVlFRR0V3SlYKVXpFT01Bd0dBMVVFQ0JNRlZHVjRZWE14RHpBTkJnTlZCQWNUQmtGMWMzUnBiakVQTUEwR0ExVUVDaE1HVDNKaApZMnhsTVF3d0NnWURWUVFMRXdOUFJGZ3hEekFOQmdOVkJBTVRCa3M0VXlCRFFUQ0NBU0l3RFFZSktvWklodmNOCkFRRUJCUUFEZ2dFUEFEQ0NBUW9DZ2dFQkFOVUpBWHlrZnRCbnNGWXFMZFpKaVl5MHdmRW5LUEJVSUZlcmMrMm0KZ2pGUklQS3JlblFheXlEeGl6Y2RwbzRuVUNxWGxCS0VpTVpOUWI1V21HTTd6Y1JmK29aZmQ0RzhkaXRnNzhBTgo2cllTOXJzaEJVTnprUUxSNDE1WlVqa25rZytlY0puSndVRFYwYWEzR2R3SUtBOVRLYy95NlR5YkFtZHBkV2dhCkV4NzVjTDljbWdkWWN1Z3ZtSEUwRnJqZTc0UFZZSlJ4N1h6aHRtWkpKc1lralVrWGRoRDcwVWw3MFhadEMvbVUKKzNKVERwRFluTTVEWXF2TWtIL1BJQnpiQ25jQmxoVUY1SDExQ1lKR25ucU83Nm5OVTBjVmZFSW9pY1ZqK0NYWgoxeWZoTDE5VFBHakMrSFlVeXdSenNxbVRTZzQ1ajVoWm15cW1QblFtY1VVK2Z3RUNBd0VBQWFOQ01FQXdEZ1lEClZSMFBBUUgvQkFRREFnRUdNQThHQTFVZEV3RUIvd1FGTUFNQkFmOHdIUVlEVlIwT0JCWUVGRldmdUtYSjVReUwKcEhlQXlVNnFjVEJpV1VmQk1BMEdDU3FHU0liM0RRRUJDd1VBQTRJQkFRQUY2YmFXQ1VjS1lObXo2MUMzcytGMwpuVnE0NlV4Z2s4Qmo5SGpHQWlsNUxORnh0dk14MS9NLzBGNlltK295NjFYRkcydWFNbUVvTWw2d0tXZC9PU1d3CjVOaWpJUENBK3k1MW5UZkpCTXVnZ0dZUlJxTU91ZFR0VTJOMTZPT1YwQklJNC9lYU5XMndtdGJhSEIvT3VEOHEKUnFkOHpTME5qL2lrZ0lwd3NqbUVLWmhwZW8zZTl6QmZRSU1EbXhNa2Y3U1JiKzZqTnowZnoxTG0xQzBTeThlUApkN2VwV2p1aFBFTHF6Tm51bWZQN2h4WDZPM09XdGdQTlpZNHFwdFZCemh0c3pQMXhWNzZUWWJLZ0Z2VlllenFLCjVTOEhUSEdwTzF6WjlpdmNZSFRvdjRudGhlMU9VdnZ4c3k0bGdZRnAxKzg0SzdmZUh0R0Qxa2VoREZNWFo4bzgKLS0tLS1FTkQgQ0VSVElGSUNBVEUtLS0tLQo=\n    server: https://ctgizrsgeyt.eu-frankfurt-1.clusters.oci.oraclecloud.com:6443\n  name: cluster-ctgizrsgeyt\ncontexts:\n- context:\n    cluster: cluster-ctgizrsgeyt\n    user: user-ctgizrsgeyt\n  name: context-ctgizrsgeyt\ncurrent-context: context-ctgizrsgeyt\nkind: \"\"\nusers:\n- name: user-ctgizrsgeyt\n  user:\n    token: eyJoZWFkZXIiOnsiQXV0aG9yaXphdGlvbiI6WyJTaWduYXR1cmUgdmVyc2lvbj1cIjFcIixoZWFkZXJzPVwiZGF0ZSAocmVxdWVzdC10YXJnZXQpIGhvc3QgY29udGVudC1sZW5ndGggY29udGVudC10eXBlIHgtY29udGVudC1zaGEyNTZcIixrZXlJZD1cIm9jaWQxLnRlbmFuY3kub2MxLi5hYWFhYWFhYWNtM3RxZ3p6Zzc2dnFrbmg1b3preWJzYXl2amR4aHptdXVoMnlrbDVzdW8ybnBkbnh5ZnEvb2NpZDEudXNlci5vYzEuLmFhYWFhYWFha2NydWVvd29tNzN3bDJoZnRzbHl0dTVvdm42bnMyY3VreHluZ2xnYTJ1ZW92amxocWc0cS83NzozNjpiMjozYjo2ZTozYjo0NTowZTpmYTplNzo5YzplYTozZDowZTo1MDpmMFwiLGFsZ29yaXRobT1cInJzYS1zaGEyNTZcIixzaWduYXR1cmU9XCJRcHdGWmRQU24xNWZkbGcvZGtvSlZQR1c5cjZWaG1jd21iMUc2SXJOM1h3NEdHVmQ2RzV1ZWVCSWkzMlNXSjN3R0p3RmJIOHcxSnI4YlM2NloyYnhtRmdrcUNrWFRzTXFXcUxMNGV6RFVJaFYzVGlDbi81eXBObE5oYzF6NHZjY1RhMTZMbzhtd1czZ2o4N0NiRUw2clZXa0ZXUDFQaWdjM1JVSkxzMm8yVFNncDQ4OHlnVFlvQnNjRzJTenpEVGhKZm5RWDUzTGQxKy9SWjVmSS9ybTBSLzRFQldhdVA3QzVNOEJZOFZjQ3owOEprR01PMnprejRFb0Z3RHpkSFUyNkMwUHpCanlHNTkyMnVtN1A1cUg1c2daU01DQ2ltMVRMWFB5U0RvYTRtY3pwSkVOdXJ0REtJMVg2QVJxbERGRWpBVkFLZFIyMTlGbWpOTlltNHJsc1E9PVwiIl0sIkNvbnRlbnQtTGVuZ3RoIjpbIjQ1Il0sIkNvbnRlbnQtVHlwZSI6WyJhcHBsaWNhdGlvbi9qc29uIl0sIkRhdGUiOlsiRnJpLCAxNyBNYXkgMjAxOSAwNDoxNjowNCBHTVQiXSwiWC1Db250ZW50LVNoYTI1NiI6WyI4NFV5K2ZNUFZ4S2hKcTVLME1TSk1FSHEwUVg5dmxyNVhqNnhPNDk4UUtJPSJdfSwiYm9keSI6eyJ0b2tlblZlcnNpb24iOiIxLjAuMCIsImV4cGlyYXRpb24iOjI1OTIwMDB9LCJob3N0IjoiY29udGFpbmVyZW5naW5lLmV1LWZyYW5rZnVydC0xLm9yYWNsZWNsb3VkLmNvbSIsInJlcXVlc3RfdXJpIjoiLzIwMTgwMjIyL2NsdXN0ZXJzL29jaWQxLmNsdXN0ZXIub2MxLmV1LWZyYW5rZnVydC0xLmFhYWFhYWFhYWUydG9tcnVnbnJ3Z3psYm1uc2dpb2JxbWU0d2d5dGVoYnF0b21qcmdjdGdpenJzZ2V5dC9rdWJlY29uZmlnL2NvbnRlbnQifQ==\n",
                            "expiration": "2592000",
                            "id": "2019-05-17 04:16:05.6897082 +0000 UTC",
                            "token_version": "1.0.0"
                        },
                        "meta": {},
                        "tainted": false
                    },
                    "deposed": [],
                    "provider": "provider.oci"
                },
                "data.oci_containerengine_cluster_option.k8s_cluster_option": {
                    "type": "oci_containerengine_cluster_option",
                    "depends_on": [],
                    "primary": {
                        "id": "2019-05-17 04:04:09.1586495 +0000 UTC",
                        "attributes": {
                            "cluster_option_id": "all",
                            "id": "2019-05-17 04:04:09.1586495 +0000 UTC",
                            "kubernetes_versions.#": "2",
                            "kubernetes_versions.0": "v1.11.9",
                            "kubernetes_versions.1": "v1.12.7"
                        },
                        "meta": {},
                        "tainted": false
                    },
                    "deposed": [],
                    "provider": "provider.oci"
                },
                "data.template_file.create_ocir_script": {
                    "type": "template_file",
                    "depends_on": [],
                    "primary": {
                        "id": "e7f25f23e99592eb3ca41a519137260e0c89d584930ca5e23ab8b564696a43e5",
                        "attributes": {
                            "id": "e7f25f23e99592eb3ca41a519137260e0c89d584930ca5e23ab8b564696a43e5",
                            "rendered": "#!/bin/bash\n# Copyright 2017, 2019, Oracle Corporation and/or affiliates.  All rights reserved.\n# Licensed under the Universal Permissive License v 1.0 as shown at http://oss.oracle.com/licenses/upl\n\nkubectl delete secret ocirsecret\n\nkubectl create secret docker-registry ocirsecret -n default --docker-server=fra.ocir.io --docker-username=enimbos/guillermo --docker-email=guillermo.best@oracle.com --docker-password='205]\u003cyl7W).jbSAPTB_z'\n",
                            "template": "#!/bin/bash\n# Copyright 2017, 2019, Oracle Corporation and/or affiliates.  All rights reserved.\n# Licensed under the Universal Permissive License v 1.0 as shown at http://oss.oracle.com/licenses/upl\n\nkubectl delete secret ocirsecret\n\nkubectl create secret docker-registry ocirsecret -n default --docker-server=${region_registry} --docker-username=${tenancy_name}/${username} --docker-email=${email_address} --docker-password='${authtoken}'\n",
                            "vars.%": "5",
                            "vars.authtoken": "205]\u003cyl7W).jbSAPTB_z",
                            "vars.email_address": "guillermo.best@oracle.com",
                            "vars.region_registry": "fra.ocir.io",
                            "vars.tenancy_name": "enimbos",
                            "vars.username": "guillermo"
                        },
                        "meta": {},
                        "tainted": false
                    },
                    "deposed": [],
                    "provider": "provider.template"
                },
                "data.template_file.install_helm": {
                    "type": "template_file",
                    "depends_on": [],
                    "primary": {
                        "id": "b18233eff654ffc6a18e3f45ab785ae134ec3d5b5dd4270a5b0802fd7fe6478a",
                        "attributes": {
                            "id": "b18233eff654ffc6a18e3f45ab785ae134ec3d5b5dd4270a5b0802fd7fe6478a",
                            "rendered": "#!/bin/bash\n# Copyright 2017, 2019, Oracle Corporation and/or affiliates.  All rights reserved.\n# Licensed under the Universal Permissive License v 1.0 as shown at http://oss.oracle.com/licenses/upl\n\nwget https://storage.googleapis.com/kubernetes-helm/helm-v2.12.3-linux-amd64.tar.gz\n\ntar zxvf helm-v2.12.3-linux-amd64.tar.gz\n\nsudo mv linux-amd64/helm /usr/local/bin\n\nrm -rf linux-amd64\n\nhelm init --upgrade\n",
                            "template": "#!/bin/bash\n# Copyright 2017, 2019, Oracle Corporation and/or affiliates.  All rights reserved.\n# Licensed under the Universal Permissive License v 1.0 as shown at http://oss.oracle.com/licenses/upl\n\nwget https://storage.googleapis.com/kubernetes-helm/helm-v${helm_version}-linux-amd64.tar.gz\n\ntar zxvf helm-v${helm_version}-linux-amd64.tar.gz\n\nsudo mv linux-amd64/helm /usr/local/bin\n\nrm -rf linux-amd64\n\nhelm init --upgrade\n",
                            "vars.%": "1",
                            "vars.helm_version": "2.12.3"
                        },
                        "meta": {},
                        "tainted": false
                    },
                    "deposed": [],
                    "provider": "provider.template"
                },
                "data.template_file.install_kubectl": {
                    "type": "template_file",
                    "depends_on": [],
                    "primary": {
                        "id": "a92b0ef16171af2a190c63deb200f06ff58339f06f6c35c17f34ddeb2a1dca70",
                        "attributes": {
                            "id": "a92b0ef16171af2a190c63deb200f06ff58339f06f6c35c17f34ddeb2a1dca70",
                            "rendered": "#!/bin/bash\n# Copyright 2017, 2019, Oracle Corporation and/or affiliates.  All rights reserved.\n# Licensed under the Universal Permissive License v 1.0 as shown at http://oss.oracle.com/licenses/upl\n\nif [ 'yum' = \"yum\" ]; then\n  sudo yum install -y kubectl git\nelse\n  sudo apt install -y git \n  sudo snap install kubectl --classic\nfi\n\nmkdir ~/.kube\n\necho \"source \u003c(kubectl completion bash)\" \u003e\u003e ~/.bashrc\n",
                            "template": "#!/bin/bash\n# Copyright 2017, 2019, Oracle Corporation and/or affiliates.  All rights reserved.\n# Licensed under the Universal Permissive License v 1.0 as shown at http://oss.oracle.com/licenses/upl\n\nif [ '${package_manager}' = \"yum\" ]; then\n  sudo yum install -y kubectl git\nelse\n  sudo apt install -y git \n  sudo snap install kubectl --classic\nfi\n\nmkdir ~/.kube\n\necho \"source \u003c(kubectl completion bash)\" \u003e\u003e ~/.bashrc\n",
                            "vars.%": "1",
                            "vars.package_manager": "yum"
                        },
                        "meta": {},
                        "tainted": false
                    },
                    "deposed": [],
                    "provider": "provider.template"
                },
                "local_file.kube_config_file": {
                    "type": "local_file",
                    "depends_on": [
                        "data.oci_containerengine_cluster_kube_config.kube_config",
                        "null_resource.create_local_kubeconfig",
                        "oci_containerengine_cluster.k8s_cluster"
                    ],
                    "primary": {
                        "id": "e422537b4f16f831da458f18e8d4c28f0cec45bd",
                        "attributes": {
                            "content": "apiVersion: v1\nclusters:\n- cluster:\n    certificate-authority-data: LS0tLS1CRUdJTiBDRVJUSUZJQ0FURS0tLS0tCk1JSURqRENDQW5TZ0F3SUJBZ0lVSDgydEF0b1R1MVpocmw1ZGZlcTV4UGlITkNJd0RRWUpLb1pJaHZjTkFRRUwKQlFBd1hqRUxNQWtHQTFVRUJoTUNWVk14RGpBTUJnTlZCQWdUQlZSbGVHRnpNUTh3RFFZRFZRUUhFd1pCZFhOMAphVzR4RHpBTkJnTlZCQW9UQms5eVlXTnNaVEVNTUFvR0ExVUVDeE1EVDBSWU1ROHdEUVlEVlFRREV3WkxPRk1nClEwRXdIaGNOTVRrd05URTNNRFF3TVRBd1doY05NalF3TlRFMU1EUXdNVEF3V2pCZU1Rc3dDUVlEVlFRR0V3SlYKVXpFT01Bd0dBMVVFQ0JNRlZHVjRZWE14RHpBTkJnTlZCQWNUQmtGMWMzUnBiakVQTUEwR0ExVUVDaE1HVDNKaApZMnhsTVF3d0NnWURWUVFMRXdOUFJGZ3hEekFOQmdOVkJBTVRCa3M0VXlCRFFUQ0NBU0l3RFFZSktvWklodmNOCkFRRUJCUUFEZ2dFUEFEQ0NBUW9DZ2dFQkFOVUpBWHlrZnRCbnNGWXFMZFpKaVl5MHdmRW5LUEJVSUZlcmMrMm0KZ2pGUklQS3JlblFheXlEeGl6Y2RwbzRuVUNxWGxCS0VpTVpOUWI1V21HTTd6Y1JmK29aZmQ0RzhkaXRnNzhBTgo2cllTOXJzaEJVTnprUUxSNDE1WlVqa25rZytlY0puSndVRFYwYWEzR2R3SUtBOVRLYy95NlR5YkFtZHBkV2dhCkV4NzVjTDljbWdkWWN1Z3ZtSEUwRnJqZTc0UFZZSlJ4N1h6aHRtWkpKc1lralVrWGRoRDcwVWw3MFhadEMvbVUKKzNKVERwRFluTTVEWXF2TWtIL1BJQnpiQ25jQmxoVUY1SDExQ1lKR25ucU83Nm5OVTBjVmZFSW9pY1ZqK0NYWgoxeWZoTDE5VFBHakMrSFlVeXdSenNxbVRTZzQ1ajVoWm15cW1QblFtY1VVK2Z3RUNBd0VBQWFOQ01FQXdEZ1lEClZSMFBBUUgvQkFRREFnRUdNQThHQTFVZEV3RUIvd1FGTUFNQkFmOHdIUVlEVlIwT0JCWUVGRldmdUtYSjVReUwKcEhlQXlVNnFjVEJpV1VmQk1BMEdDU3FHU0liM0RRRUJDd1VBQTRJQkFRQUY2YmFXQ1VjS1lObXo2MUMzcytGMwpuVnE0NlV4Z2s4Qmo5SGpHQWlsNUxORnh0dk14MS9NLzBGNlltK295NjFYRkcydWFNbUVvTWw2d0tXZC9PU1d3CjVOaWpJUENBK3k1MW5UZkpCTXVnZ0dZUlJxTU91ZFR0VTJOMTZPT1YwQklJNC9lYU5XMndtdGJhSEIvT3VEOHEKUnFkOHpTME5qL2lrZ0lwd3NqbUVLWmhwZW8zZTl6QmZRSU1EbXhNa2Y3U1JiKzZqTnowZnoxTG0xQzBTeThlUApkN2VwV2p1aFBFTHF6Tm51bWZQN2h4WDZPM09XdGdQTlpZNHFwdFZCemh0c3pQMXhWNzZUWWJLZ0Z2VlllenFLCjVTOEhUSEdwTzF6WjlpdmNZSFRvdjRudGhlMU9VdnZ4c3k0bGdZRnAxKzg0SzdmZUh0R0Qxa2VoREZNWFo4bzgKLS0tLS1FTkQgQ0VSVElGSUNBVEUtLS0tLQo=\n    server: https://ctgizrsgeyt.eu-frankfurt-1.clusters.oci.oraclecloud.com:6443\n  name: cluster-ctgizrsgeyt\ncontexts:\n- context:\n    cluster: cluster-ctgizrsgeyt\n    user: user-ctgizrsgeyt\n  name: context-ctgizrsgeyt\ncurrent-context: context-ctgizrsgeyt\nkind: \"\"\nusers:\n- name: user-ctgizrsgeyt\n  user:\n    token: eyJoZWFkZXIiOnsiQXV0aG9yaXphdGlvbiI6WyJTaWduYXR1cmUgdmVyc2lvbj1cIjFcIixoZWFkZXJzPVwiZGF0ZSAocmVxdWVzdC10YXJnZXQpIGhvc3QgY29udGVudC1sZW5ndGggY29udGVudC10eXBlIHgtY29udGVudC1zaGEyNTZcIixrZXlJZD1cIm9jaWQxLnRlbmFuY3kub2MxLi5hYWFhYWFhYWNtM3RxZ3p6Zzc2dnFrbmg1b3preWJzYXl2amR4aHptdXVoMnlrbDVzdW8ybnBkbnh5ZnEvb2NpZDEudXNlci5vYzEuLmFhYWFhYWFha2NydWVvd29tNzN3bDJoZnRzbHl0dTVvdm42bnMyY3VreHluZ2xnYTJ1ZW92amxocWc0cS83NzozNjpiMjozYjo2ZTozYjo0NTowZTpmYTplNzo5YzplYTozZDowZTo1MDpmMFwiLGFsZ29yaXRobT1cInJzYS1zaGEyNTZcIixzaWduYXR1cmU9XCJRcHdGWmRQU24xNWZkbGcvZGtvSlZQR1c5cjZWaG1jd21iMUc2SXJOM1h3NEdHVmQ2RzV1ZWVCSWkzMlNXSjN3R0p3RmJIOHcxSnI4YlM2NloyYnhtRmdrcUNrWFRzTXFXcUxMNGV6RFVJaFYzVGlDbi81eXBObE5oYzF6NHZjY1RhMTZMbzhtd1czZ2o4N0NiRUw2clZXa0ZXUDFQaWdjM1JVSkxzMm8yVFNncDQ4OHlnVFlvQnNjRzJTenpEVGhKZm5RWDUzTGQxKy9SWjVmSS9ybTBSLzRFQldhdVA3QzVNOEJZOFZjQ3owOEprR01PMnprejRFb0Z3RHpkSFUyNkMwUHpCanlHNTkyMnVtN1A1cUg1c2daU01DQ2ltMVRMWFB5U0RvYTRtY3pwSkVOdXJ0REtJMVg2QVJxbERGRWpBVkFLZFIyMTlGbWpOTlltNHJsc1E9PVwiIl0sIkNvbnRlbnQtTGVuZ3RoIjpbIjQ1Il0sIkNvbnRlbnQtVHlwZSI6WyJhcHBsaWNhdGlvbi9qc29uIl0sIkRhdGUiOlsiRnJpLCAxNyBNYXkgMjAxOSAwNDoxNjowNCBHTVQiXSwiWC1Db250ZW50LVNoYTI1NiI6WyI4NFV5K2ZNUFZ4S2hKcTVLME1TSk1FSHEwUVg5dmxyNVhqNnhPNDk4UUtJPSJdfSwiYm9keSI6eyJ0b2tlblZlcnNpb24iOiIxLjAuMCIsImV4cGlyYXRpb24iOjI1OTIwMDB9LCJob3N0IjoiY29udGFpbmVyZW5naW5lLmV1LWZyYW5rZnVydC0xLm9yYWNsZWNsb3VkLmNvbSIsInJlcXVlc3RfdXJpIjoiLzIwMTgwMjIyL2NsdXN0ZXJzL29jaWQxLmNsdXN0ZXIub2MxLmV1LWZyYW5rZnVydC0xLmFhYWFhYWFhYWUydG9tcnVnbnJ3Z3psYm1uc2dpb2JxbWU0d2d5dGVoYnF0b21qcmdjdGdpenJzZ2V5dC9rdWJlY29uZmlnL2NvbnRlbnQifQ==\n",
                            "filename": "/mnt/c/Users/oscarsan/Documents/PROJECTS/CodeExplore/Nuevo/codeexplore/OKE/generated/kubeconfig",
                            "id": "e422537b4f16f831da458f18e8d4c28f0cec45bd"
                        },
                        "meta": {},
                        "tainted": false
                    },
                    "deposed": [],
                    "provider": "provider.local"
                },
                "null_resource.create_local_kubeconfig": {
                    "type": "null_resource",
                    "depends_on": [],
                    "primary": {
                        "id": "4627721788939094612",
                        "attributes": {
                            "id": "4627721788939094612"
                        },
                        "meta": {},
                        "tainted": false
                    },
                    "deposed": [],
                    "provider": "provider.null"
                },
                "null_resource.create_ocir_secret": {
                    "type": "null_resource",
                    "depends_on": [
                        "data.template_file.create_ocir_script",
                        "null_resource.write_kubeconfig_bastion"
                    ],
                    "primary": {
                        "id": "2357203597867989366",
                        "attributes": {
                            "id": "2357203597867989366",
                            "triggers.%": "1",
                            "triggers.ocirtoken": "ocid1.credential.oc1..aaaaaaaavpqi7sdirdbi3xrnsiizf36phyhrbem4w4x6nooh3t2secq6vf2q"
                        },
                        "meta": {},
                        "tainted": false
                    },
                    "deposed": [],
                    "provider": "provider.null"
                },
                "null_resource.delete_ocir_script": {
                    "type": "null_resource",
                    "depends_on": [
                        "null_resource.create_ocir_secret"
                    ],
                    "primary": {
                        "id": "3952320351080238448",
                        "attributes": {
                            "id": "3952320351080238448"
                        },
                        "meta": {},
                        "tainted": false
                    },
                    "deposed": [],
                    "provider": "provider.null"
                },
                "null_resource.install_helm_bastion": {
                    "type": "null_resource",
                    "depends_on": [
                        "data.template_file.install_helm",
                        "null_resource.install_kubectl_bastion",
                        "null_resource.write_kubeconfig_bastion"
                    ],
                    "primary": {
                        "id": "4235152616003573669",
                        "attributes": {
                            "id": "4235152616003573669"
                        },
                        "meta": {},
                        "tainted": false
                    },
                    "deposed": [],
                    "provider": "provider.null"
                },
                "null_resource.install_kubectl_bastion": {
                    "type": "null_resource",
                    "depends_on": [
                        "data.template_file.install_kubectl"
                    ],
                    "primary": {
                        "id": "5121405004452117582",
                        "attributes": {
                            "id": "5121405004452117582"
                        },
                        "meta": {},
                        "tainted": false
                    },
                    "deposed": [],
                    "provider": "provider.null"
                },
                "null_resource.write_kubeconfig_bastion": {
                    "type": "null_resource",
                    "depends_on": [
                        "local_file.kube_config_file"
                    ],
                    "primary": {
                        "id": "7584214273526956216",
                        "attributes": {
                            "id": "7584214273526956216"
                        },
                        "meta": {},
                        "tainted": false
                    },
                    "deposed": [],
                    "provider": "provider.null"
                },
                "oci_containerengine_cluster.k8s_cluster": {
                    "type": "oci_containerengine_cluster",
                    "depends_on": [
                        "data.oci_containerengine_cluster_option.k8s_cluster_option",
                        "local.kubernetes_versions"
                    ],
                    "primary": {
                        "id": "ocid1.cluster.oc1.eu-frankfurt-1.aaaaaaaaae2tomrugnrwgzlbmnsgiobqme4wgytehbqtomjrgctgizrsgeyt",
                        "attributes": {
                            "available_kubernetes_upgrades.#": "0",
                            "compartment_id": "ocid1.compartment.oc1..aaaaaaaa7tbvlkrfgwd56t5uqh3bw3j5wm65kq4kyewjp7q4wd6jxexdwgjq",
                            "endpoints.#": "1",
                            "endpoints.0.kubernetes": "ctgizrsgeyt.eu-frankfurt-1.clusters.oci.oraclecloud.com:6443",
                            "id": "ocid1.cluster.oc1.eu-frankfurt-1.aaaaaaaaae2tomrugnrwgzlbmnsgiobqme4wgytehbqtomjrgctgizrsgeyt",
                            "kubernetes_version": "v1.12.7",
                            "lifecycle_details": "",
                            "metadata.#": "1",
                            "metadata.0.created_by_user_id": "ocid1.user.oc1..aaaaaaaakcrueowom73wl2hftslytu5ovn6ns2cukxynglga2ueovjlhqg4q",
                            "metadata.0.created_by_work_request_id": "ocid1.clustersworkrequest.oc1.eu-frankfurt-1.aaaaaaaaae3wcmzxg5rtszrwgbswenrtg5tdmnlgmnstczlbgwztayzsg43t",
                            "metadata.0.deleted_by_user_id": "",
                            "metadata.0.deleted_by_work_request_id": "",
                            "metadata.0.time_created": "2019-05-17 04:04:32 +0000 UTC",
                            "metadata.0.time_deleted": "",
                            "metadata.0.time_updated": "",
                            "metadata.0.updated_by_user_id": "",
                            "metadata.0.updated_by_work_request_id": "",
                            "name": "oke-oke",
                            "options.#": "1",
                            "options.0.add_ons.#": "1",
                            "options.0.add_ons.0.is_kubernetes_dashboard_enabled": "true",
                            "options.0.add_ons.0.is_tiller_enabled": "true",
                            "options.0.kubernetes_network_config.#": "1",
                            "options.0.kubernetes_network_config.0.pods_cidr": "10.244.0.0/16",
                            "options.0.kubernetes_network_config.0.services_cidr": "10.96.0.0/16",
                            "options.0.service_lb_subnet_ids.#": "2",
                            "options.0.service_lb_subnet_ids.0": "ocid1.subnet.oc1.eu-frankfurt-1.aaaaaaaavggzg6oyg5hf4uxz3hyfpzsrv5t3ii6ccqyu2h7rnoj3mr5mjvka",
                            "options.0.service_lb_subnet_ids.1": "ocid1.subnet.oc1.eu-frankfurt-1.aaaaaaaa7etqknooj4gpasrttgicpvc7x5qlt5hwt7fm5urfp64igzx2dena",
                            "state": "ACTIVE",
                            "vcn_id": "ocid1.vcn.oc1.eu-frankfurt-1.aaaaaaaax5bkri6lw7wdtu6qxefx234ywk5yk4biqiz4gnosxdhcp3jxpfaa"
                        },
                        "meta": {
                            "e2bfb730-ecaa-11e6-8f88-34363bc7c4c0": {
                                "create": 900000000000,
                                "delete": 900000000000,
                                "update": 900000000000
                            }
                        },
                        "tainted": false
                    },
                    "deposed": [],
                    "provider": "provider.oci"
                },
                "oci_containerengine_node_pool.nodepools_topology3": {
                    "type": "oci_containerengine_node_pool",
                    "depends_on": [
                        "data.oci_containerengine_cluster_option.k8s_cluster_option",
                        "local.kubernetes_versions",
                        "oci_containerengine_cluster.k8s_cluster"
                    ],
                    "primary": {
                        "id": "ocid1.nodepool.oc1.eu-frankfurt-1.aaaaaaaaaftgizdcme2domdbmeywezrtgjswcm3dmfsdeztggn2gmmjthfsw",
                        "attributes": {
                            "cluster_id": "ocid1.cluster.oc1.eu-frankfurt-1.aaaaaaaaae2tomrugnrwgzlbmnsgiobqme4wgytehbqtomjrgctgizrsgeyt",
                            "compartment_id": "ocid1.compartment.oc1..aaaaaaaa7tbvlkrfgwd56t5uqh3bw3j5wm65kq4kyewjp7q4wd6jxexdwgjq",
                            "id": "ocid1.nodepool.oc1.eu-frankfurt-1.aaaaaaaaaftgizdcme2domdbmeywezrtgjswcm3dmfsdeztggn2gmmjthfsw",
                            "initial_node_labels.#": "0",
                            "kubernetes_version": "v1.12.7",
                            "name": "oke-np-1",
                            "node_image_id": "ocid1.image.oc1.eu-frankfurt-1.aaaaaaaandqh4s7a3oe3on6osdbwysgddwqwyghbx4t4ryvtcwk5xikkpvhq",
                            "node_image_name": "Oracle-Linux-7.6",
                            "node_shape": "VM.Standard2.1",
                            "nodes.#": "0",
                            "quantity_per_subnet": "1",
                            "ssh_public_key": "ssh-rsa AAAAB3NzaC1yc2EAAAADAQABAAABAQDJIs2yN8yOE/by93733wHGob7L1l0Ly7xzsaxt+NTx8jDStIA4pRTizeYGzx59MsQv1E9rq/+04K4gNYal+GaLYcnFK67JRMG4+z56nmiNwcO0NJAn3sZsa9oARCmvKchO+wQf2bTFn++GvvetBWDqy3UKK8mk3cflBHJ8yJjgn4Ald2NcGw1gNqyLXgk6jZAtStS1epoyNgUWM7skh4v3JB1Q4rPWKQPiX16TNtdoGKT3rMntIk30p4k3TN60nCIEDhr5ZfOcIJLCoiiqqSRjcGers0zQpFlaaJU0TZ33UnTXPDW56dzLiZc5udvc8irk7TI+qz1eydzv/unbgHKb key\n",
                            "subnet_ids.#": "3",
                            "subnet_ids.1428434953": "ocid1.subnet.oc1.eu-frankfurt-1.aaaaaaaa6gmywzbaeazbowjipagvmrxhfwbzn7uttzp3o7zz7svjct55tkza",
                            "subnet_ids.2452297854": "ocid1.subnet.oc1.eu-frankfurt-1.aaaaaaaarteeyz5xdo6ewlbtoq3zwytt7xyuelxawyq26aj4vupeyyxwlcia",
                            "subnet_ids.3398096733": "ocid1.subnet.oc1.eu-frankfurt-1.aaaaaaaa3mltuat3cl4nawlpsyw7qfmsjkfh4ohuol4fgjzao7ftjgktrfua"
                        },
                        "meta": {
                            "e2bfb730-ecaa-11e6-8f88-34363bc7c4c0": {
                                "create": 900000000000,
                                "delete": 900000000000,
                                "update": 900000000000
                            }
                        },
                        "tainted": false
                    },
                    "deposed": [],
                    "provider": "provider.oci"
                }
            },
            "depends_on": []
        },
        {
            "path": [
                "root",
                "base",
                "bastion"
            ],
            "outputs": {
                "bastion_id": {
                    "sensitive": false,
                    "type": "string",
                    "value": "ocid1.instance.oc1.eu-frankfurt-1.abtheljsjjztf7xj7jjs7n6kdw43tqocx6gxfuq2xgwklufp5lwzmmwppcoa"
                },
                "bastion_public_ip": {
                    "sensitive": false,
                    "type": "string",
                    "value": "130.61.115.74"
                }
            },
            "resources": {
                "data.oci_core_images.bastion_images": {
                    "type": "oci_core_images",
                    "depends_on": [],
                    "primary": {
                        "id": "2019-05-17 04:04:09.193237 +0000 UTC",
                        "attributes": {
                            "compartment_id": "ocid1.compartment.oc1..aaaaaaaa7tbvlkrfgwd56t5uqh3bw3j5wm65kq4kyewjp7q4wd6jxexdwgjq",
                            "id": "2019-05-17 04:04:09.193237 +0000 UTC",
                            "images.#": "3",
                            "images.0.base_image_id": "",
                            "images.0.compartment_id": "",
                            "images.0.create_image_allowed": "true",
                            "images.0.defined_tags.%": "0",
                            "images.0.display_name": "Oracle-Linux-7.6-2019.05.14-0",
                            "images.0.freeform_tags.%": "0",
                            "images.0.id": "ocid1.image.oc1.eu-frankfurt-1.aaaaaaaandqh4s7a3oe3on6osdbwysgddwqwyghbx4t4ryvtcwk5xikkpvhq",
                            "images.0.image_source_details.#": "0",
                            "images.0.instance_id": "",
                            "images.0.launch_mode": "NATIVE",
                            "images.0.launch_options.#": "1",
                            "images.0.launch_options.0.boot_volume_type": "PARAVIRTUALIZED",
                            "images.0.launch_options.0.firmware": "UEFI_64",
                            "images.0.launch_options.0.network_type": "PARAVIRTUALIZED",
                            "images.0.launch_options.0.remote_data_volume_type": "PARAVIRTUALIZED",
                            "images.0.operating_system": "Oracle Linux",
                            "images.0.operating_system_version": "7.6",
                            "images.0.size_in_mbs": "47694",
                            "images.0.state": "AVAILABLE",
                            "images.0.time_created": "2019-05-11 02:03:57.654 +0000 UTC",
                            "images.1.base_image_id": "",
                            "images.1.compartment_id": "",
                            "images.1.create_image_allowed": "true",
                            "images.1.defined_tags.%": "0",
                            "images.1.display_name": "Oracle-Linux-7.6-2019.04.18-0",
                            "images.1.freeform_tags.%": "0",
                            "images.1.id": "ocid1.image.oc1.eu-frankfurt-1.aaaaaaaaydd7mt37cpouxlq2zreiiy2xauebkcwv7g3nqwziisdjenc2sz5a",
                            "images.1.image_source_details.#": "0",
                            "images.1.instance_id": "",
                            "images.1.launch_mode": "NATIVE",
                            "images.1.launch_options.#": "1",
                            "images.1.launch_options.0.boot_volume_type": "PARAVIRTUALIZED",
                            "images.1.launch_options.0.firmware": "UEFI_64",
                            "images.1.launch_options.0.network_type": "PARAVIRTUALIZED",
                            "images.1.launch_options.0.remote_data_volume_type": "PARAVIRTUALIZED",
                            "images.1.operating_system": "Oracle Linux",
                            "images.1.operating_system_version": "7.6",
                            "images.1.size_in_mbs": "47694",
                            "images.1.state": "AVAILABLE",
                            "images.1.time_created": "2019-04-22 19:59:52.85 +0000 UTC",
                            "images.2.base_image_id": "",
                            "images.2.compartment_id": "",
                            "images.2.create_image_allowed": "true",
                            "images.2.defined_tags.%": "0",
                            "images.2.display_name": "Oracle-Linux-7.6-2019.03.22-1",
                            "images.2.freeform_tags.%": "0",
                            "images.2.id": "ocid1.image.oc1.eu-frankfurt-1.aaaaaaaa2n5z4nmkqjf27btkbdibflwvximz5i3rsz57c3gowckozrdshnua",
                            "images.2.image_source_details.#": "0",
                            "images.2.instance_id": "",
                            "images.2.launch_mode": "NATIVE",
                            "images.2.launch_options.#": "1",
                            "images.2.launch_options.0.boot_volume_type": "PARAVIRTUALIZED",
                            "images.2.launch_options.0.firmware": "UEFI_64",
                            "images.2.launch_options.0.network_type": "PARAVIRTUALIZED",
                            "images.2.launch_options.0.remote_data_volume_type": "PARAVIRTUALIZED",
                            "images.2.operating_system": "Oracle Linux",
                            "images.2.operating_system_version": "7.6",
                            "images.2.size_in_mbs": "47694",
                            "images.2.state": "AVAILABLE",
                            "images.2.time_created": "2019-04-04 21:06:07.606 +0000 UTC",
                            "operating_system": "Oracle Linux",
                            "operating_system_version": "7.6",
                            "shape": "VM.Standard2.1"
                        },
                        "meta": {},
                        "tainted": false
                    },
                    "deposed": [],
                    "provider": "provider.oci"
                },
                "data.oci_core_instance.bastion": {
                    "type": "oci_core_instance",
                    "depends_on": [
                        "oci_core_instance.bastion"
                    ],
                    "primary": {
                        "id": "ocid1.instance.oc1.eu-frankfurt-1.abtheljsjjztf7xj7jjs7n6kdw43tqocx6gxfuq2xgwklufp5lwzmmwppcoa",
                        "attributes": {
                            "availability_domain": "IfzE:EU-FRANKFURT-1-AD-2",
                            "boot_volume_id": "ocid1.bootvolume.oc1.eu-frankfurt-1.abtheljsh2cnmy2ynfyq7x2gdh3aex4oi2xfxxcyundombrqpm3rtuki4q7q",
                            "compartment_id": "ocid1.compartment.oc1..aaaaaaaa7tbvlkrfgwd56t5uqh3bw3j5wm65kq4kyewjp7q4wd6jxexdwgjq",
                            "defined_tags.%": "0",
                            "display_name": "oke-bastion",
                            "fault_domain": "FAULT-DOMAIN-3",
                            "freeform_tags.%": "0",
                            "hostname_label": "bastion",
                            "id": "ocid1.instance.oc1.eu-frankfurt-1.abtheljsjjztf7xj7jjs7n6kdw43tqocx6gxfuq2xgwklufp5lwzmmwppcoa",
                            "image": "ocid1.image.oc1.eu-frankfurt-1.aaaaaaaandqh4s7a3oe3on6osdbwysgddwqwyghbx4t4ryvtcwk5xikkpvhq",
                            "instance_id": "ocid1.instance.oc1.eu-frankfurt-1.abtheljsjjztf7xj7jjs7n6kdw43tqocx6gxfuq2xgwklufp5lwzmmwppcoa",
                            "launch_mode": "NATIVE",
                            "launch_options.#": "1",
                            "launch_options.0.boot_volume_type": "PARAVIRTUALIZED",
                            "launch_options.0.firmware": "UEFI_64",
                            "launch_options.0.network_type": "VFIO",
                            "launch_options.0.remote_data_volume_type": "PARAVIRTUALIZED",
                            "metadata.%": "0",
                            "private_ip": "10.0.11.2",
                            "public_ip": "130.61.115.74",
                            "region": "eu-frankfurt-1",
                            "shape": "VM.Standard2.1",
                            "source_details.#": "1",
                            "source_details.0.boot_volume_size_in_gbs": "47",
                            "source_details.0.kms_key_id": "",
                            "source_details.0.source_id": "ocid1.image.oc1.eu-frankfurt-1.aaaaaaaandqh4s7a3oe3on6osdbwysgddwqwyghbx4t4ryvtcwk5xikkpvhq",
                            "source_details.0.source_type": "image",
                            "state": "RUNNING",
                            "subnet_id": "ocid1.subnet.oc1.eu-frankfurt-1.aaaaaaaasnzil3uwws3k2lmqaofzmlopmdu34fgm6pkjsfmxqxvuxead5rsa",
                            "time_created": "2019-05-17 04:04:31.071 +0000 UTC"
                        },
                        "meta": {},
                        "tainted": false
                    },
                    "deposed": [],
                    "provider": "provider.oci"
                },
                "data.oci_core_vnic.bastion_vnic": {
                    "type": "oci_core_vnic",
                    "depends_on": [
                        "data.oci_core_vnic_attachments.bastion_vnics_attachments"
                    ],
                    "primary": {
                        "id": "ocid1.vnic.oc1.eu-frankfurt-1.abtheljs7cvnkhyoutgpayvadswmnnrhbizgpzf2io4xdtkbauq6k7vovvva",
                        "attributes": {
                            "availability_domain": "IfzE:EU-FRANKFURT-1-AD-2",
                            "compartment_id": "ocid1.compartment.oc1..aaaaaaaa7tbvlkrfgwd56t5uqh3bw3j5wm65kq4kyewjp7q4wd6jxexdwgjq",
                            "defined_tags.%": "0",
                            "display_name": "oke-bastion-vnic",
                            "freeform_tags.%": "0",
                            "hostname_label": "bastion",
                            "id": "ocid1.vnic.oc1.eu-frankfurt-1.abtheljs7cvnkhyoutgpayvadswmnnrhbizgpzf2io4xdtkbauq6k7vovvva",
                            "is_primary": "true",
                            "mac_address": "02:00:17:01:29:5D",
                            "private_ip_address": "10.0.11.2",
                            "public_ip_address": "130.61.115.74",
                            "skip_source_dest_check": "false",
                            "state": "AVAILABLE",
                            "subnet_id": "ocid1.subnet.oc1.eu-frankfurt-1.aaaaaaaasnzil3uwws3k2lmqaofzmlopmdu34fgm6pkjsfmxqxvuxead5rsa",
                            "time_created": "2019-05-17 04:04:33.397 +0000 UTC",
                            "vnic_id": "ocid1.vnic.oc1.eu-frankfurt-1.abtheljs7cvnkhyoutgpayvadswmnnrhbizgpzf2io4xdtkbauq6k7vovvva"
                        },
                        "meta": {},
                        "tainted": false
                    },
                    "deposed": [],
                    "provider": "provider.oci"
                },
                "data.oci_core_vnic_attachments.bastion_vnics_attachments": {
                    "type": "oci_core_vnic_attachments",
                    "depends_on": [
                        "oci_core_instance.bastion"
                    ],
                    "primary": {
                        "id": "2019-05-17 04:06:07.1316763 +0000 UTC",
                        "attributes": {
                            "availability_domain": "IfzE:EU-FRANKFURT-1-AD-2",
                            "compartment_id": "ocid1.compartment.oc1..aaaaaaaa7tbvlkrfgwd56t5uqh3bw3j5wm65kq4kyewjp7q4wd6jxexdwgjq",
                            "id": "2019-05-17 04:06:07.1316763 +0000 UTC",
                            "instance_id": "ocid1.instance.oc1.eu-frankfurt-1.abtheljsjjztf7xj7jjs7n6kdw43tqocx6gxfuq2xgwklufp5lwzmmwppcoa",
                            "vnic_attachments.#": "1",
                            "vnic_attachments.0.availability_domain": "IfzE:EU-FRANKFURT-1-AD-2",
                            "vnic_attachments.0.compartment_id": "ocid1.compartment.oc1..aaaaaaaa7tbvlkrfgwd56t5uqh3bw3j5wm65kq4kyewjp7q4wd6jxexdwgjq",
                            "vnic_attachments.0.create_vnic_details.#": "0",
                            "vnic_attachments.0.display_name": "",
                            "vnic_attachments.0.id": "ocid1.vnicattachment.oc1.eu-frankfurt-1.abtheljsiw63j5zuy2k465gnbb4p4mqx5mh2ode66gudczjca6253xt2lkia",
                            "vnic_attachments.0.instance_id": "ocid1.instance.oc1.eu-frankfurt-1.abtheljsjjztf7xj7jjs7n6kdw43tqocx6gxfuq2xgwklufp5lwzmmwppcoa",
                            "vnic_attachments.0.nic_index": "0",
                            "vnic_attachments.0.state": "ATTACHED",
                            "vnic_attachments.0.subnet_id": "ocid1.subnet.oc1.eu-frankfurt-1.aaaaaaaasnzil3uwws3k2lmqaofzmlopmdu34fgm6pkjsfmxqxvuxead5rsa",
                            "vnic_attachments.0.time_created": "2019-05-17 04:04:33.867 +0000 UTC",
                            "vnic_attachments.0.vlan_tag": "601",
                            "vnic_attachments.0.vnic_id": "ocid1.vnic.oc1.eu-frankfurt-1.abtheljs7cvnkhyoutgpayvadswmnnrhbizgpzf2io4xdtkbauq6k7vovvva"
                        },
                        "meta": {},
                        "tainted": false
                    },
                    "deposed": [],
                    "provider": "provider.oci"
                },
                "data.template_cloudinit_config.bastion": {
                    "type": "template_cloudinit_config",
                    "depends_on": [
                        "data.template_file.bastion_cloud_init_file"
                    ],
                    "primary": {
                        "id": "3161964181",
                        "attributes": {
                            "base64_encode": "true",
                            "gzip": "true",
                            "id": "3161964181",
                            "part.#": "1",
                            "part.0.content": "# Copyright 2017, 2019, Oracle Corporation and/or affiliates.  All rights reserved.\n# Licensed under the Universal Permissive License v 1.0 as shown at http://oss.oracle.com/licenses/upl\n\n#cloud-config\npackage_update: true\npackage_upgrade: true\npackages:\n  - ntp \n  - python-pip\ntimezone: Australia/Sydney\n\nwrite_files:\n# setup script\n  - path: \"/root/bastion/bastion.sh\"\n    permissions: \"0700\"\n    encoding: \"gzip+base64\"\n    content: |\n      H4sIAAAAAAAA/6xY4W/byg3/rr+Ca/apiCQ7bdP1AX5AF7xuBZq1GFpgHwwI5zvKuuV01Due7Lh//XCS7NiOJNvNEFSyjvz9SIo8qryrv6QLbdOF4CKKruCOqo3Ty8LDzWT6/jpcP1zDVyekQbgjV5ETXpMFYVVKDkSea6OFR04APhoDDZjBIaNboUqiK/iiJVpGBbVV6MAXCD+sXqFjYeAbulIz6xVu9WAF02QCgoELWlsQHgrvq9/SlJgTalxJJJWpafU5rSsTRZu6hLpSwiPEMaOsnfabKAp2Yw0xwitORe1JW/bCmDnP5mwpvYK9RZjBBjldvoIUvUzryjshH7b3RJLNo6h7iutq6YTCKPJUy6JFlKQqRwtMVLowQj4YzT7OtUHesMeSWwqUBcGrnQJIJ8qcX8Hvv7+EJXeIq8eX8/w3z/nmpSTFy/0ocq5M/WIa/rMW/H9wp1b5pRSRK0tSXXp3+WlfcAhvG+LOx2AEjmr2axX2G89KUjibvn///pq909ILr0scl15bwkeU15YUrq4tca3VrrhbT1V3Tw1JYeKcEy/cEn2yFtZz6ssqKam2PmquEBM4bH62pBA0+mTB1KAwONUKm1273XzxBoRWGIULxLG22kNUriBdCZcavUiDoLkkapFYXCfLnwPC5c+oS+AE3sFreA3vwBF5SGt2KYeO11lpW8ZTZqUj68XiCX67D/9Vb0b4bxr+1wPuyQLlwyD6NRTCKZDkECZPWtvulxpdan9QzzknITWZqstKLAzC7AC4YelNq9/+hngNx5jZJIqsb1vt9PZDcvPubdLdD0u3+QS4OU8SV6BJKiKTWF8l5JZz1ovasU+voNWCHiXodLYlG5Zb3/qsTM+x0qN0mZWbc6z0KF1m5c05VnqUOitzuw33MD2DTkRtFwgJR9vURUjw3ip74Xy7eLBKFcjCkd3sKyvNDcdW0iNylVxoq456nbboM209ulxI5OYb3TSmgtgfS2EGhqhahG8xWbPZRVUR+1w/pqXQNpH5sb+dOAmvSEvsce5Yo9s7Fn2iq9XbRFdZTm4dtt4Z26cHFnbQEWcAJcKYhNGqzKHSDqXnYQN9eIW5qI0/m6PHyQE/ZhMY1O63OhajkBIrnzHVTmLmqPYjjWgs0IuIxqLtIZpNTkbcjzoZ9wuzez7LGRFflOHnmLE6lrXDl1fyuSzjtXzIckZqeyCDoRpaZqVwXgsbHJxeHuZ5DGMh7jPMpifDO1J/1uFkWWVhLdNLSw6zhSOhpGB/mXsjPENWt4q0rDlD58hlDrmiMOldbnuMrceD3et0VZZr49H9Wj7PgB/jvawy3lhJ9KAvjPQQGsLqUWq6U5Kbmotngd8+bwvizP16298hRuDPfOuz3rdDh0w925o9hBd2oQFTv9CFRnzp7bgnLIdYezBHyT11IlE58iTJDI3M0lcnZt0TDE6dmrdPEHhdycsYOopSPGahuYVhHGZwM7n/+xOPqJX27VUdoP76SRu8cyg83pNCmNy+3Uuw4w0bWnYI2ZxKhXHtt3Zm2w5mSUG1M5tIFmHqp2Xs1o/PpSN4JfQwvBWOoNeID8PwTjqCL8n6YphgKx7zf9D3KHIlxPn+EtrN/qLwzRLs126jKIyh9f6q8N3agLEh4R5uKIAR+Q7dVcy3rvpg76iMuQj/VBYKRS8PZ5urL7T8gis0c/78r09f0+0jNE+7U5kxiv9Mp5/aAULb5Zw3eLQEls4juroXjx9rX3x3OkxZt+n+M7w5k+Rz8239d5jNuPVmf+XgJHWc6J/EfiEYVfABrdeyOWNuzmcHZOeH2hww+z/Kym++CeY1OcUNc5/gUtofjO4Pu9KObInW7/EeScaI24K6Mxqt/2j0Cj+HGXclDLyZTIar6xnsjmrr78UjTE/DvtBS2384IfG7LhFuRwBP87FDQ0JBEB4N7qW2Bm0zr/+tewj/g3n7FPP2SKpa/1kLo/2m5/Sj6tIw5/aP6zzXUjcvtv2rRJnVNozmNGcuxLvpTXNXtJ6zrY2hhzl7t8ly7dhngXDONWMmal94etiZAAB4og9Pe9TQMkNLDC0vHNLCHis4LLFcoJs9BVyJMlE7c3HQ3LaO7/dff3yffdhP0kJw4eSwvHIUPmgDzbexomLoml4dP14vKd72vU46gF06qqu4H9nK/gcAAP//AQAA//8nLRwTIhoAAA==\nruncmd:\n - echo \"Configuring bastion...\" | tee /root/bastion/bastion.txt\n - bash /root/bastion/bastion.sh\n - pip install oci-cli --upgrade pip\n - echo \"export OCI_CLI_AUTH=instance_principal\" \u003e\u003e  /home/opc/.bashrc\n - touch /home/opc/bastion.finish",
                            "part.0.content_type": "text/cloud-config",
                            "part.0.filename": "bastion.yaml",
                            "part.0.merge_type": "",
                            "rendered": "H4sIAAAAAAAA/3SWSY+jXLL395bqO6B8lu7Mw2DAZKtawmCbyYANGMymxHDMYGYOo/rDv8qqp94u9b2XBXAi/hH6nYjNX6grBCv0bi8N/MTKoUBZE3QIlNkM439iYT1UcdAt398u8uV4MBxd5G+Pt83X6f0Ouz6rq0+M+MC/bb5t3t//FH3b/O4tZn1T9xn6qQ0QCqK0hBX6J/bMClgFJfz+Fgb9V/pjCcri7T+VdhdU/RN278cqquOsSj4xNszQH4Kf2AjOCERFPcTvUV09s+Tb5pKV8H8A/oUJdbN0WZIijMQJ9h9fb+4fmNEFUQExoe6augu+QLCgikHdYcHzmRVZgGD/gWF8UWA/i3usgz3sRhh/bP7CtCyCVQ9jbKhi2GEohZhTZSPs+qDATNiVWd9nI/ytw8YvHCzosT6tpwoLEJYi1HwCUPf9R/0T5SOqS1D80vdgaIrN5q8/77dpgugVJPDH0MQB+ppAN8A/gkkXxP8V7T83GPaOVajBfv40C0rr6r3Jmg3KSrjWFfzE+KFHXVBkAbCWuILLZjN1GYI/vhbVf27+wnqIhgbroy5r0K82AUo/sTfQ1TUCf2/x9/ejT982GIZhzd9DqKv+E3vDWRz/FYf/f6tvyZo12zDoIbP7lYt+bfgT+/fPI4ZJu17m/34AMz92LgiXhAJdtxUCEDSZcGXD2CR4j+ZP7Dwc/JY4n5pEmiaZXkd1GO44IQ6Q1VIAPMFi9cxQ9FE/nqwlH1fOkut92y3dyFy1MDZOO0FVu0Ew2pqyl70mrq7NgLyJTGIV7wt8XcMkv9NH22sup8f9roovCwaMcbrhO95Ma1H084Mc6GHttJkKsky5N+dDeL8zF94TxG3vtaf8AflwKOSVme8D5/InnLwKSX3U3KK/Skk3thywCiWxg2JWFMVtgqdDd1Zv3/yBSbXGmjLzeAmMvnoGoco35GPC5ylDxg0SigtCoRQrky6nZnyo3M3PD4e8iMdadkZn7Za8TyU2pG6KptdMymYDapmHLaim4iyMcirUa3ub0OWu1dM13z1WmzWQI8H+Ai13ap1DdO6qqyIr+zby9tI4stuj4kG53UNvDyZqBVXZWPZpAXgdtfQFuHIAuosLJG5qiJBubtZNxZHleQ21dYtnxKfjeasZM8kf87Ijg9kjz3tOdfIsHCsAQNNyOCdrHd5HBUGH0ws6BP1wunaHooC6d10a2sSdsidCeUA1Oi4gOlbkckL+yvR9qwYlaZbtcDxcdqHEkM2Bx7elfSBUfjJ0Ry0JkqW8dT7UN/csO9qsnUnypTtddogFPwpGJxNr7fUKmtPDE55aNZkCHW1ra8sfqf7UQZ4ap8OJts6IVB/QIIiicfe+7bdOzuy9TPAYVgTcPcTDXTh3W2Iyh+WqFdMiMvrNFlRffB0F33TROBRzEwcVd13XVyXbrt/2SNX4VWB5YfeAhd5yYJtWiT7Tua/IbR8SI+JMX4xGcwhjLRbxgdperZ3h7K07c1DUTLXd076gFX8l6jHone1Y664gZV4da4/iTPshBdrevmxnvNXx0nfDiFlx9USUdITT96p1jAytw0RRF5EU7dcNnaZEuXGjc3PyicoaductLNQO6inKhVdM9eoy6mIUu3imL8V9rtsdzVRhWF9InBuKWaaNR0jZVpmg5GmRx3PapkF63s9uaPq3u3PbEhNoWu+qNxLdh9vY4MvROo59BOlHzfXsqSKzlvPC2yn27XIXI7TzSSaSTlV4PboRr0TqI9XP7apKlth61eOqc1B26VbGQcmY0nI9Aj+9PAiDoYw0yF8HuatW6W6XWtmajzx3kx6XB3luNST7jW6/wihfa5+bhhWurHa+nZ6FIVWldmSKzhML4rkM1pojb5Wjl9/CRRDrWxP47X3ykj6UlBlKg0+L50vK5ualyZ6iQSiAGE4v172nWqxr1sSsqWWkzfkASq/PzaPuol2Ld2Ih0vu0ELsyuxhFHFbDpYugSEGE332/23ES5+asmRxAPgbTQhWpwqn8mJvX67nXWsdtGYdWw7JGVRLvt+E0ZqtJMCS3T2+DaD6NYaW6WEzxiSPpmksPMVlfT/bICadbtTZsmFSaHD/gepAWmyDk4kjvM1sRZeqCF1HlI9wWj0xcdrF5lNJ4ifqHUTeWeQ7S4XFPpbM/XdgKbGfDbBWPZO9OXJssY92GfbQke6rRhVJftpQzTLsJD93qIZP+rKaehBDll+REl5ZzJi40kk+l1Dak1xM1MBtL3ynP6zQeXKPWoSzuzcnOW0HbV8yjSRN1ZtcnJ1KqJBezWW2PqNNBq03rTesJkslVeUm5J9PudSpItGO6u9GDKvO37ZWN79FCdWOTsEx2Ga45uB8e6s3amz49dBpr75OsxyPA7juce+JbPNePW9ahX3M2cpeGBgHvaCHtTxTUrsei3+VDV3v5zHUeNVPGa/bRttpe2Il+bW/rnqS4mM71wbyXz62XKJIbMQo4PrPj4/7kD10MF8PVh7WMJN+AEplO03YF6lJutwJ8EEbk6BENEgfVz9zYmQOnGqFcuSw4QisKZHKnMpe5RYDMcSHfSmcvKkRt8W056Ji56vOy69i9k9tHII7oYJHUfic/z6yWnobbdDD37Em84srheNjpbOuShxJfO7BFcMpBQlXsyTRJS20CQLy0GpAlDaycQfJEg8Bk1tVz8mhEI9ndlOqu12upn6Nh1sbG9nQPKczaPcg0XQsW7YuFjdMq8URDdy9lUHA7iDKf5w+7OuFMyNnXy0vXRAEfJV0TpKzfadopqpWeO9wX5VIc2YiSrpQWGCyIn09qeT7j1MRfyrSD1jRKsmOWibiGcK5LrS6LXWwSu1GNWXJ0dkxywpm2HXYSV6kgiXjeBIC/8jwA+0q7Tbac1jzPf/++6YYqKuPPDfaOwSitsTfhpy8buqxKsN/25+PjDfs3hiDE/nd7hGb01SAM+vT/UPTpl6DJGiyrehQUBVZH2XtUZNj7+98u7yv7Hww4N3WHMEOQfwia/IN3bOn7z9Iqgj+aLquirAmKN+xf/8IwkNYlBHUTgY8vhC76aoPqIUr/SP0meWZV1qf/7fHf379t/l8AAAD//5kSADVCDAAA"
                        },
                        "meta": {},
                        "tainted": false
                    },
                    "deposed": [],
                    "provider": "provider.template"
                },
                "data.template_file.bastion_cloud_init_file": {
                    "type": "template_file",
                    "depends_on": [
                        "data.template_file.bastion_template"
                    ],
                    "primary": {
                        "id": "0c8a6de08fab8e0a801556e8c4931d9b1aad2404c69987d67400d3e29da5c3c5",
                        "attributes": {
                            "id": "0c8a6de08fab8e0a801556e8c4931d9b1aad2404c69987d67400d3e29da5c3c5",
                            "rendered": "# Copyright 2017, 2019, Oracle Corporation and/or affiliates.  All rights reserved.\n# Licensed under the Universal Permissive License v 1.0 as shown at http://oss.oracle.com/licenses/upl\n\n#cloud-config\npackage_update: true\npackage_upgrade: true\npackages:\n  - ntp \n  - python-pip\ntimezone: Australia/Sydney\n\nwrite_files:\n# setup script\n  - path: \"/root/bastion/bastion.sh\"\n    permissions: \"0700\"\n    encoding: \"gzip+base64\"\n    content: |\n      H4sIAAAAAAAA/6xY4W/byg3/rr+Ca/apiCQ7bdP1AX5AF7xuBZq1GFpgHwwI5zvKuuV01Due7Lh//XCS7NiOJNvNEFSyjvz9SIo8qryrv6QLbdOF4CKKruCOqo3Ty8LDzWT6/jpcP1zDVyekQbgjV5ETXpMFYVVKDkSea6OFR04APhoDDZjBIaNboUqiK/iiJVpGBbVV6MAXCD+sXqFjYeAbulIz6xVu9WAF02QCgoELWlsQHgrvq9/SlJgTalxJJJWpafU5rSsTRZu6hLpSwiPEMaOsnfabKAp2Yw0xwitORe1JW/bCmDnP5mwpvYK9RZjBBjldvoIUvUzryjshH7b3RJLNo6h7iutq6YTCKPJUy6JFlKQqRwtMVLowQj4YzT7OtUHesMeSWwqUBcGrnQJIJ8qcX8Hvv7+EJXeIq8eX8/w3z/nmpSTFy/0ocq5M/WIa/rMW/H9wp1b5pRSRK0tSXXp3+WlfcAhvG+LOx2AEjmr2axX2G89KUjibvn///pq909ILr0scl15bwkeU15YUrq4tca3VrrhbT1V3Tw1JYeKcEy/cEn2yFtZz6ssqKam2PmquEBM4bH62pBA0+mTB1KAwONUKm1273XzxBoRWGIULxLG22kNUriBdCZcavUiDoLkkapFYXCfLnwPC5c+oS+AE3sFreA3vwBF5SGt2KYeO11lpW8ZTZqUj68XiCX67D/9Vb0b4bxr+1wPuyQLlwyD6NRTCKZDkECZPWtvulxpdan9QzzknITWZqstKLAzC7AC4YelNq9/+hngNx5jZJIqsb1vt9PZDcvPubdLdD0u3+QS4OU8SV6BJKiKTWF8l5JZz1ovasU+voNWCHiXodLYlG5Zb3/qsTM+x0qN0mZWbc6z0KF1m5c05VnqUOitzuw33MD2DTkRtFwgJR9vURUjw3ip74Xy7eLBKFcjCkd3sKyvNDcdW0iNylVxoq456nbboM209ulxI5OYb3TSmgtgfS2EGhqhahG8xWbPZRVUR+1w/pqXQNpH5sb+dOAmvSEvsce5Yo9s7Fn2iq9XbRFdZTm4dtt4Z26cHFnbQEWcAJcKYhNGqzKHSDqXnYQN9eIW5qI0/m6PHyQE/ZhMY1O63OhajkBIrnzHVTmLmqPYjjWgs0IuIxqLtIZpNTkbcjzoZ9wuzez7LGRFflOHnmLE6lrXDl1fyuSzjtXzIckZqeyCDoRpaZqVwXgsbHJxeHuZ5DGMh7jPMpifDO1J/1uFkWWVhLdNLSw6zhSOhpGB/mXsjPENWt4q0rDlD58hlDrmiMOldbnuMrceD3et0VZZr49H9Wj7PgB/jvawy3lhJ9KAvjPQQGsLqUWq6U5Kbmotngd8+bwvizP16298hRuDPfOuz3rdDh0w925o9hBd2oQFTv9CFRnzp7bgnLIdYezBHyT11IlE58iTJDI3M0lcnZt0TDE6dmrdPEHhdycsYOopSPGahuYVhHGZwM7n/+xOPqJX27VUdoP76SRu8cyg83pNCmNy+3Uuw4w0bWnYI2ZxKhXHtt3Zm2w5mSUG1M5tIFmHqp2Xs1o/PpSN4JfQwvBWOoNeID8PwTjqCL8n6YphgKx7zf9D3KHIlxPn+EtrN/qLwzRLs126jKIyh9f6q8N3agLEh4R5uKIAR+Q7dVcy3rvpg76iMuQj/VBYKRS8PZ5urL7T8gis0c/78r09f0+0jNE+7U5kxiv9Mp5/aAULb5Zw3eLQEls4juroXjx9rX3x3OkxZt+n+M7w5k+Rz8239d5jNuPVmf+XgJHWc6J/EfiEYVfABrdeyOWNuzmcHZOeH2hww+z/Kym++CeY1OcUNc5/gUtofjO4Pu9KObInW7/EeScaI24K6Mxqt/2j0Cj+HGXclDLyZTIar6xnsjmrr78UjTE/DvtBS2384IfG7LhFuRwBP87FDQ0JBEB4N7qW2Bm0zr/+tewj/g3n7FPP2SKpa/1kLo/2m5/Sj6tIw5/aP6zzXUjcvtv2rRJnVNozmNGcuxLvpTXNXtJ6zrY2hhzl7t8ly7dhngXDONWMmal94etiZAAB4og9Pe9TQMkNLDC0vHNLCHis4LLFcoJs9BVyJMlE7c3HQ3LaO7/dff3yffdhP0kJw4eSwvHIUPmgDzbexomLoml4dP14vKd72vU46gF06qqu4H9nK/gcAAP//AQAA//8nLRwTIhoAAA==\nruncmd:\n - echo \"Configuring bastion...\" | tee /root/bastion/bastion.txt\n - bash /root/bastion/bastion.sh\n - pip install oci-cli --upgrade pip\n - echo \"export OCI_CLI_AUTH=instance_principal\" \u003e\u003e  /home/opc/.bashrc\n - touch /home/opc/bastion.finish",
                            "template": "# Copyright 2017, 2019, Oracle Corporation and/or affiliates.  All rights reserved.\n# Licensed under the Universal Permissive License v 1.0 as shown at http://oss.oracle.com/licenses/upl\n\n#cloud-config\npackage_update: true\npackage_upgrade: true\npackages:\n  - ntp \n  - python-pip\ntimezone: Australia/Sydney\n\nwrite_files:\n# setup script\n  - path: \"/root/bastion/bastion.sh\"\n    permissions: \"0700\"\n    encoding: \"gzip+base64\"\n    content: |\n      ${bastion_sh_content}\nruncmd:\n - echo \"Configuring bastion...\" | tee /root/bastion/bastion.txt\n - bash /root/bastion/bastion.sh\n - pip install oci-cli --upgrade pip\n - echo \"export OCI_CLI_AUTH=instance_principal\" \u003e\u003e  /home/${user}/.bashrc\n - touch /home/${user}/bastion.finish",
                            "vars.%": "2",
                            "vars.bastion_sh_content": "H4sIAAAAAAAA/6xY4W/byg3/rr+Ca/apiCQ7bdP1AX5AF7xuBZq1GFpgHwwI5zvKuuV01Due7Lh//XCS7NiOJNvNEFSyjvz9SIo8qryrv6QLbdOF4CKKruCOqo3Ty8LDzWT6/jpcP1zDVyekQbgjV5ETXpMFYVVKDkSea6OFR04APhoDDZjBIaNboUqiK/iiJVpGBbVV6MAXCD+sXqFjYeAbulIz6xVu9WAF02QCgoELWlsQHgrvq9/SlJgTalxJJJWpafU5rSsTRZu6hLpSwiPEMaOsnfabKAp2Yw0xwitORe1JW/bCmDnP5mwpvYK9RZjBBjldvoIUvUzryjshH7b3RJLNo6h7iutq6YTCKPJUy6JFlKQqRwtMVLowQj4YzT7OtUHesMeSWwqUBcGrnQJIJ8qcX8Hvv7+EJXeIq8eX8/w3z/nmpSTFy/0ocq5M/WIa/rMW/H9wp1b5pRSRK0tSXXp3+WlfcAhvG+LOx2AEjmr2axX2G89KUjibvn///pq909ILr0scl15bwkeU15YUrq4tca3VrrhbT1V3Tw1JYeKcEy/cEn2yFtZz6ssqKam2PmquEBM4bH62pBA0+mTB1KAwONUKm1273XzxBoRWGIULxLG22kNUriBdCZcavUiDoLkkapFYXCfLnwPC5c+oS+AE3sFreA3vwBF5SGt2KYeO11lpW8ZTZqUj68XiCX67D/9Vb0b4bxr+1wPuyQLlwyD6NRTCKZDkECZPWtvulxpdan9QzzknITWZqstKLAzC7AC4YelNq9/+hngNx5jZJIqsb1vt9PZDcvPubdLdD0u3+QS4OU8SV6BJKiKTWF8l5JZz1ovasU+voNWCHiXodLYlG5Zb3/qsTM+x0qN0mZWbc6z0KF1m5c05VnqUOitzuw33MD2DTkRtFwgJR9vURUjw3ip74Xy7eLBKFcjCkd3sKyvNDcdW0iNylVxoq456nbboM209ulxI5OYb3TSmgtgfS2EGhqhahG8xWbPZRVUR+1w/pqXQNpH5sb+dOAmvSEvsce5Yo9s7Fn2iq9XbRFdZTm4dtt4Z26cHFnbQEWcAJcKYhNGqzKHSDqXnYQN9eIW5qI0/m6PHyQE/ZhMY1O63OhajkBIrnzHVTmLmqPYjjWgs0IuIxqLtIZpNTkbcjzoZ9wuzez7LGRFflOHnmLE6lrXDl1fyuSzjtXzIckZqeyCDoRpaZqVwXgsbHJxeHuZ5DGMh7jPMpifDO1J/1uFkWWVhLdNLSw6zhSOhpGB/mXsjPENWt4q0rDlD58hlDrmiMOldbnuMrceD3et0VZZr49H9Wj7PgB/jvawy3lhJ9KAvjPQQGsLqUWq6U5Kbmotngd8+bwvizP16298hRuDPfOuz3rdDh0w925o9hBd2oQFTv9CFRnzp7bgnLIdYezBHyT11IlE58iTJDI3M0lcnZt0TDE6dmrdPEHhdycsYOopSPGahuYVhHGZwM7n/+xOPqJX27VUdoP76SRu8cyg83pNCmNy+3Uuw4w0bWnYI2ZxKhXHtt3Zm2w5mSUG1M5tIFmHqp2Xs1o/PpSN4JfQwvBWOoNeID8PwTjqCL8n6YphgKx7zf9D3KHIlxPn+EtrN/qLwzRLs126jKIyh9f6q8N3agLEh4R5uKIAR+Q7dVcy3rvpg76iMuQj/VBYKRS8PZ5urL7T8gis0c/78r09f0+0jNE+7U5kxiv9Mp5/aAULb5Zw3eLQEls4juroXjx9rX3x3OkxZt+n+M7w5k+Rz8239d5jNuPVmf+XgJHWc6J/EfiEYVfABrdeyOWNuzmcHZOeH2hww+z/Kym++CeY1OcUNc5/gUtofjO4Pu9KObInW7/EeScaI24K6Mxqt/2j0Cj+HGXclDLyZTIar6xnsjmrr78UjTE/DvtBS2384IfG7LhFuRwBP87FDQ0JBEB4N7qW2Bm0zr/+tewj/g3n7FPP2SKpa/1kLo/2m5/Sj6tIw5/aP6zzXUjcvtv2rRJnVNozmNGcuxLvpTXNXtJ6zrY2hhzl7t8ly7dhngXDONWMmal94etiZAAB4og9Pe9TQMkNLDC0vHNLCHis4LLFcoJs9BVyJMlE7c3HQ3LaO7/dff3yffdhP0kJw4eSwvHIUPmgDzbexomLoml4dP14vKd72vU46gF06qqu4H9nK/gcAAP//AQAA//8nLRwTIhoAAA==",
                            "vars.user": "opc"
                        },
                        "meta": {},
                        "tainted": false
                    },
                    "deposed": [],
                    "provider": "provider.template"
                },
                "data.template_file.bastion_template": {
                    "type": "template_file",
                    "depends_on": [],
                    "primary": {
                        "id": "eed313f844b10498d63c5271230c904598fa8d9556da9a5826d51cde00b470aa",
                        "attributes": {
                            "id": "eed313f844b10498d63c5271230c904598fa8d9556da9a5826d51cde00b470aa",
                            "rendered": "#!/bin/bash\n\n# Copyright 2017, 2019, Oracle Corporation and/or affiliates.  All rights reserved.\n# Licensed under the Universal Permissive License v 1.0 as shown at http://oss.oracle.com/licenses/upl\n\nyum update --security\n\nsed -i -e \"s/autoinstall\\s=\\sno/# autoinstall = yes/g\" /etc/uptrack/uptrack.conf\n\nuptrack-upgrade\n\ntouch /etc/modprobe.d/blacklist-filesystems.conf\necho \"blacklist cramfs\" \u003e\u003e /etc/modprobe.d/blacklist-filesystems.conf\necho \"blacklist freevxfs\" \u003e\u003e /etc/modprobe.d/blacklist-filesystems.conf\necho \"blacklist jffs2\" \u003e\u003e /etc/modprobe.d/blacklist-filesystems.conf\necho \"blacklist hfs\" \u003e\u003e /etc/modprobe.d/blacklist-filesystems.conf\necho \"blacklist hfsplus\" \u003e\u003e /etc/modprobe.d/blacklist-filesystems.conf\necho \"blacklist squashfs\" \u003e\u003e /etc/modprobe.d/blacklist-filesystems.conf\necho \"blacklist udf\" \u003e\u003e /etc/modprobe.d/blacklist-filesystems.conf\n\nrmmod cramfs freevxfs jffs2 hfs hfsplus squashfs udf \n\nsed -i -e \"s/Options=mode=1777,strictatime/Options=mode=1777,strictatime,noexec,nodev,nosuid/g\" /etc/systemd/system/local-fs.target.wants/tmp.mount\nmount -o remount,nodev /tmp\nmount -o remount,nosuid /tmp\nmount -o remount,noexec /tmp\n\nyum install -y aide\naide --init \nmv /var/lib/aide/aide.db.new.gz /var/lib/aide/aide.db.gz\n\necho \"0 5 * * 5 root /usr/sbin/aide --update\" \u003e\u003e /etc/crontab\n\necho \"0 6 * * 5 root mv /var/lib/aide/aide.db.new.gz /var/lib/aide/aide.db.gz\" \u003e\u003e /etc/crontab\n\necho \"0 2 * * * root /usr/sbin/aide --check\" \u003e\u003e /etc/crontab\n\necho \"* hard core 0\" \u003e\u003e /etc/security/limits.conf\necho \"fs.suid_dumpable = 0\" \u003e\u003e /etc/sysctl.conf\nsysctl -w fs.suid_dumpable=0\n\nntpdate 169.254.169.254\nsed -i -e \"s/server\\s0.rhel.pool.ntp.org\\siburst/# server 0.rhel.pool.ntp.org iburst/g\" /etc/ntp.conf\nsed -i -e \"s/server\\s1.rhel.pool.ntp.org\\siburst/# server 1.rhel.pool.ntp.org iburst/g\" /etc/ntp.conf\nsed -i -e \"s/server\\s2.rhel.pool.ntp.org\\siburst/# server 2.rhel.pool.ntp.org iburst/g\" /etc/ntp.conf\nsed -i -e \"s/server\\s3.rhel.pool.ntp.org\\siburst/# server 3.rhel.pool.ntp.org iburst\\nserver 169.254.169.254 iburst/g\" /etc/ntp.conf\n\nsystemctl enable ntpd\nsystemctl start ntpd\n\nsystemctl stop chronyd\nsystemctl disable chronyd\n\nsystemctl disable rpcbind\n\nsed -i -e \"s/inet_interfaces\\s=\\slocalhost/inet_interfaces = loopback-only/g\" /etc/postfix/main.cf\nsystemctl stop postfix.service\nsystemctl disable postfix.service\n\necho \"net.ipv4.ip_forward = 0\" \u003e\u003e /etc/sysctl.conf\nsysctl -w net.ipv4.ip_forward=0\n\necho \"net.ipv4.conf.all.send_redirects = 0\" \u003e\u003e /etc/sysctl.conf\necho \"net.ipv4.conf.default.send_redirects = 0\" \u003e\u003e /etc/sysctl.conf\nsysctl -w net.ipv4.conf.all.send_redirects=0 \nsysctl -w net.ipv4.conf.default.send_redirects=0\n\necho \"net.ipv4.conf.all.accept_source_route = 0\" \u003e\u003e /etc/sysctl.conf\necho \"net.ipv4.conf.default.accept_source_route = 0\" \u003e\u003e /etc/sysctl.conf\nsysctl -w net.ipv4.conf.all.accept_source_route=0\nsysctl -w net.ipv4.conf.default.accept_source_route=0\n\n\necho \"net.ipv4.conf.all.accept_redirects = 0\" \u003e\u003e /etc/sysctl.conf\necho \"net.ipv4.conf.default.accept_redirects = 0\" \u003e\u003e /etc/sysctl.conf\nsysctl -w net.ipv4.conf.all.accept_redirects=0 \nsysctl -w net.ipv4.conf.default.accept_redirects=0\n\necho \"net.ipv4.conf.all.secure_redirects = 0\" \u003e\u003e /etc/sysctl.conf\necho \"net.ipv4.conf.default.secure_redirects = 0\" \u003e\u003e /etc/sysctl.conf\nsysctl -w net.ipv4.conf.all.secure_redirects=0\nsysctl -w net.ipv4.conf.default.secure_redirects=0\n\necho \"net.ipv4.conf.all.log_martians = 1\" \u003e\u003e /etc/sysctl.conf\necho \"net.ipv4.conf.default.log_martians = 1\" \u003e\u003e /etc/sysctl.conf\nsysctl -w net.ipv4.conf.all.log_martians=1\nsysctl -w net.ipv4.conf.default.log_martians=1\n\necho \"net.ipv4.icmp_echo_ignore_broadcasts = 1\" \u003e\u003e /etc/sysctl.conf\nsysctl -w net.ipv4.icmp_echo_ignore_broadcasts=1\n\necho \"net.ipv4.icmp_ignore_bogus_error_responses = 1\" \u003e\u003e /etc/sysctl.conf\nsysctl -w net.ipv4.icmp_ignore_bogus_error_responses=1\n\necho \"net.ipv4.conf.all.rp_filter = 1\" \u003e\u003e /etc/sysctl.conf\necho \"net.ipv4.conf.default.rp_filter = 1\" \u003e\u003e /etc/sysctl.conf\n\necho \"net.ipv4.tcp_syncookies = 1\" \u003e\u003e /etc/sysctl.conf\nsysctl -w net.ipv4.tcp_syncookies=1\n\nsysctl -w net.ipv4.route.flush=1\n\necho \"net.ipv6.conf.all.accept_ra = 0\" \u003e\u003e /etc/sysctl.conf\necho \"net.ipv6.conf.default.accept_ra = 0\" \u003e\u003e /etc/sysctl.conf\nsysctl -w net.ipv6.conf.all.accept_ra=0\nsysctl -w net.ipv6.conf.default.accept_ra=0\n\necho \"net.ipv6.conf.all.accept_redirects = 0\" \u003e\u003e /etc/sysctl.conf\necho \"net.ipv6.conf.default.accept_redirects = 0\" \u003e\u003e /etc/sysctl.conf\nsysctl -w net.ipv6.conf.all.accept_redirects=0 \nsysctl -w net.ipv6.conf.default.accept_redirects=0\n\nsysctl -w net.ipv6.route.flush=1\n\ntouch /etc/modprobe.d/blacklist-protocols.conf\necho \"blacklist sctp\" \u003e\u003e /etc/modprobe.d/blacklist-protocols.conf\necho \"blacklist rds\" \u003e\u003e /etc/modprobe.d/blacklist-protocols.conf\necho \"blacklist tipc\" \u003e\u003e /etc/modprobe.d/blacklist-protocols.conf\n\necho \"max_log_file = 20MB\" \u003e\u003e /etc/audit/auditd.conf\n\necho \"$FileCreateMode 0640\" \u003e\u003e /etc/rsyslog.conf\n\nchown root:root /etc/cron.hourly\nchmod og-rwx /etc/cron.hourly\n\nchown root:root /etc/cron.daily\nchmod og-rwx /etc/cron.daily\n\nchown root:root /etc/cron.weekly\nchmod og-rwx /etc/cron.weekly\n\nchown root:root /etc/cron.monthly\nchmod og-rwx /etc/cron.monthly\n\nchown root:root /etc/cron.d\nchmod og-rwx /etc/cron.d\n\nrm -f /etc/cron.deny\nrm -f /etc/at.deny \ntouch /etc/cron.allow\ntouch /etc/at.allow\nchmod og-rwx /etc/cron.allow\nchmod og-rwx /etc/at.allow\nchown root:root /etc/cron.allow\nchown root:root /etc/at.allow\n\necho \"Protocol 2\" \u003e\u003e /etc/ssh/sshd_config\nsed -i -e \"s/#LogLevel\\sINFO/LogLevel INFO/g\" /etc/ssh/sshd_config\nsed -i -e \"s/X11Forwarding\\syes/X11Forwarding no/g\" /etc/ssh/sshd_config\nsed -i -e \"s/#MaxAuthTries\\s6/MaxAuthTries 3/g\" /etc/ssh/sshd_config\nsed -i -e \"s/#IgnoreRhosts\\syes/IgnoreRhosts yes/g\" /etc/ssh/sshd_config\nsed -i -e \"s/#HostbasedAuthentication\\sno/HostbasedAuthentication no/g\" /etc/ssh/sshd_config\nsed -i -e \"s/#PermitEmptyPasswords\\sno/PermitEmptyPasswords no/g\" /etc/ssh/sshd_config\nsed -i -e \"s/#PermitUserEnvironment\\sno/PermitUserEnvironment no/g\" /etc/ssh/sshd_config\necho \"ClientAliveInterval 300\" \u003e\u003e /etc/ssh/sshd_config\necho \"ClientAliveCountMax 100\" \u003e\u003e /etc/ssh/sshd_config\necho \"LoginGraceTime 60\" \u003e\u003e /etc/ssh/sshd_config\nsystemctl reload sshd\n\nsed -i -e \"s/minlen\\s=\\s8/minlen = 14/g\" /etc/security/pwquality.conf\nsed -i -e \"s/password\\s\\s\\s\\ssufficient\\s\\s\\s\\spam_unix.so\\ssha512\\sshadow\\snullok\\stry_first_pass\\suse_authtok/password    sufficient    pam_unix.so sha512 shadow nullok try_first_pass use_authtok remember=4/g\" /etc/pam.d/password-auth\n\necho \"TMOUT=900\" \u003e\u003e /etc/bashrc\necho \"TMOUT=900\" \u003e\u003e /etc/profile\n\nchown root:root /etc/passwd- \nchmod u-x,go-wx /etc/passwd-\n\nchown root:root /etc/group-\nchmod u-x,go-wx /etc/group-",
                            "template": "#!/bin/bash\n\n# Copyright 2017, 2019, Oracle Corporation and/or affiliates.  All rights reserved.\n# Licensed under the Universal Permissive License v 1.0 as shown at http://oss.oracle.com/licenses/upl\n\nyum update --security\n\nsed -i -e \"s/autoinstall\\s=\\sno/# autoinstall = yes/g\" /etc/uptrack/uptrack.conf\n\nuptrack-upgrade\n\ntouch /etc/modprobe.d/blacklist-filesystems.conf\necho \"blacklist cramfs\" \u003e\u003e /etc/modprobe.d/blacklist-filesystems.conf\necho \"blacklist freevxfs\" \u003e\u003e /etc/modprobe.d/blacklist-filesystems.conf\necho \"blacklist jffs2\" \u003e\u003e /etc/modprobe.d/blacklist-filesystems.conf\necho \"blacklist hfs\" \u003e\u003e /etc/modprobe.d/blacklist-filesystems.conf\necho \"blacklist hfsplus\" \u003e\u003e /etc/modprobe.d/blacklist-filesystems.conf\necho \"blacklist squashfs\" \u003e\u003e /etc/modprobe.d/blacklist-filesystems.conf\necho \"blacklist udf\" \u003e\u003e /etc/modprobe.d/blacklist-filesystems.conf\n\nrmmod cramfs freevxfs jffs2 hfs hfsplus squashfs udf \n\nsed -i -e \"s/Options=mode=1777,strictatime/Options=mode=1777,strictatime,noexec,nodev,nosuid/g\" /etc/systemd/system/local-fs.target.wants/tmp.mount\nmount -o remount,nodev /tmp\nmount -o remount,nosuid /tmp\nmount -o remount,noexec /tmp\n\nyum install -y aide\naide --init \nmv /var/lib/aide/aide.db.new.gz /var/lib/aide/aide.db.gz\n\necho \"0 5 * * 5 root /usr/sbin/aide --update\" \u003e\u003e /etc/crontab\n\necho \"0 6 * * 5 root mv /var/lib/aide/aide.db.new.gz /var/lib/aide/aide.db.gz\" \u003e\u003e /etc/crontab\n\necho \"0 2 * * * root /usr/sbin/aide --check\" \u003e\u003e /etc/crontab\n\necho \"* hard core 0\" \u003e\u003e /etc/security/limits.conf\necho \"fs.suid_dumpable = 0\" \u003e\u003e /etc/sysctl.conf\nsysctl -w fs.suid_dumpable=0\n\nntpdate 169.254.169.254\nsed -i -e \"s/server\\s0.rhel.pool.ntp.org\\siburst/# server 0.rhel.pool.ntp.org iburst/g\" /etc/ntp.conf\nsed -i -e \"s/server\\s1.rhel.pool.ntp.org\\siburst/# server 1.rhel.pool.ntp.org iburst/g\" /etc/ntp.conf\nsed -i -e \"s/server\\s2.rhel.pool.ntp.org\\siburst/# server 2.rhel.pool.ntp.org iburst/g\" /etc/ntp.conf\nsed -i -e \"s/server\\s3.rhel.pool.ntp.org\\siburst/# server 3.rhel.pool.ntp.org iburst\\nserver 169.254.169.254 iburst/g\" /etc/ntp.conf\n\nsystemctl enable ntpd\nsystemctl start ntpd\n\nsystemctl stop chronyd\nsystemctl disable chronyd\n\nsystemctl disable rpcbind\n\nsed -i -e \"s/inet_interfaces\\s=\\slocalhost/inet_interfaces = loopback-only/g\" /etc/postfix/main.cf\nsystemctl stop postfix.service\nsystemctl disable postfix.service\n\necho \"net.ipv4.ip_forward = 0\" \u003e\u003e /etc/sysctl.conf\nsysctl -w net.ipv4.ip_forward=0\n\necho \"net.ipv4.conf.all.send_redirects = 0\" \u003e\u003e /etc/sysctl.conf\necho \"net.ipv4.conf.default.send_redirects = 0\" \u003e\u003e /etc/sysctl.conf\nsysctl -w net.ipv4.conf.all.send_redirects=0 \nsysctl -w net.ipv4.conf.default.send_redirects=0\n\necho \"net.ipv4.conf.all.accept_source_route = 0\" \u003e\u003e /etc/sysctl.conf\necho \"net.ipv4.conf.default.accept_source_route = 0\" \u003e\u003e /etc/sysctl.conf\nsysctl -w net.ipv4.conf.all.accept_source_route=0\nsysctl -w net.ipv4.conf.default.accept_source_route=0\n\n\necho \"net.ipv4.conf.all.accept_redirects = 0\" \u003e\u003e /etc/sysctl.conf\necho \"net.ipv4.conf.default.accept_redirects = 0\" \u003e\u003e /etc/sysctl.conf\nsysctl -w net.ipv4.conf.all.accept_redirects=0 \nsysctl -w net.ipv4.conf.default.accept_redirects=0\n\necho \"net.ipv4.conf.all.secure_redirects = 0\" \u003e\u003e /etc/sysctl.conf\necho \"net.ipv4.conf.default.secure_redirects = 0\" \u003e\u003e /etc/sysctl.conf\nsysctl -w net.ipv4.conf.all.secure_redirects=0\nsysctl -w net.ipv4.conf.default.secure_redirects=0\n\necho \"net.ipv4.conf.all.log_martians = 1\" \u003e\u003e /etc/sysctl.conf\necho \"net.ipv4.conf.default.log_martians = 1\" \u003e\u003e /etc/sysctl.conf\nsysctl -w net.ipv4.conf.all.log_martians=1\nsysctl -w net.ipv4.conf.default.log_martians=1\n\necho \"net.ipv4.icmp_echo_ignore_broadcasts = 1\" \u003e\u003e /etc/sysctl.conf\nsysctl -w net.ipv4.icmp_echo_ignore_broadcasts=1\n\necho \"net.ipv4.icmp_ignore_bogus_error_responses = 1\" \u003e\u003e /etc/sysctl.conf\nsysctl -w net.ipv4.icmp_ignore_bogus_error_responses=1\n\necho \"net.ipv4.conf.all.rp_filter = 1\" \u003e\u003e /etc/sysctl.conf\necho \"net.ipv4.conf.default.rp_filter = 1\" \u003e\u003e /etc/sysctl.conf\n\necho \"net.ipv4.tcp_syncookies = 1\" \u003e\u003e /etc/sysctl.conf\nsysctl -w net.ipv4.tcp_syncookies=1\n\nsysctl -w net.ipv4.route.flush=1\n\necho \"net.ipv6.conf.all.accept_ra = 0\" \u003e\u003e /etc/sysctl.conf\necho \"net.ipv6.conf.default.accept_ra = 0\" \u003e\u003e /etc/sysctl.conf\nsysctl -w net.ipv6.conf.all.accept_ra=0\nsysctl -w net.ipv6.conf.default.accept_ra=0\n\necho \"net.ipv6.conf.all.accept_redirects = 0\" \u003e\u003e /etc/sysctl.conf\necho \"net.ipv6.conf.default.accept_redirects = 0\" \u003e\u003e /etc/sysctl.conf\nsysctl -w net.ipv6.conf.all.accept_redirects=0 \nsysctl -w net.ipv6.conf.default.accept_redirects=0\n\nsysctl -w net.ipv6.route.flush=1\n\ntouch /etc/modprobe.d/blacklist-protocols.conf\necho \"blacklist sctp\" \u003e\u003e /etc/modprobe.d/blacklist-protocols.conf\necho \"blacklist rds\" \u003e\u003e /etc/modprobe.d/blacklist-protocols.conf\necho \"blacklist tipc\" \u003e\u003e /etc/modprobe.d/blacklist-protocols.conf\n\necho \"max_log_file = 20MB\" \u003e\u003e /etc/audit/auditd.conf\n\necho \"$FileCreateMode 0640\" \u003e\u003e /etc/rsyslog.conf\n\nchown root:root /etc/cron.hourly\nchmod og-rwx /etc/cron.hourly\n\nchown root:root /etc/cron.daily\nchmod og-rwx /etc/cron.daily\n\nchown root:root /etc/cron.weekly\nchmod og-rwx /etc/cron.weekly\n\nchown root:root /etc/cron.monthly\nchmod og-rwx /etc/cron.monthly\n\nchown root:root /etc/cron.d\nchmod og-rwx /etc/cron.d\n\nrm -f /etc/cron.deny\nrm -f /etc/at.deny \ntouch /etc/cron.allow\ntouch /etc/at.allow\nchmod og-rwx /etc/cron.allow\nchmod og-rwx /etc/at.allow\nchown root:root /etc/cron.allow\nchown root:root /etc/at.allow\n\necho \"Protocol 2\" \u003e\u003e /etc/ssh/sshd_config\nsed -i -e \"s/#LogLevel\\sINFO/LogLevel INFO/g\" /etc/ssh/sshd_config\nsed -i -e \"s/X11Forwarding\\syes/X11Forwarding no/g\" /etc/ssh/sshd_config\nsed -i -e \"s/#MaxAuthTries\\s6/MaxAuthTries 3/g\" /etc/ssh/sshd_config\nsed -i -e \"s/#IgnoreRhosts\\syes/IgnoreRhosts yes/g\" /etc/ssh/sshd_config\nsed -i -e \"s/#HostbasedAuthentication\\sno/HostbasedAuthentication no/g\" /etc/ssh/sshd_config\nsed -i -e \"s/#PermitEmptyPasswords\\sno/PermitEmptyPasswords no/g\" /etc/ssh/sshd_config\nsed -i -e \"s/#PermitUserEnvironment\\sno/PermitUserEnvironment no/g\" /etc/ssh/sshd_config\necho \"ClientAliveInterval 300\" \u003e\u003e /etc/ssh/sshd_config\necho \"ClientAliveCountMax 100\" \u003e\u003e /etc/ssh/sshd_config\necho \"LoginGraceTime 60\" \u003e\u003e /etc/ssh/sshd_config\nsystemctl reload sshd\n\nsed -i -e \"s/minlen\\s=\\s8/minlen = 14/g\" /etc/security/pwquality.conf\nsed -i -e \"s/password\\s\\s\\s\\ssufficient\\s\\s\\s\\spam_unix.so\\ssha512\\sshadow\\snullok\\stry_first_pass\\suse_authtok/password    sufficient    pam_unix.so sha512 shadow nullok try_first_pass use_authtok remember=4/g\" /etc/pam.d/password-auth\n\necho \"TMOUT=900\" \u003e\u003e /etc/bashrc\necho \"TMOUT=900\" \u003e\u003e /etc/profile\n\nchown root:root /etc/passwd- \nchmod u-x,go-wx /etc/passwd-\n\nchown root:root /etc/group-\nchmod u-x,go-wx /etc/group-",
                            "vars.%": "1",
                            "vars.user": "opc"
                        },
                        "meta": {},
                        "tainted": false
                    },
                    "deposed": [],
                    "provider": "provider.template"
                },
                "oci_core_instance.bastion": {
                    "type": "oci_core_instance",
                    "depends_on": [
                        "data.oci_core_images.bastion_images",
                        "data.template_cloudinit_config.bastion",
                        "oci_core_subnet.bastion"
                    ],
                    "primary": {
                        "id": "ocid1.instance.oc1.eu-frankfurt-1.abtheljsjjztf7xj7jjs7n6kdw43tqocx6gxfuq2xgwklufp5lwzmmwppcoa",
                        "attributes": {
                            "availability_domain": "IfzE:EU-FRANKFURT-1-AD-2",
                            "boot_volume_id": "ocid1.bootvolume.oc1.eu-frankfurt-1.abtheljsh2cnmy2ynfyq7x2gdh3aex4oi2xfxxcyundombrqpm3rtuki4q7q",
                            "compartment_id": "ocid1.compartment.oc1..aaaaaaaa7tbvlkrfgwd56t5uqh3bw3j5wm65kq4kyewjp7q4wd6jxexdwgjq",
                            "create_vnic_details.#": "1",
                            "create_vnic_details.0.assign_public_ip": "true",
                            "create_vnic_details.0.defined_tags.%": "0",
                            "create_vnic_details.0.display_name": "oke-bastion-vnic",
                            "create_vnic_details.0.freeform_tags.%": "0",
                            "create_vnic_details.0.hostname_label": "bastion",
                            "create_vnic_details.0.private_ip": "10.0.11.2",
                            "create_vnic_details.0.skip_source_dest_check": "false",
                            "create_vnic_details.0.subnet_id": "ocid1.subnet.oc1.eu-frankfurt-1.aaaaaaaasnzil3uwws3k2lmqaofzmlopmdu34fgm6pkjsfmxqxvuxead5rsa",
                            "defined_tags.%": "0",
                            "display_name": "oke-bastion",
                            "extended_metadata.%": "3",
                            "extended_metadata.ssh_authorized_keys": "ssh-rsa AAAAB3NzaC1yc2EAAAADAQABAAABAQDJIs2yN8yOE/by93733wHGob7L1l0Ly7xzsaxt+NTx8jDStIA4pRTizeYGzx59MsQv1E9rq/+04K4gNYal+GaLYcnFK67JRMG4+z56nmiNwcO0NJAn3sZsa9oARCmvKchO+wQf2bTFn++GvvetBWDqy3UKK8mk3cflBHJ8yJjgn4Ald2NcGw1gNqyLXgk6jZAtStS1epoyNgUWM7skh4v3JB1Q4rPWKQPiX16TNtdoGKT3rMntIk30p4k3TN60nCIEDhr5ZfOcIJLCoiiqqSRjcGers0zQpFlaaJU0TZ33UnTXPDW56dzLiZc5udvc8irk7TI+qz1eydzv/unbgHKb key\n",
                            "extended_metadata.subnet_id": "ocid1.subnet.oc1.eu-frankfurt-1.aaaaaaaasnzil3uwws3k2lmqaofzmlopmdu34fgm6pkjsfmxqxvuxead5rsa",
                            "extended_metadata.user_data": "H4sIAAAAAAAA/3SWSY+jXLL395bqO6B8lu7Mw2DAZKtawmCbyYANGMymxHDMYGYOo/rDv8qqp94u9b2XBXAi/hH6nYjNX6grBCv0bi8N/MTKoUBZE3QIlNkM439iYT1UcdAt398u8uV4MBxd5G+Pt83X6f0Ouz6rq0+M+MC/bb5t3t//FH3b/O4tZn1T9xn6qQ0QCqK0hBX6J/bMClgFJfz+Fgb9V/pjCcri7T+VdhdU/RN278cqquOsSj4xNszQH4Kf2AjOCERFPcTvUV09s+Tb5pKV8H8A/oUJdbN0WZIijMQJ9h9fb+4fmNEFUQExoe6augu+QLCgikHdYcHzmRVZgGD/gWF8UWA/i3usgz3sRhh/bP7CtCyCVQ9jbKhi2GEohZhTZSPs+qDATNiVWd9nI/ytw8YvHCzosT6tpwoLEJYi1HwCUPf9R/0T5SOqS1D80vdgaIrN5q8/77dpgugVJPDH0MQB+ppAN8A/gkkXxP8V7T83GPaOVajBfv40C0rr6r3Jmg3KSrjWFfzE+KFHXVBkAbCWuILLZjN1GYI/vhbVf27+wnqIhgbroy5r0K82AUo/sTfQ1TUCf2/x9/ejT982GIZhzd9DqKv+E3vDWRz/FYf/f6tvyZo12zDoIbP7lYt+bfgT+/fPI4ZJu17m/34AMz92LgiXhAJdtxUCEDSZcGXD2CR4j+ZP7Dwc/JY4n5pEmiaZXkd1GO44IQ6Q1VIAPMFi9cxQ9FE/nqwlH1fOkut92y3dyFy1MDZOO0FVu0Ew2pqyl70mrq7NgLyJTGIV7wt8XcMkv9NH22sup8f9roovCwaMcbrhO95Ma1H084Mc6GHttJkKsky5N+dDeL8zF94TxG3vtaf8AflwKOSVme8D5/InnLwKSX3U3KK/Skk3thywCiWxg2JWFMVtgqdDd1Zv3/yBSbXGmjLzeAmMvnoGoco35GPC5ylDxg0SigtCoRQrky6nZnyo3M3PD4e8iMdadkZn7Za8TyU2pG6KptdMymYDapmHLaim4iyMcirUa3ub0OWu1dM13z1WmzWQI8H+Ai13ap1DdO6qqyIr+zby9tI4stuj4kG53UNvDyZqBVXZWPZpAXgdtfQFuHIAuosLJG5qiJBubtZNxZHleQ21dYtnxKfjeasZM8kf87Ijg9kjz3tOdfIsHCsAQNNyOCdrHd5HBUGH0ws6BP1wunaHooC6d10a2sSdsidCeUA1Oi4gOlbkckL+yvR9qwYlaZbtcDxcdqHEkM2Bx7elfSBUfjJ0Ry0JkqW8dT7UN/csO9qsnUnypTtddogFPwpGJxNr7fUKmtPDE55aNZkCHW1ra8sfqf7UQZ4ap8OJts6IVB/QIIiicfe+7bdOzuy9TPAYVgTcPcTDXTh3W2Iyh+WqFdMiMvrNFlRffB0F33TROBRzEwcVd13XVyXbrt/2SNX4VWB5YfeAhd5yYJtWiT7Tua/IbR8SI+JMX4xGcwhjLRbxgdperZ3h7K07c1DUTLXd076gFX8l6jHone1Y664gZV4da4/iTPshBdrevmxnvNXx0nfDiFlx9USUdITT96p1jAytw0RRF5EU7dcNnaZEuXGjc3PyicoaductLNQO6inKhVdM9eoy6mIUu3imL8V9rtsdzVRhWF9InBuKWaaNR0jZVpmg5GmRx3PapkF63s9uaPq3u3PbEhNoWu+qNxLdh9vY4MvROo59BOlHzfXsqSKzlvPC2yn27XIXI7TzSSaSTlV4PboRr0TqI9XP7apKlth61eOqc1B26VbGQcmY0nI9Aj+9PAiDoYw0yF8HuatW6W6XWtmajzx3kx6XB3luNST7jW6/wihfa5+bhhWurHa+nZ6FIVWldmSKzhML4rkM1pojb5Wjl9/CRRDrWxP47X3ykj6UlBlKg0+L50vK5ualyZ6iQSiAGE4v172nWqxr1sSsqWWkzfkASq/PzaPuol2Ld2Ih0vu0ELsyuxhFHFbDpYugSEGE332/23ES5+asmRxAPgbTQhWpwqn8mJvX67nXWsdtGYdWw7JGVRLvt+E0ZqtJMCS3T2+DaD6NYaW6WEzxiSPpmksPMVlfT/bICadbtTZsmFSaHD/gepAWmyDk4kjvM1sRZeqCF1HlI9wWj0xcdrF5lNJ4ifqHUTeWeQ7S4XFPpbM/XdgKbGfDbBWPZO9OXJssY92GfbQke6rRhVJftpQzTLsJD93qIZP+rKaehBDll+REl5ZzJi40kk+l1Dak1xM1MBtL3ynP6zQeXKPWoSzuzcnOW0HbV8yjSRN1ZtcnJ1KqJBezWW2PqNNBq03rTesJkslVeUm5J9PudSpItGO6u9GDKvO37ZWN79FCdWOTsEx2Ga45uB8e6s3amz49dBpr75OsxyPA7juce+JbPNePW9ahX3M2cpeGBgHvaCHtTxTUrsei3+VDV3v5zHUeNVPGa/bRttpe2Il+bW/rnqS4mM71wbyXz62XKJIbMQo4PrPj4/7kD10MF8PVh7WMJN+AEplO03YF6lJutwJ8EEbk6BENEgfVz9zYmQOnGqFcuSw4QisKZHKnMpe5RYDMcSHfSmcvKkRt8W056Ji56vOy69i9k9tHII7oYJHUfic/z6yWnobbdDD37Em84srheNjpbOuShxJfO7BFcMpBQlXsyTRJS20CQLy0GpAlDaycQfJEg8Bk1tVz8mhEI9ndlOqu12upn6Nh1sbG9nQPKczaPcg0XQsW7YuFjdMq8URDdy9lUHA7iDKf5w+7OuFMyNnXy0vXRAEfJV0TpKzfadopqpWeO9wX5VIc2YiSrpQWGCyIn09qeT7j1MRfyrSD1jRKsmOWibiGcK5LrS6LXWwSu1GNWXJ0dkxywpm2HXYSV6kgiXjeBIC/8jwA+0q7Tbac1jzPf/++6YYqKuPPDfaOwSitsTfhpy8buqxKsN/25+PjDfs3hiDE/nd7hGb01SAM+vT/UPTpl6DJGiyrehQUBVZH2XtUZNj7+98u7yv7Hww4N3WHMEOQfwia/IN3bOn7z9Iqgj+aLquirAmKN+xf/8IwkNYlBHUTgY8vhC76aoPqIUr/SP0meWZV1qf/7fHf379t/l8AAAD//5kSADVCDAAA",
                            "fault_domain": "FAULT-DOMAIN-3",
                            "freeform_tags.%": "0",
                            "hostname_label": "bastion",
                            "id": "ocid1.instance.oc1.eu-frankfurt-1.abtheljsjjztf7xj7jjs7n6kdw43tqocx6gxfuq2xgwklufp5lwzmmwppcoa",
                            "image": "ocid1.image.oc1.eu-frankfurt-1.aaaaaaaandqh4s7a3oe3on6osdbwysgddwqwyghbx4t4ryvtcwk5xikkpvhq",
                            "launch_mode": "NATIVE",
                            "launch_options.#": "1",
                            "launch_options.0.boot_volume_type": "PARAVIRTUALIZED",
                            "launch_options.0.firmware": "UEFI_64",
                            "launch_options.0.network_type": "VFIO",
                            "launch_options.0.remote_data_volume_type": "PARAVIRTUALIZED",
                            "metadata.%": "0",
                            "private_ip": "10.0.11.2",
                            "public_ip": "130.61.115.74",
                            "region": "eu-frankfurt-1",
                            "shape": "VM.Standard2.1",
                            "source_details.#": "1",
                            "source_details.0.boot_volume_size_in_gbs": "47",
                            "source_details.0.kms_key_id": "",
                            "source_details.0.source_id": "ocid1.image.oc1.eu-frankfurt-1.aaaaaaaandqh4s7a3oe3on6osdbwysgddwqwyghbx4t4ryvtcwk5xikkpvhq",
                            "source_details.0.source_type": "image",
                            "state": "RUNNING",
                            "subnet_id": "ocid1.subnet.oc1.eu-frankfurt-1.aaaaaaaasnzil3uwws3k2lmqaofzmlopmdu34fgm6pkjsfmxqxvuxead5rsa",
                            "time_created": "2019-05-17 04:04:31.071 +0000 UTC",
                            "time_maintenance_reboot_due": ""
                        },
                        "meta": {
                            "e2bfb730-ecaa-11e6-8f88-34363bc7c4c0": {
                                "create": 7200000000000,
                                "delete": 7200000000000,
                                "update": 7200000000000
                            }
                        },
                        "tainted": false
                    },
                    "deposed": [],
                    "provider": "provider.oci"
                },
                "oci_core_security_list.bastion": {
                    "type": "oci_core_security_list",
                    "depends_on": [
                        "local.all_protocols",
                        "local.anywhere",
                        "local.ssh_port",
                        "local.tcp_protocol"
                    ],
                    "primary": {
                        "id": "ocid1.securitylist.oc1.eu-frankfurt-1.aaaaaaaaeybrxdzz4qe7erxwxnzrt6nprkszbzemu3sz7kibxwd522kgauja",
                        "attributes": {
                            "compartment_id": "ocid1.compartment.oc1..aaaaaaaa7tbvlkrfgwd56t5uqh3bw3j5wm65kq4kyewjp7q4wd6jxexdwgjq",
                            "defined_tags.%": "0",
                            "display_name": "oke-bastion",
                            "egress_security_rules.#": "1",
                            "egress_security_rules.1582479153.destination": "0.0.0.0/0",
                            "egress_security_rules.1582479153.destination_type": "CIDR_BLOCK",
                            "egress_security_rules.1582479153.icmp_options.#": "0",
                            "egress_security_rules.1582479153.protocol": "all",
                            "egress_security_rules.1582479153.stateless": "false",
                            "egress_security_rules.1582479153.tcp_options.#": "0",
                            "egress_security_rules.1582479153.udp_options.#": "0",
                            "freeform_tags.%": "0",
                            "id": "ocid1.securitylist.oc1.eu-frankfurt-1.aaaaaaaaeybrxdzz4qe7erxwxnzrt6nprkszbzemu3sz7kibxwd522kgauja",
                            "ingress_security_rules.#": "3",
                            "ingress_security_rules.2083665413.icmp_options.#": "0",
                            "ingress_security_rules.2083665413.protocol": "all",
                            "ingress_security_rules.2083665413.source": "10.0.0.0/16",
                            "ingress_security_rules.2083665413.source_type": "CIDR_BLOCK",
                            "ingress_security_rules.2083665413.stateless": "false",
                            "ingress_security_rules.2083665413.tcp_options.#": "0",
                            "ingress_security_rules.2083665413.udp_options.#": "0",
                            "ingress_security_rules.2849740639.icmp_options.#": "0",
                            "ingress_security_rules.2849740639.protocol": "6",
                            "ingress_security_rules.2849740639.source": "0.0.0.0/0",
                            "ingress_security_rules.2849740639.source_type": "CIDR_BLOCK",
                            "ingress_security_rules.2849740639.stateless": "false",
                            "ingress_security_rules.2849740639.tcp_options.#": "1",
                            "ingress_security_rules.2849740639.tcp_options.0.max": "8080",
                            "ingress_security_rules.2849740639.tcp_options.0.min": "8080",
                            "ingress_security_rules.2849740639.tcp_options.0.source_port_range.#": "0",
                            "ingress_security_rules.2849740639.udp_options.#": "0",
                            "ingress_security_rules.47193274.icmp_options.#": "0",
                            "ingress_security_rules.47193274.protocol": "6",
                            "ingress_security_rules.47193274.source": "0.0.0.0/0",
                            "ingress_security_rules.47193274.source_type": "CIDR_BLOCK",
                            "ingress_security_rules.47193274.stateless": "false",
                            "ingress_security_rules.47193274.tcp_options.#": "1",
                            "ingress_security_rules.47193274.tcp_options.0.max": "22",
                            "ingress_security_rules.47193274.tcp_options.0.min": "22",
                            "ingress_security_rules.47193274.tcp_options.0.source_port_range.#": "0",
                            "ingress_security_rules.47193274.udp_options.#": "0",
                            "state": "AVAILABLE",
                            "time_created": "2019-05-17 04:04:24.756 +0000 UTC",
                            "vcn_id": "ocid1.vcn.oc1.eu-frankfurt-1.aaaaaaaax5bkri6lw7wdtu6qxefx234ywk5yk4biqiz4gnosxdhcp3jxpfaa"
                        },
                        "meta": {
                            "e2bfb730-ecaa-11e6-8f88-34363bc7c4c0": {
                                "create": 900000000000,
                                "delete": 900000000000,
                                "update": 900000000000
                            }
                        },
                        "tainted": false
                    },
                    "deposed": [],
                    "provider": "provider.oci"
                },
                "oci_core_subnet.bastion": {
                    "type": "oci_core_subnet",
                    "depends_on": [
                        "oci_core_security_list.bastion"
                    ],
                    "primary": {
                        "id": "ocid1.subnet.oc1.eu-frankfurt-1.aaaaaaaasnzil3uwws3k2lmqaofzmlopmdu34fgm6pkjsfmxqxvuxead5rsa",
                        "attributes": {
                            "availability_domain": "IfzE:EU-FRANKFURT-1-AD-2",
                            "cidr_block": "10.0.11.0/24",
                            "compartment_id": "ocid1.compartment.oc1..aaaaaaaa7tbvlkrfgwd56t5uqh3bw3j5wm65kq4kyewjp7q4wd6jxexdwgjq",
                            "defined_tags.%": "0",
                            "dhcp_options_id": "ocid1.dhcpoptions.oc1.eu-frankfurt-1.aaaaaaaa5wlzyonci4sirxmoacs3w2s5vh4xr35id6bvhsnyqicq67g54rlq",
                            "display_name": "oke-bastion",
                            "dns_label": "bastion",
                            "freeform_tags.%": "0",
                            "id": "ocid1.subnet.oc1.eu-frankfurt-1.aaaaaaaasnzil3uwws3k2lmqaofzmlopmdu34fgm6pkjsfmxqxvuxead5rsa",
                            "prohibit_public_ip_on_vnic": "false",
                            "route_table_id": "ocid1.routetable.oc1.eu-frankfurt-1.aaaaaaaawudqwoit4n5qxgmg2s3zrjsewjfzogwqwshuvmjhfbf5wqcidcpa",
                            "security_list_ids.#": "1",
                            "security_list_ids.3979692740": "ocid1.securitylist.oc1.eu-frankfurt-1.aaaaaaaaeybrxdzz4qe7erxwxnzrt6nprkszbzemu3sz7kibxwd522kgauja",
                            "state": "AVAILABLE",
                            "subnet_domain_name": "bastion.oke.oraclevcn.com",
                            "time_created": "2019-05-17 04:04:29.769 +0000 UTC",
                            "vcn_id": "ocid1.vcn.oc1.eu-frankfurt-1.aaaaaaaax5bkri6lw7wdtu6qxefx234ywk5yk4biqiz4gnosxdhcp3jxpfaa",
                            "virtual_router_ip": "10.0.11.1",
                            "virtual_router_mac": "00:00:17:C3:9E:FE"
                        },
                        "meta": {
                            "e2bfb730-ecaa-11e6-8f88-34363bc7c4c0": {
                                "create": 900000000000,
                                "delete": 900000000000,
                                "update": 900000000000
                            }
                        },
                        "tainted": false
                    },
                    "deposed": [],
                    "provider": "provider.oci"
                }
            },
            "depends_on": []
        },
        {
            "path": [
                "root",
                "base",
                "vcn"
            ],
            "outputs": {
                "ig_route_id": {
                    "sensitive": false,
                    "type": "string",
                    "value": "ocid1.routetable.oc1.eu-frankfurt-1.aaaaaaaawudqwoit4n5qxgmg2s3zrjsewjfzogwqwshuvmjhfbf5wqcidcpa"
                },
                "nat_gateway_id": {
                    "sensitive": false,
                    "type": "string",
                    "value": "ocid1.natgateway.oc1.eu-frankfurt-1.aaaaaaaassy62qon3qj53aehvxxmdqxzvly3slcp5ptotxsbqveu2ixcuupa"
                },
                "nat_route_id": {
                    "sensitive": false,
                    "type": "string",
                    "value": "ocid1.routetable.oc1.eu-frankfurt-1.aaaaaaaavhzmrnljef6ixsrlool35mwjds6cq3dixnosnmf6whwwrvxbzv2a"
                },
                "sg_route_id": {
                    "sensitive": false,
                    "type": "string",
                    "value": "ocid1.routetable.oc1.eu-frankfurt-1.aaaaaaaajokk2weddlltbymg5eunhg3zgdt4wvggesr52u2aruquovyz6m6q"
                },
                "vcn_id": {
                    "sensitive": false,
                    "type": "string",
                    "value": "ocid1.vcn.oc1.eu-frankfurt-1.aaaaaaaax5bkri6lw7wdtu6qxefx234ywk5yk4biqiz4gnosxdhcp3jxpfaa"
                }
            },
            "resources": {
                "data.oci_core_service_gateways.service_gateways": {
                    "type": "oci_core_service_gateways",
                    "depends_on": [
                        "oci_core_vcn.vcn"
                    ],
                    "primary": {
                        "id": "2019-05-17 04:04:23.6407572 +0000 UTC",
                        "attributes": {
                            "compartment_id": "ocid1.compartment.oc1..aaaaaaaa7tbvlkrfgwd56t5uqh3bw3j5wm65kq4kyewjp7q4wd6jxexdwgjq",
                            "id": "2019-05-17 04:04:23.6407572 +0000 UTC",
                            "service_gateways.#": "0",
                            "state": "AVAILABLE",
                            "vcn_id": "ocid1.vcn.oc1.eu-frankfurt-1.aaaaaaaax5bkri6lw7wdtu6qxefx234ywk5yk4biqiz4gnosxdhcp3jxpfaa"
                        },
                        "meta": {},
                        "tainted": false
                    },
                    "deposed": [],
                    "provider": "provider.oci"
                },
                "data.oci_core_services.oci_services_object_storage": {
                    "type": "oci_core_services",
                    "depends_on": [],
                    "primary": {
                        "id": "2019-05-17 04:04:09.2735602 +0000 UTC",
                        "attributes": {
                            "filter.#": "1",
                            "filter.3810912831.name": "name",
                            "filter.3810912831.regex": "true",
                            "filter.3810912831.values.#": "1",
                            "filter.3810912831.values.0": "All .* Services In Oracle Services Network",
                            "id": "2019-05-17 04:04:09.2735602 +0000 UTC",
                            "services.#": "1",
                            "services.0.cidr_block": "all-fra-services-in-oracle-services-network",
                            "services.0.description": "All FRA Services In Oracle Services Network",
                            "services.0.id": "ocid1.service.oc1.eu-frankfurt-1.aaaaaaaa7ncsqkj6lkz36dehifizupyn6qjqsmtepsegs23yyntnsy7qrvea",
                            "services.0.name": "All FRA Services In Oracle Services Network"
                        },
                        "meta": {},
                        "tainted": false
                    },
                    "deposed": [],
                    "provider": "provider.oci"
                },
                "oci_core_internet_gateway.ig": {
                    "type": "oci_core_internet_gateway",
                    "depends_on": [
                        "oci_core_vcn.vcn"
                    ],
                    "primary": {
                        "id": "ocid1.internetgateway.oc1.eu-frankfurt-1.aaaaaaaa4l6vwizscykhb7rncdjnpulzgetjf3vp6nu3jard5hypkhhe7pwq",
                        "attributes": {
                            "compartment_id": "ocid1.compartment.oc1..aaaaaaaa7tbvlkrfgwd56t5uqh3bw3j5wm65kq4kyewjp7q4wd6jxexdwgjq",
                            "defined_tags.%": "0",
                            "display_name": "oke-ig",
                            "enabled": "true",
                            "freeform_tags.%": "0",
                            "id": "ocid1.internetgateway.oc1.eu-frankfurt-1.aaaaaaaa4l6vwizscykhb7rncdjnpulzgetjf3vp6nu3jard5hypkhhe7pwq",
                            "state": "AVAILABLE",
                            "time_created": "2019-05-17 04:04:24.865 +0000 UTC",
                            "vcn_id": "ocid1.vcn.oc1.eu-frankfurt-1.aaaaaaaax5bkri6lw7wdtu6qxefx234ywk5yk4biqiz4gnosxdhcp3jxpfaa"
                        },
                        "meta": {
                            "e2bfb730-ecaa-11e6-8f88-34363bc7c4c0": {
                                "create": 900000000000,
                                "delete": 900000000000,
                                "update": 900000000000
                            }
                        },
                        "tainted": false
                    },
                    "deposed": [],
                    "provider": "provider.oci"
                },
                "oci_core_nat_gateway.nat_gateway": {
                    "type": "oci_core_nat_gateway",
                    "depends_on": [
                        "oci_core_vcn.vcn"
                    ],
                    "primary": {
                        "id": "ocid1.natgateway.oc1.eu-frankfurt-1.aaaaaaaassy62qon3qj53aehvxxmdqxzvly3slcp5ptotxsbqveu2ixcuupa",
                        "attributes": {
                            "block_traffic": "false",
                            "compartment_id": "ocid1.compartment.oc1..aaaaaaaa7tbvlkrfgwd56t5uqh3bw3j5wm65kq4kyewjp7q4wd6jxexdwgjq",
                            "defined_tags.%": "0",
                            "display_name": "oke-nat",
                            "freeform_tags.%": "0",
                            "id": "ocid1.natgateway.oc1.eu-frankfurt-1.aaaaaaaassy62qon3qj53aehvxxmdqxzvly3slcp5ptotxsbqveu2ixcuupa",
                            "nat_ip": "132.145.242.79",
                            "state": "AVAILABLE",
                            "time_created": "2019-05-17 04:04:24.592 +0000 UTC",
                            "vcn_id": "ocid1.vcn.oc1.eu-frankfurt-1.aaaaaaaax5bkri6lw7wdtu6qxefx234ywk5yk4biqiz4gnosxdhcp3jxpfaa"
                        },
                        "meta": {
                            "e2bfb730-ecaa-11e6-8f88-34363bc7c4c0": {
                                "create": 900000000000,
                                "delete": 900000000000,
                                "update": 900000000000
                            }
                        },
                        "tainted": false
                    },
                    "deposed": [],
                    "provider": "provider.oci"
                },
                "oci_core_route_table.ig_route": {
                    "type": "oci_core_route_table",
                    "depends_on": [
                        "local.anywhere",
                        "oci_core_internet_gateway.ig",
                        "oci_core_vcn.vcn"
                    ],
                    "primary": {
                        "id": "ocid1.routetable.oc1.eu-frankfurt-1.aaaaaaaawudqwoit4n5qxgmg2s3zrjsewjfzogwqwshuvmjhfbf5wqcidcpa",
                        "attributes": {
                            "compartment_id": "ocid1.compartment.oc1..aaaaaaaa7tbvlkrfgwd56t5uqh3bw3j5wm65kq4kyewjp7q4wd6jxexdwgjq",
                            "defined_tags.%": "0",
                            "display_name": "oke-ig_route",
                            "freeform_tags.%": "0",
                            "id": "ocid1.routetable.oc1.eu-frankfurt-1.aaaaaaaawudqwoit4n5qxgmg2s3zrjsewjfzogwqwshuvmjhfbf5wqcidcpa",
                            "route_rules.#": "1",
                            "route_rules.413888500.cidr_block": "",
                            "route_rules.413888500.destination": "0.0.0.0/0",
                            "route_rules.413888500.destination_type": "CIDR_BLOCK",
                            "route_rules.413888500.network_entity_id": "ocid1.internetgateway.oc1.eu-frankfurt-1.aaaaaaaa4l6vwizscykhb7rncdjnpulzgetjf3vp6nu3jard5hypkhhe7pwq",
                            "state": "AVAILABLE",
                            "time_created": "2019-05-17 04:04:26.68 +0000 UTC",
                            "vcn_id": "ocid1.vcn.oc1.eu-frankfurt-1.aaaaaaaax5bkri6lw7wdtu6qxefx234ywk5yk4biqiz4gnosxdhcp3jxpfaa"
                        },
                        "meta": {
                            "e2bfb730-ecaa-11e6-8f88-34363bc7c4c0": {
                                "create": 900000000000,
                                "delete": 900000000000,
                                "update": 900000000000
                            }
                        },
                        "tainted": false
                    },
                    "deposed": [],
                    "provider": "provider.oci"
                },
                "oci_core_route_table.nat_route": {
                    "type": "oci_core_route_table",
                    "depends_on": [
                        "local.anywhere",
                        "oci_core_nat_gateway.nat_gateway",
                        "oci_core_vcn.vcn"
                    ],
                    "primary": {
                        "id": "ocid1.routetable.oc1.eu-frankfurt-1.aaaaaaaavhzmrnljef6ixsrlool35mwjds6cq3dixnosnmf6whwwrvxbzv2a",
                        "attributes": {
                            "compartment_id": "ocid1.compartment.oc1..aaaaaaaa7tbvlkrfgwd56t5uqh3bw3j5wm65kq4kyewjp7q4wd6jxexdwgjq",
                            "defined_tags.%": "0",
                            "display_name": "oke-nat_route",
                            "freeform_tags.%": "0",
                            "id": "ocid1.routetable.oc1.eu-frankfurt-1.aaaaaaaavhzmrnljef6ixsrlool35mwjds6cq3dixnosnmf6whwwrvxbzv2a",
                            "route_rules.#": "1",
                            "route_rules.3931558701.cidr_block": "",
                            "route_rules.3931558701.destination": "0.0.0.0/0",
                            "route_rules.3931558701.destination_type": "CIDR_BLOCK",
                            "route_rules.3931558701.network_entity_id": "ocid1.natgateway.oc1.eu-frankfurt-1.aaaaaaaassy62qon3qj53aehvxxmdqxzvly3slcp5ptotxsbqveu2ixcuupa",
                            "state": "AVAILABLE",
                            "time_created": "2019-05-17 04:04:26.225 +0000 UTC",
                            "vcn_id": "ocid1.vcn.oc1.eu-frankfurt-1.aaaaaaaax5bkri6lw7wdtu6qxefx234ywk5yk4biqiz4gnosxdhcp3jxpfaa"
                        },
                        "meta": {
                            "e2bfb730-ecaa-11e6-8f88-34363bc7c4c0": {
                                "create": 900000000000,
                                "delete": 900000000000,
                                "update": 900000000000
                            }
                        },
                        "tainted": false
                    },
                    "deposed": [],
                    "provider": "provider.oci"
                },
                "oci_core_route_table.service_gateway_route": {
                    "type": "oci_core_route_table",
                    "depends_on": [
                        "data.oci_core_services.oci_services_object_storage",
                        "oci_core_route_table.nat_route",
                        "oci_core_service_gateway.service_gateway",
                        "oci_core_vcn.vcn"
                    ],
                    "primary": {
                        "id": "ocid1.routetable.oc1.eu-frankfurt-1.aaaaaaaajokk2weddlltbymg5eunhg3zgdt4wvggesr52u2aruquovyz6m6q",
                        "attributes": {
                            "compartment_id": "ocid1.compartment.oc1..aaaaaaaa7tbvlkrfgwd56t5uqh3bw3j5wm65kq4kyewjp7q4wd6jxexdwgjq",
                            "defined_tags.%": "0",
                            "display_name": "oke-service_gateway_route",
                            "freeform_tags.%": "0",
                            "id": "ocid1.routetable.oc1.eu-frankfurt-1.aaaaaaaajokk2weddlltbymg5eunhg3zgdt4wvggesr52u2aruquovyz6m6q",
                            "route_rules.#": "1",
                            "route_rules.655352474.cidr_block": "",
                            "route_rules.655352474.destination": "all-fra-services-in-oracle-services-network",
                            "route_rules.655352474.destination_type": "SERVICE_CIDR_BLOCK",
                            "route_rules.655352474.network_entity_id": "ocid1.servicegateway.oc1.eu-frankfurt-1.aaaaaaaa63cdy4gsw5vapaxovvtxsrexptwevxnvvubtjlp6656l4lguskkq",
                            "state": "AVAILABLE",
                            "time_created": "2019-05-17 04:04:34.385 +0000 UTC",
                            "vcn_id": "ocid1.vcn.oc1.eu-frankfurt-1.aaaaaaaax5bkri6lw7wdtu6qxefx234ywk5yk4biqiz4gnosxdhcp3jxpfaa"
                        },
                        "meta": {
                            "e2bfb730-ecaa-11e6-8f88-34363bc7c4c0": {
                                "create": 900000000000,
                                "delete": 900000000000,
                                "update": 900000000000
                            }
                        },
                        "tainted": false
                    },
                    "deposed": [],
                    "provider": "provider.oci"
                },
                "oci_core_service_gateway.service_gateway": {
                    "type": "oci_core_service_gateway",
                    "depends_on": [
                        "data.oci_core_services.oci_services_object_storage",
                        "oci_core_nat_gateway.nat_gateway",
                        "oci_core_vcn.vcn"
                    ],
                    "primary": {
                        "id": "ocid1.servicegateway.oc1.eu-frankfurt-1.aaaaaaaa63cdy4gsw5vapaxovvtxsrexptwevxnvvubtjlp6656l4lguskkq",
                        "attributes": {
                            "block_traffic": "false",
                            "compartment_id": "ocid1.compartment.oc1..aaaaaaaa7tbvlkrfgwd56t5uqh3bw3j5wm65kq4kyewjp7q4wd6jxexdwgjq",
                            "defined_tags.%": "0",
                            "display_name": "oke-sg",
                            "freeform_tags.%": "0",
                            "id": "ocid1.servicegateway.oc1.eu-frankfurt-1.aaaaaaaa63cdy4gsw5vapaxovvtxsrexptwevxnvvubtjlp6656l4lguskkq",
                            "services.#": "1",
                            "services.3201621799.service_id": "ocid1.service.oc1.eu-frankfurt-1.aaaaaaaa7ncsqkj6lkz36dehifizupyn6qjqsmtepsegs23yyntnsy7qrvea",
                            "services.3201621799.service_name": "All FRA Services In Oracle Services Network",
                            "state": "AVAILABLE",
                            "time_created": "2019-05-17 04:04:26.362 +0000 UTC",
                            "vcn_id": "ocid1.vcn.oc1.eu-frankfurt-1.aaaaaaaax5bkri6lw7wdtu6qxefx234ywk5yk4biqiz4gnosxdhcp3jxpfaa"
                        },
                        "meta": {
                            "e2bfb730-ecaa-11e6-8f88-34363bc7c4c0": {
                                "create": 900000000000,
                                "delete": 900000000000,
                                "update": 900000000000
                            }
                        },
                        "tainted": false
                    },
                    "deposed": [],
                    "provider": "provider.oci"
                },
                "oci_core_vcn.vcn": {
                    "type": "oci_core_vcn",
                    "depends_on": [],
                    "primary": {
                        "id": "ocid1.vcn.oc1.eu-frankfurt-1.aaaaaaaax5bkri6lw7wdtu6qxefx234ywk5yk4biqiz4gnosxdhcp3jxpfaa",
                        "attributes": {
                            "cidr_block": "10.0.0.0/16",
                            "compartment_id": "ocid1.compartment.oc1..aaaaaaaa7tbvlkrfgwd56t5uqh3bw3j5wm65kq4kyewjp7q4wd6jxexdwgjq",
                            "default_dhcp_options_id": "ocid1.dhcpoptions.oc1.eu-frankfurt-1.aaaaaaaa5wlzyonci4sirxmoacs3w2s5vh4xr35id6bvhsnyqicq67g54rlq",
                            "default_route_table_id": "ocid1.routetable.oc1.eu-frankfurt-1.aaaaaaaau6jblumpkum2taeecc7cuz7ul6yedf556pn2r2jte5bae4kw2l6a",
                            "default_security_list_id": "ocid1.securitylist.oc1.eu-frankfurt-1.aaaaaaaatkvbvvmufyftev73ye4ioneu7bjys5mb3azng4zqffoelkwij2ga",
                            "defined_tags.%": "0",
                            "display_name": "oke-oke vcn",
                            "dns_label": "oke",
                            "freeform_tags.%": "0",
                            "id": "ocid1.vcn.oc1.eu-frankfurt-1.aaaaaaaax5bkri6lw7wdtu6qxefx234ywk5yk4biqiz4gnosxdhcp3jxpfaa",
                            "state": "AVAILABLE",
                            "time_created": "2019-05-17 04:04:23.631 +0000 UTC",
                            "vcn_domain_name": "oke.oraclevcn.com"
                        },
                        "meta": {
                            "e2bfb730-ecaa-11e6-8f88-34363bc7c4c0": {
                                "create": 900000000000,
                                "delete": 900000000000,
                                "update": 900000000000
                            }
                        },
                        "tainted": false
                    },
                    "deposed": [],
                    "provider": "provider.oci"
                }
            },
            "depends_on": []
        }
    ]
}
