{
    "version": 3,
    "terraform_version": "0.11.13",
    "serial": 3,
    "lineage": "2e3ed4ce-3ec0-5742-a499-b918c9c38e28",
    "modules": [
        {
            "path": [
                "root"
            ],
            "outputs": {},
            "resources": {
                "data.oci_core_images.OLImage": {
                    "type": "oci_core_images",
                    "depends_on": [],
                    "primary": {
                        "id": "2019-05-15 08:15:56.8967898 +0000 UTC",
                        "attributes": {
                            "compartment_id": "ocid1.compartment.oc1..aaaaaaaa7tbvlkrfgwd56t5uqh3bw3j5wm65kq4kyewjp7q4wd6jxexdwgjq",
                            "id": "2019-05-15 08:15:56.8967898 +0000 UTC",
                            "images.#": "3",
                            "images.0.base_image_id": "",
                            "images.0.compartment_id": "",
                            "images.0.create_image_allowed": "true",
                            "images.0.defined_tags.%": "0",
                            "images.0.display_name": "Oracle-Linux-7.6-2019.05.14-0",
                            "images.0.freeform_tags.%": "0",
                            "images.0.id": "ocid1.image.oc1.eu-frankfurt-1.aaaaaaaandqh4s7a3oe3on6osdbwysgddwqwyghbx4t4ryvtcwk5xikkpvhq",
                            "images.0.image_source_details.#": "0",
                            "images.0.instance_id": "",
                            "images.0.launch_mode": "NATIVE",
                            "images.0.launch_options.#": "1",
                            "images.0.launch_options.0.boot_volume_type": "PARAVIRTUALIZED",
                            "images.0.launch_options.0.firmware": "UEFI_64",
                            "images.0.launch_options.0.network_type": "PARAVIRTUALIZED",
                            "images.0.launch_options.0.remote_data_volume_type": "PARAVIRTUALIZED",
                            "images.0.operating_system": "Oracle Linux",
                            "images.0.operating_system_version": "7.6",
                            "images.0.size_in_mbs": "47694",
                            "images.0.state": "AVAILABLE",
                            "images.0.time_created": "2019-05-11 02:03:57.654 +0000 UTC",
                            "images.1.base_image_id": "",
                            "images.1.compartment_id": "",
                            "images.1.create_image_allowed": "true",
                            "images.1.defined_tags.%": "0",
                            "images.1.display_name": "Oracle-Linux-7.6-2019.04.18-0",
                            "images.1.freeform_tags.%": "0",
                            "images.1.id": "ocid1.image.oc1.eu-frankfurt-1.aaaaaaaaydd7mt37cpouxlq2zreiiy2xauebkcwv7g3nqwziisdjenc2sz5a",
                            "images.1.image_source_details.#": "0",
                            "images.1.instance_id": "",
                            "images.1.launch_mode": "NATIVE",
                            "images.1.launch_options.#": "1",
                            "images.1.launch_options.0.boot_volume_type": "PARAVIRTUALIZED",
                            "images.1.launch_options.0.firmware": "UEFI_64",
                            "images.1.launch_options.0.network_type": "PARAVIRTUALIZED",
                            "images.1.launch_options.0.remote_data_volume_type": "PARAVIRTUALIZED",
                            "images.1.operating_system": "Oracle Linux",
                            "images.1.operating_system_version": "7.6",
                            "images.1.size_in_mbs": "47694",
                            "images.1.state": "AVAILABLE",
                            "images.1.time_created": "2019-04-22 19:59:52.85 +0000 UTC",
                            "images.2.base_image_id": "",
                            "images.2.compartment_id": "",
                            "images.2.create_image_allowed": "true",
                            "images.2.defined_tags.%": "0",
                            "images.2.display_name": "Oracle-Linux-7.6-2019.03.22-1",
                            "images.2.freeform_tags.%": "0",
                            "images.2.id": "ocid1.image.oc1.eu-frankfurt-1.aaaaaaaa2n5z4nmkqjf27btkbdibflwvximz5i3rsz57c3gowckozrdshnua",
                            "images.2.image_source_details.#": "0",
                            "images.2.instance_id": "",
                            "images.2.launch_mode": "NATIVE",
                            "images.2.launch_options.#": "1",
                            "images.2.launch_options.0.boot_volume_type": "PARAVIRTUALIZED",
                            "images.2.launch_options.0.firmware": "UEFI_64",
                            "images.2.launch_options.0.network_type": "PARAVIRTUALIZED",
                            "images.2.launch_options.0.remote_data_volume_type": "PARAVIRTUALIZED",
                            "images.2.operating_system": "Oracle Linux",
                            "images.2.operating_system_version": "7.6",
                            "images.2.size_in_mbs": "47694",
                            "images.2.state": "AVAILABLE",
                            "images.2.time_created": "2019-04-04 21:06:07.606 +0000 UTC",
                            "operating_system": "Oracle Linux",
                            "operating_system_version": "7.6",
                            "shape": "VM.Standard1.2"
                        },
                        "meta": {},
                        "tainted": false
                    },
                    "deposed": [],
                    "provider": "provider.oci"
                },
                "data.oci_identity_availability_domains.ADs": {
                    "type": "oci_identity_availability_domains",
                    "depends_on": [],
                    "primary": {
                        "id": "2019-05-15 08:15:56.8348706 +0000 UTC",
                        "attributes": {
                            "availability_domains.#": "3",
                            "availability_domains.0.compartment_id": "ocid1.compartment.oc1..aaaaaaaa7tbvlkrfgwd56t5uqh3bw3j5wm65kq4kyewjp7q4wd6jxexdwgjq",
                            "availability_domains.0.name": "IfzE:EU-FRANKFURT-1-AD-1",
                            "availability_domains.1.compartment_id": "ocid1.compartment.oc1..aaaaaaaa7tbvlkrfgwd56t5uqh3bw3j5wm65kq4kyewjp7q4wd6jxexdwgjq",
                            "availability_domains.1.name": "IfzE:EU-FRANKFURT-1-AD-2",
                            "availability_domains.2.compartment_id": "ocid1.compartment.oc1..aaaaaaaa7tbvlkrfgwd56t5uqh3bw3j5wm65kq4kyewjp7q4wd6jxexdwgjq",
                            "availability_domains.2.name": "IfzE:EU-FRANKFURT-1-AD-3",
                            "compartment_id": "ocid1.compartment.oc1..aaaaaaaa7tbvlkrfgwd56t5uqh3bw3j5wm65kq4kyewjp7q4wd6jxexdwgjq",
                            "id": "2019-05-15 08:15:56.8348706 +0000 UTC"
                        },
                        "meta": {},
                        "tainted": false
                    },
                    "deposed": [],
                    "provider": "provider.oci"
                },
                "oci_core_instance.dipcCompute01": {
                    "type": "oci_core_instance",
                    "depends_on": [
                        "data.oci_core_images.OLImage",
                        "data.oci_identity_availability_domains.ADs"
                    ],
                    "primary": {
                        "id": "ocid1.instance.oc1.eu-frankfurt-1.abtheljrbxujfwp2vg5fwm7tsqulsukx7krwkf3kxwgeoclr5htohr2zmwrq",
                        "attributes": {
                            "availability_domain": "IfzE:EU-FRANKFURT-1-AD-1",
                            "boot_volume_id": "ocid1.bootvolume.oc1.eu-frankfurt-1.abtheljrizqoehynhvezdedi3u2lgu4twhrsnbmfakg7t5vgprbhog6bkxva",
                            "compartment_id": "ocid1.compartment.oc1..aaaaaaaa7tbvlkrfgwd56t5uqh3bw3j5wm65kq4kyewjp7q4wd6jxexdwgjq",
                            "create_vnic_details.#": "1",
                            "create_vnic_details.0.assign_public_ip": "true",
                            "create_vnic_details.0.defined_tags.%": "0",
                            "create_vnic_details.0.display_name": "eth0",
                            "create_vnic_details.0.freeform_tags.%": "0",
                            "create_vnic_details.0.hostname_label": "dipccompute01",
                            "create_vnic_details.0.private_ip": "172.16.1.3",
                            "create_vnic_details.0.skip_source_dest_check": "false",
                            "create_vnic_details.0.subnet_id": "ocid1.subnet.oc1.eu-frankfurt-1.aaaaaaaauuvhycq6zprciqplxegnwybo2btutro4l4p4opqdpyh7n2wspiia",
                            "defined_tags.%": "0",
                            "display_name": "dipcCompute01",
                            "fault_domain": "FAULT-DOMAIN-1",
                            "freeform_tags.%": "0",
                            "hostname_label": "dipccompute01",
                            "id": "ocid1.instance.oc1.eu-frankfurt-1.abtheljrbxujfwp2vg5fwm7tsqulsukx7krwkf3kxwgeoclr5htohr2zmwrq",
                            "image": "ocid1.image.oc1.eu-frankfurt-1.aaaaaaaandqh4s7a3oe3on6osdbwysgddwqwyghbx4t4ryvtcwk5xikkpvhq",
                            "launch_mode": "NATIVE",
                            "launch_options.#": "1",
                            "launch_options.0.boot_volume_type": "PARAVIRTUALIZED",
                            "launch_options.0.firmware": "UEFI_64",
                            "launch_options.0.network_type": "VFIO",
                            "launch_options.0.remote_data_volume_type": "PARAVIRTUALIZED",
                            "metadata.%": "1",
                            "metadata.ssh_authorized_keys": "ssh-rsa AAAAB3NzaC1yc2EAAAADAQABAAABAQDJIs2yN8yOE/by93733wHGob7L1l0Ly7xzsaxt+NTx8jDStIA4pRTizeYGzx59MsQv1E9rq/+04K4gNYal+GaLYcnFK67JRMG4+z56nmiNwcO0NJAn3sZsa9oARCmvKchO+wQf2bTFn++GvvetBWDqy3UKK8mk3cflBHJ8yJjgn4Ald2NcGw1gNqyLXgk6jZAtStS1epoyNgUWM7skh4v3JB1Q4rPWKQPiX16TNtdoGKT3rMntIk30p4k3TN60nCIEDhr5ZfOcIJLCoiiqqSRjcGers0zQpFlaaJU0TZ33UnTXPDW56dzLiZc5udvc8irk7TI+qz1eydzv/unbgHKb key ",
                            "private_ip": "172.16.1.3",
                            "public_ip": "130.61.208.177",
                            "region": "eu-frankfurt-1",
                            "shape": "VM.Standard2.1",
                            "source_details.#": "1",
                            "source_details.0.boot_volume_size_in_gbs": "47",
                            "source_details.0.kms_key_id": "",
                            "source_details.0.source_id": "ocid1.image.oc1.eu-frankfurt-1.aaaaaaaandqh4s7a3oe3on6osdbwysgddwqwyghbx4t4ryvtcwk5xikkpvhq",
                            "source_details.0.source_type": "image",
                            "state": "RUNNING",
                            "subnet_id": "ocid1.subnet.oc1.eu-frankfurt-1.aaaaaaaauuvhycq6zprciqplxegnwybo2btutro4l4p4opqdpyh7n2wspiia",
                            "time_created": "2019-05-15 08:16:01.302 +0000 UTC",
                            "time_maintenance_reboot_due": ""
                        },
                        "meta": {
                            "e2bfb730-ecaa-11e6-8f88-34363bc7c4c0": {
                                "create": 7200000000000,
                                "delete": 7200000000000,
                                "update": 7200000000000
                            }
                        },
                        "tainted": false
                    },
                    "deposed": [],
                    "provider": "provider.oci"
                },
                "oci_database_db_system.dipcDBSYSTEM11G": {
                    "type": "oci_database_db_system",
                    "depends_on": [
                        "data.oci_identity_availability_domains.ADs"
                    ],
                    "primary": {
                        "id": "ocid1.dbsystem.oc1.eu-frankfurt-1.abtheljtejs22htajgyjvlnlei3rpulsqpeejaise4pqldzmo73gc5omlpcq",
                        "attributes": {
                            "availability_domain": "IfzE:EU-FRANKFURT-1-AD-3",
                            "compartment_id": "ocid1.compartment.oc1..aaaaaaaa7tbvlkrfgwd56t5uqh3bw3j5wm65kq4kyewjp7q4wd6jxexdwgjq",
                            "cpu_core_count": "1",
                            "data_storage_percentage": "80",
                            "data_storage_size_in_gb": "256",
                            "database_edition": "ENTERPRISE_EDITION",
                            "db_home.#": "1",
                            "db_home.0.database.#": "1",
                            "db_home.0.database.0.admin_password": "ZZ0r_cle#1",
                            "db_home.0.database.0.backup_id": "",
                            "db_home.0.database.0.backup_tde_password": "",
                            "db_home.0.database.0.character_set": "",
                            "db_home.0.database.0.db_backup_config.#": "0",
                            "db_home.0.database.0.db_name": "dipcDB",
                            "db_home.0.database.0.db_workload": "",
                            "db_home.0.database.0.ncharacter_set": "",
                            "db_home.0.database.0.pdb_name": "",
                            "db_home.0.db_version": "11.2.0.4",
                            "db_home.0.display_name": "dipcDB11g",
                            "defined_tags.%": "0",
                            "disk_redundancy": "NORMAL",
                            "display_name": "dipcDB11g",
                            "domain": "dnslabel3.skynet.oraclevcn.com",
                            "freeform_tags.%": "0",
                            "hostname": "dipcdb01",
                            "id": "ocid1.dbsystem.oc1.eu-frankfurt-1.abtheljtejs22htajgyjvlnlei3rpulsqpeejaise4pqldzmo73gc5omlpcq",
                            "license_model": "LICENSE_INCLUDED",
                            "listener_port": "1521",
                            "node_count": "1",
                            "reco_storage_size_in_gb": "256",
                            "scan_dns_record_id": "ocid1.vcndnsrecord.oc1.eu-frankfurt-1.abtheljtkvsbyrbjaqq3hu7iovbonj7dkqcvw7fga25umitgpjpmoasawrua",
                            "scan_ip_ids.#": "0",
                            "shape": "VM.Standard2.1",
                            "ssh_public_keys.#": "1",
                            "ssh_public_keys.0": "ssh-rsa AAAAB3NzaC1yc2EAAAADAQABAAABAQDJIs2yN8yOE/by93733wHGob7L1l0Ly7xzsaxt+NTx8jDStIA4pRTizeYGzx59MsQv1E9rq/+04K4gNYal+GaLYcnFK67JRMG4+z56nmiNwcO0NJAn3sZsa9oARCmvKchO+wQf2bTFn++GvvetBWDqy3UKK8mk3cflBHJ8yJjgn4Ald2NcGw1gNqyLXgk6jZAtStS1epoyNgUWM7skh4v3JB1Q4rPWKQPiX16TNtdoGKT3rMntIk30p4k3TN60nCIEDhr5ZfOcIJLCoiiqqSRjcGers0zQpFlaaJU0TZ33UnTXPDW56dzLiZc5udvc8irk7TI+qz1eydzv/unbgHKb key",
                            "state": "AVAILABLE",
                            "subnet_id": "ocid1.subnet.oc1.eu-frankfurt-1.aaaaaaaagylbyo2hfbht7u72ghug6y234ijautvaepmm4vuum3y2yeysuf5q",
                            "time_created": "2019-05-15 08:16:01.843 +0000 UTC",
                            "version": "18.6.0.0.190416",
                            "vip_ids.#": "0"
                        },
                        "meta": {
                            "e2bfb730-ecaa-11e6-8f88-34363bc7c4c0": {
                                "create": 0,
                                "delete": 7200000000000,
                                "update": 7200000000000
                            }
                        },
                        "tainted": false
                    },
                    "deposed": [],
                    "provider": "provider.oci"
                }
            },
            "depends_on": []
        }
    ]
}
