{
    "version": 3,
    "terraform_version": "0.11.1",
    "serial": 29,
    "lineage": "88f225e0-8c83-496b-9e25-c221ced60efd",
    "modules": [
        {
            "path": [
                "root"
            ],
            "outputs": {
                "lb_public_ip": {
                    "sensitive": false,
                    "type": "list",
                    "value": [
                        "129.146.144.76"
                    ]
                }
            },
            "resources": {
                "data.oci_identity_availability_domains.ADs": {
                    "type": "oci_identity_availability_domains",
                    "depends_on": [],
                    "primary": {
                        "id": "2018-01-11 11:24:11.463433078 +0000 UTC",
                        "attributes": {
                            "availability_domains.#": "3",
                            "availability_domains.0.compartment_id": "ocid1.compartment.oc1..aaaaaaaazctlgulczctyjgb2tz4wqtcbozxibsbytzvoqlfai45stazibzgq",
                            "availability_domains.0.name": "IScS:PHX-AD-1",
                            "availability_domains.1.compartment_id": "ocid1.compartment.oc1..aaaaaaaazctlgulczctyjgb2tz4wqtcbozxibsbytzvoqlfai45stazibzgq",
                            "availability_domains.1.name": "IScS:PHX-AD-2",
                            "availability_domains.2.compartment_id": "ocid1.compartment.oc1..aaaaaaaazctlgulczctyjgb2tz4wqtcbozxibsbytzvoqlfai45stazibzgq",
                            "availability_domains.2.name": "IScS:PHX-AD-3",
                            "compartment_id": "ocid1.compartment.oc1..aaaaaaaazctlgulczctyjgb2tz4wqtcbozxibsbytzvoqlfai45stazibzgq",
                            "id": "2018-01-11 11:24:11.463433078 +0000 UTC"
                        },
                        "meta": {},
                        "tainted": false
                    },
                    "deposed": [],
                    "provider": "provider.oci"
                },
                "oci_core_instance.SPOUGAPPCN01": {
                    "type": "oci_core_instance",
                    "depends_on": [
                        "data.oci_identity_availability_domains.ADs",
                        "oci_core_subnet.spougnet-ad1"
                    ],
                    "primary": {
                        "id": "ocid1.instance.oc1.phx.abyhqljtndyuj2nyjqx7opm7f7koeagqsxejjllz7q3pjsnztjnvgm3tmtkq",
                        "attributes": {
                            "availability_domain": "IScS:PHX-AD-1",
                            "compartment_id": "ocid1.compartment.oc1..aaaaaaaazctlgulczctyjgb2tz4wqtcbozxibsbytzvoqlfai45stazibzgq",
                            "create_vnic_details.#": "1",
                            "create_vnic_details.0.assign_public_ip": "true",
                            "create_vnic_details.0.display_name": "eth0",
                            "create_vnic_details.0.hostname_label": "appcn01",
                            "create_vnic_details.0.private_ip": "172.16.1.6",
                            "create_vnic_details.0.skip_source_dest_check": "false",
                            "create_vnic_details.0.subnet_id": "ocid1.subnet.oc1.phx.aaaaaaaa3nhcfteowbpajagkf7t6wkjcwxnywbwqxla7ur7gohayok7i4onq",
                            "display_name": "SPOUGAPPCN01",
                            "hostname_label": "appcn01",
                            "id": "ocid1.instance.oc1.phx.abyhqljtndyuj2nyjqx7opm7f7koeagqsxejjllz7q3pjsnztjnvgm3tmtkq",
                            "image": "ocid1.image.oc1.phx.aaaaaaaasmcy3r5welurklsdtrlwqqqjhdy5jwe32ycsm3glf53z5ggjbznq",
                            "ipxe_script": "",
                            "metadata.%": "2",
                            "metadata.ssh_authorized_keys": "ssh-rsa AAAAB3NzaC1yc2EAAAADAQABAAABAQDdSYVIvv/pCTVX0UE/R+KmnuzI3wIGP23XZPCRQp+q71dTbbCCM/wEEXJ4idSLZpRGF0vKXWi9G2yShnFIL0TYLXEwptxc0csNkG8sl4FStAGIiSGzCXoIDMjYc3dF8Gq2M3Rlaf7o1snUmlH3rQIgvAhWfwxFBj+iFDb6+R1keMG6pzK420QRFpXYUmZhWBQeE3lFsusArao9ByIH3fw/juMsFmU3WHtgu2VtDI81gprk24Si380yyVzSms2V2ipIHihE2jhz/GvJ4FNdbjn9/t+OmApMigHmjvFq05fsrh75P+7FRbCIWB5KUA+Gq11LcZchh29TKl1oSGzcSu7B",
                            "metadata.user_data": "IyEvYmluL2Jhc2ggLXgKZWNobyAnIyMjIyMjIyMjIyMjIyMjIyMjIyB3ZWJzZXJ2ZXIgdXNlcmRhdGEgYmVnaW5zICMjIyMjIyMjIyMjIyMjIyMjIyMjIycKdG91Y2ggfm9wYy91c2VyZGF0YS5gZGF0ZSArJXNgLnN0YXJ0CiMjIE1vZGlmaWNhIGxhIHBhZ2luYSBkZSBpbmljaW8gZGUgQXBhY2hlIFdlYnNlcnZlciAhISEKIyMKc2VkICcxLCQgcy9BcGFjaGUyIFVidW50dTogQVBQQ04wMi9BcGFjaGUyIFVidW50dTogJ2Bob3N0bmFtZWAnLycgL3Zhci93d3cvaHRtbC9pbmRleC5odG1sID4gL3RtcC90Cm12IC90bXAvdCAvdmFyL3d3dy9odG1sL2luZGV4Lmh0bWwKCiMjIE1vZGlmaWNhIGVsIERhdGFTb3VyY2UgZGUgYWNjZXNvIGEgbGEgYmFzZSBkZSBkYXRvcyAhISEKIyMKc2VkICcxLCQgcy9zcG91Z2NuMDEuc3ViMTAzMDEyMjI1ODAuc3BvdWduZXQub3JhY2xldmNuLmNvbToxNTIxL2RiY24wMS1zY2FuLmRuc2xhYmVsMy5zcG91Z25ldC5vcmFjbGV2Y24uY29tOjE1MjEvJyAvb3B0L3RvbWNhdC93ZWJhcHBzL0pEQkNTYW1wbGUvTUVUQS1JTkYvY29udGV4dC54bWwgPiAvdG1wL3QKc2VkICcxLCQgcy9wZGIxLnN1YjEwMzAxMjIyNTgwLnNwb3VnbmV0Lm9yYWNsZXZjbi5jb20vc3BvdWdwZGIuZG5zbGFiZWwzLnNwb3VnbmV0Lm9yYWNsZXZjbi5jb20vJyAvdG1wL3QgPiAvb3B0L3RvbWNhdC93ZWJhcHBzL0pEQkNTYW1wbGUvTUVUQS1JTkYvY29udGV4dC54bWwKdG91Y2ggfm9wYy91c2VyZGF0YS5gZGF0ZSArJXNgLmZpbmlzaAplY2hvICcjIyMjIyMjIyMjIyMjIyMjIyMjIHdlYnNlcnZlciB1c2VyZGF0YSBlbmRzICMjIyMjIyMjIyMjIyMjIyMjIyMjIyMjJwo=",
                            "private_ip": "172.16.1.6",
                            "public_ip": "129.146.139.22",
                            "region": "phx",
                            "shape": "VM.Standard1.2",
                            "state": "RUNNING",
                            "subnet_id": "ocid1.subnet.oc1.phx.aaaaaaaa3nhcfteowbpajagkf7t6wkjcwxnywbwqxla7ur7gohayok7i4onq",
                            "time_created": "2018-01-11 11:25:45.989 +0000 UTC"
                        },
                        "meta": {
                            "e2bfb730-ecaa-11e6-8f88-34363bc7c4c0": {
                                "create": 3600000000000,
                                "delete": 7200000000000,
                                "update": 7200000000000
                            }
                        },
                        "tainted": false
                    },
                    "deposed": [],
                    "provider": "provider.oci"
                },
                "oci_core_instance.SPOUGAPPCN02": {
                    "type": "oci_core_instance",
                    "depends_on": [
                        "data.oci_identity_availability_domains.ADs",
                        "oci_core_subnet.spougnet-ad2"
                    ],
                    "primary": {
                        "id": "ocid1.instance.oc1.phx.abyhqljrheez3jxw5mhcvpuz3lxfihpxvg625ij3ixvjo6fzf7naxlpv4b7a",
                        "attributes": {
                            "availability_domain": "IScS:PHX-AD-2",
                            "compartment_id": "ocid1.compartment.oc1..aaaaaaaazctlgulczctyjgb2tz4wqtcbozxibsbytzvoqlfai45stazibzgq",
                            "create_vnic_details.#": "1",
                            "create_vnic_details.0.assign_public_ip": "true",
                            "create_vnic_details.0.display_name": "eth0",
                            "create_vnic_details.0.hostname_label": "appcn02",
                            "create_vnic_details.0.private_ip": "172.16.2.6",
                            "create_vnic_details.0.skip_source_dest_check": "false",
                            "create_vnic_details.0.subnet_id": "ocid1.subnet.oc1.phx.aaaaaaaar2nywvbdzdvkiv635dsudkucqhw76yjadlgdk6bibv3oevrfdyfa",
                            "display_name": "SPOUGAPPCN02",
                            "hostname_label": "appcn02",
                            "id": "ocid1.instance.oc1.phx.abyhqljrheez3jxw5mhcvpuz3lxfihpxvg625ij3ixvjo6fzf7naxlpv4b7a",
                            "image": "ocid1.image.oc1.phx.aaaaaaaasmcy3r5welurklsdtrlwqqqjhdy5jwe32ycsm3glf53z5ggjbznq",
                            "ipxe_script": "",
                            "metadata.%": "2",
                            "metadata.ssh_authorized_keys": "ssh-rsa AAAAB3NzaC1yc2EAAAADAQABAAABAQDdSYVIvv/pCTVX0UE/R+KmnuzI3wIGP23XZPCRQp+q71dTbbCCM/wEEXJ4idSLZpRGF0vKXWi9G2yShnFIL0TYLXEwptxc0csNkG8sl4FStAGIiSGzCXoIDMjYc3dF8Gq2M3Rlaf7o1snUmlH3rQIgvAhWfwxFBj+iFDb6+R1keMG6pzK420QRFpXYUmZhWBQeE3lFsusArao9ByIH3fw/juMsFmU3WHtgu2VtDI81gprk24Si380yyVzSms2V2ipIHihE2jhz/GvJ4FNdbjn9/t+OmApMigHmjvFq05fsrh75P+7FRbCIWB5KUA+Gq11LcZchh29TKl1oSGzcSu7B",
                            "metadata.user_data": "IyEvYmluL2Jhc2ggLXgKZWNobyAnIyMjIyMjIyMjIyMjIyMjIyMjIyB3ZWJzZXJ2ZXIgdXNlcmRhdGEgYmVnaW5zICMjIyMjIyMjIyMjIyMjIyMjIyMjIycKdG91Y2ggfm9wYy91c2VyZGF0YS5gZGF0ZSArJXNgLnN0YXJ0CnNlZCAnMSwkIHMvQXBhY2hlMiBVYnVudHU6IEFQUENOMDIvQXBhY2hlMiBVYnVudHU6ICdgaG9zdG5hbWVgJy8nIC92YXIvd3d3L2h0bWwvaW5kZXguaHRtbCA+IC90bXAvdApzZWQgJzEsJCBzL2JhY2tncm91bmQtY29sb3I6ICNDRDVDNUM7L2JhY2tncm91bmQtY29sb3I6ICNGRkZGMDA7LycgL3RtcC90ID4gL3Zhci93d3cvaHRtbC9pbmRleC5odG1sCnRvdWNoIH5vcGMvdXNlcmRhdGEuYGRhdGUgKyVzYC5maW5pc2gKZWNobyAnIyMjIyMjIyMjIyMjIyMjIyMjIyB3ZWJzZXJ2ZXIgdXNlcmRhdGEgZW5kcyAjIyMjIyMjIyMjIyMjIyMjIyMjIyMjIycK",
                            "private_ip": "172.16.2.6",
                            "public_ip": "129.146.107.135",
                            "region": "phx",
                            "shape": "VM.Standard1.2",
                            "state": "RUNNING",
                            "subnet_id": "ocid1.subnet.oc1.phx.aaaaaaaar2nywvbdzdvkiv635dsudkucqhw76yjadlgdk6bibv3oevrfdyfa",
                            "time_created": "2018-01-11 10:08:52.002 +0000 UTC"
                        },
                        "meta": {
                            "e2bfb730-ecaa-11e6-8f88-34363bc7c4c0": {
                                "create": 3600000000000,
                                "delete": 7200000000000,
                                "update": 7200000000000
                            }
                        },
                        "tainted": false
                    },
                    "deposed": [],
                    "provider": "provider.oci"
                },
                "oci_core_instance.SPOUGAPPCN03": {
                    "type": "oci_core_instance",
                    "depends_on": [
                        "data.oci_identity_availability_domains.ADs",
                        "oci_core_subnet.spougnet-ad2"
                    ],
                    "primary": {
                        "id": "ocid1.instance.oc1.phx.abyhqljr4y5zjxwvmxdqp3dd7yhytydnlsuof4rrcnvtxvxm4gijkdaxcmfa",
                        "attributes": {
                            "availability_domain": "IScS:PHX-AD-2",
                            "compartment_id": "ocid1.compartment.oc1..aaaaaaaazctlgulczctyjgb2tz4wqtcbozxibsbytzvoqlfai45stazibzgq",
                            "create_vnic_details.#": "1",
                            "create_vnic_details.0.assign_public_ip": "true",
                            "create_vnic_details.0.display_name": "eth0",
                            "create_vnic_details.0.hostname_label": "appcn03",
                            "create_vnic_details.0.private_ip": "172.16.2.7",
                            "create_vnic_details.0.skip_source_dest_check": "false",
                            "create_vnic_details.0.subnet_id": "ocid1.subnet.oc1.phx.aaaaaaaar2nywvbdzdvkiv635dsudkucqhw76yjadlgdk6bibv3oevrfdyfa",
                            "display_name": "SPOUGAPPCN03",
                            "hostname_label": "appcn03",
                            "id": "ocid1.instance.oc1.phx.abyhqljr4y5zjxwvmxdqp3dd7yhytydnlsuof4rrcnvtxvxm4gijkdaxcmfa",
                            "image": "ocid1.image.oc1.phx.aaaaaaaasmcy3r5welurklsdtrlwqqqjhdy5jwe32ycsm3glf53z5ggjbznq",
                            "ipxe_script": "",
                            "metadata.%": "2",
                            "metadata.ssh_authorized_keys": "ssh-rsa AAAAB3NzaC1yc2EAAAADAQABAAABAQDdSYVIvv/pCTVX0UE/R+KmnuzI3wIGP23XZPCRQp+q71dTbbCCM/wEEXJ4idSLZpRGF0vKXWi9G2yShnFIL0TYLXEwptxc0csNkG8sl4FStAGIiSGzCXoIDMjYc3dF8Gq2M3Rlaf7o1snUmlH3rQIgvAhWfwxFBj+iFDb6+R1keMG6pzK420QRFpXYUmZhWBQeE3lFsusArao9ByIH3fw/juMsFmU3WHtgu2VtDI81gprk24Si380yyVzSms2V2ipIHihE2jhz/GvJ4FNdbjn9/t+OmApMigHmjvFq05fsrh75P+7FRbCIWB5KUA+Gq11LcZchh29TKl1oSGzcSu7B",
                            "metadata.user_data": "IyEvYmluL2Jhc2ggLXgKZWNobyAnIyMjIyMjIyMjIyMjIyMjIyMjIyB3ZWJzZXJ2ZXIgdXNlcmRhdGEgYmVnaW5zICMjIyMjIyMjIyMjIyMjIyMjIyMjIycKdG91Y2ggfm9wYy91c2VyZGF0YS5gZGF0ZSArJXNgLnN0YXJ0CiMjIE1vZGlmaWNhIGVsIERhdGFTb3VyY2UgZGUgYWNjZXNvIGEgbGEgYmFzZSBkZSBkYXRvcyAhISEKIyMKc2VkICcxLCQgcy9zcG91Z2NuMDEuc3ViMTAzMDEyMjI1ODAuc3BvdWduZXQub3JhY2xldmNuLmNvbToxNTIxL2RiY24wMS1zY2FuLmRuc2xhYmVsMy5zcG91Z25ldC5vcmFjbGV2Y24uY29tOjE1MjEvJyAvb3B0L3RvbWNhdC93ZWJhcHBzL0pEQkNTYW1wbGUvTUVUQS1JTkYvY29udGV4dC54bWwgPiAvdG1wL3QKc2VkICcxLCQgcy9wZGIxLnN1YjEwMzAxMjIyNTgwLnNwb3VnbmV0Lm9yYWNsZXZjbi5jb20vc3BvdWdwZGIuZG5zbGFiZWwzLnNwb3VnbmV0Lm9yYWNsZXZjbi5jb20vJyAvdG1wL3QgPiAvb3B0L3RvbWNhdC93ZWJhcHBzL0pEQkNTYW1wbGUvTUVUQS1JTkYvY29udGV4dC54bWwKdG91Y2ggfm9wYy91c2VyZGF0YS5gZGF0ZSArJXNgLmZpbmlzaAplY2hvICcjIyMjIyMjIyMjIyMjIyMjIyMjIHdlYnNlcnZlciB1c2VyZGF0YSBlbmRzICMjIyMjIyMjIyMjIyMjIyMjIyMjIyMjJwo=",
                            "private_ip": "172.16.2.7",
                            "public_ip": "129.146.103.251",
                            "region": "phx",
                            "shape": "VM.Standard1.2",
                            "state": "RUNNING",
                            "subnet_id": "ocid1.subnet.oc1.phx.aaaaaaaar2nywvbdzdvkiv635dsudkucqhw76yjadlgdk6bibv3oevrfdyfa",
                            "time_created": "2018-01-11 11:25:14.285 +0000 UTC"
                        },
                        "meta": {
                            "e2bfb730-ecaa-11e6-8f88-34363bc7c4c0": {
                                "create": 3600000000000,
                                "delete": 7200000000000,
                                "update": 7200000000000
                            }
                        },
                        "tainted": false
                    },
                    "deposed": [],
                    "provider": "provider.oci"
                },
                "oci_core_internet_gateway.spougigw": {
                    "type": "oci_core_internet_gateway",
                    "depends_on": [
                        "oci_core_virtual_network.spougnet"
                    ],
                    "primary": {
                        "id": "ocid1.internetgateway.oc1.phx.aaaaaaaaijnnzhzistmqqe5tfuydsrps7jjmdk7nrxm77snahgzfodkoadjq",
                        "attributes": {
                            "compartment_id": "ocid1.compartment.oc1..aaaaaaaazctlgulczctyjgb2tz4wqtcbozxibsbytzvoqlfai45stazibzgq",
                            "display_name": "spougigw",
                            "enabled": "true",
                            "id": "ocid1.internetgateway.oc1.phx.aaaaaaaaijnnzhzistmqqe5tfuydsrps7jjmdk7nrxm77snahgzfodkoadjq",
                            "state": "AVAILABLE",
                            "time_created": "2018-01-05 09:58:05.12 +0000 UTC",
                            "time_modified": "0001-01-01 00:00:00 +0000 UTC",
                            "vcn_id": "ocid1.vcn.oc1.phx.aaaaaaaaalwfe7pjmkejoxo5whuy63c6xw6tl2zaxjaisolpg7rus3wt2mrq"
                        },
                        "meta": {
                            "e2bfb730-ecaa-11e6-8f88-34363bc7c4c0": {
                                "create": 300000000000,
                                "delete": 300000000000,
                                "update": 300000000000
                            }
                        },
                        "tainted": false
                    },
                    "deposed": [],
                    "provider": "provider.oci"
                },
                "oci_core_route_table.internetroutetable": {
                    "type": "oci_core_route_table",
                    "depends_on": [
                        "oci_core_internet_gateway.spougigw",
                        "oci_core_virtual_network.spougnet"
                    ],
                    "primary": {
                        "id": "ocid1.routetable.oc1.phx.aaaaaaaavdbpew2ziw5iqneq2poygjf3awxez6l2ubwtujkmur7zo5p6ydda",
                        "attributes": {
                            "compartment_id": "ocid1.compartment.oc1..aaaaaaaazctlgulczctyjgb2tz4wqtcbozxibsbytzvoqlfai45stazibzgq",
                            "display_name": "InternetRouteTable",
                            "id": "ocid1.routetable.oc1.phx.aaaaaaaavdbpew2ziw5iqneq2poygjf3awxez6l2ubwtujkmur7zo5p6ydda",
                            "route_rules.#": "1",
                            "route_rules.0.cidr_block": "0.0.0.0/0",
                            "route_rules.0.network_entity_id": "ocid1.internetgateway.oc1.phx.aaaaaaaaijnnzhzistmqqe5tfuydsrps7jjmdk7nrxm77snahgzfodkoadjq",
                            "state": "AVAILABLE",
                            "time_created": "2018-01-05 09:58:06.072 +0000 UTC",
                            "time_modified": "0001-01-01 00:00:00 +0000 UTC",
                            "vcn_id": "ocid1.vcn.oc1.phx.aaaaaaaaalwfe7pjmkejoxo5whuy63c6xw6tl2zaxjaisolpg7rus3wt2mrq"
                        },
                        "meta": {
                            "e2bfb730-ecaa-11e6-8f88-34363bc7c4c0": {
                                "create": 300000000000,
                                "delete": 300000000000,
                                "update": 300000000000
                            }
                        },
                        "tainted": false
                    },
                    "deposed": [],
                    "provider": "provider.oci"
                },
                "oci_core_security_list.spougadhocseclist": {
                    "type": "oci_core_security_list",
                    "depends_on": [
                        "oci_core_virtual_network.spougnet"
                    ],
                    "primary": {
                        "id": "ocid1.securitylist.oc1.phx.aaaaaaaawyg4ax4rchyvmw2fdsxy3q54fi2jqmrxluqq637elo5n54ssfw5a",
                        "attributes": {
                            "compartment_id": "ocid1.compartment.oc1..aaaaaaaazctlgulczctyjgb2tz4wqtcbozxibsbytzvoqlfai45stazibzgq",
                            "display_name": "Adhoc Security List for spougnet",
                            "egress_security_rules.#": "0",
                            "id": "ocid1.securitylist.oc1.phx.aaaaaaaawyg4ax4rchyvmw2fdsxy3q54fi2jqmrxluqq637elo5n54ssfw5a",
                            "ingress_security_rules.#": "2",
                            "ingress_security_rules.0.icmp_options.#": "0",
                            "ingress_security_rules.0.protocol": "6",
                            "ingress_security_rules.0.source": "0.0.0.0/0",
                            "ingress_security_rules.0.stateless": "false",
                            "ingress_security_rules.0.tcp_options.#": "1",
                            "ingress_security_rules.0.tcp_options.0.max": "80",
                            "ingress_security_rules.0.tcp_options.0.min": "80",
                            "ingress_security_rules.0.tcp_options.0.source_port_range.#": "0",
                            "ingress_security_rules.0.udp_options.#": "0",
                            "ingress_security_rules.1.icmp_options.#": "0",
                            "ingress_security_rules.1.protocol": "6",
                            "ingress_security_rules.1.source": "0.0.0.0/0",
                            "ingress_security_rules.1.stateless": "false",
                            "ingress_security_rules.1.tcp_options.#": "1",
                            "ingress_security_rules.1.tcp_options.0.max": "8080",
                            "ingress_security_rules.1.tcp_options.0.min": "8080",
                            "ingress_security_rules.1.tcp_options.0.source_port_range.#": "0",
                            "ingress_security_rules.1.udp_options.#": "0",
                            "state": "AVAILABLE",
                            "time_created": "2018-01-10 17:46:31.762 +0000 UTC",
                            "vcn_id": "ocid1.vcn.oc1.phx.aaaaaaaaalwfe7pjmkejoxo5whuy63c6xw6tl2zaxjaisolpg7rus3wt2mrq"
                        },
                        "meta": {
                            "e2bfb730-ecaa-11e6-8f88-34363bc7c4c0": {
                                "create": 300000000000,
                                "delete": 300000000000,
                                "update": 300000000000
                            }
                        },
                        "tainted": false
                    },
                    "deposed": [],
                    "provider": "provider.oci"
                },
                "oci_core_security_list.spougsqlnetseclist": {
                    "type": "oci_core_security_list",
                    "depends_on": [
                        "oci_core_virtual_network.spougnet"
                    ],
                    "primary": {
                        "id": "ocid1.securitylist.oc1.phx.aaaaaaaaivsssy3oineadps5qjt3kcqa6jmzxrcourqb5kuwquvtl3wptwda",
                        "attributes": {
                            "compartment_id": "ocid1.compartment.oc1..aaaaaaaazctlgulczctyjgb2tz4wqtcbozxibsbytzvoqlfai45stazibzgq",
                            "display_name": "SQLNET Security List for spougnet",
                            "egress_security_rules.#": "0",
                            "id": "ocid1.securitylist.oc1.phx.aaaaaaaaivsssy3oineadps5qjt3kcqa6jmzxrcourqb5kuwquvtl3wptwda",
                            "ingress_security_rules.#": "1",
                            "ingress_security_rules.0.icmp_options.#": "0",
                            "ingress_security_rules.0.protocol": "6",
                            "ingress_security_rules.0.source": "172.16.0.0/16",
                            "ingress_security_rules.0.stateless": "false",
                            "ingress_security_rules.0.tcp_options.#": "1",
                            "ingress_security_rules.0.tcp_options.0.max": "1521",
                            "ingress_security_rules.0.tcp_options.0.min": "1521",
                            "ingress_security_rules.0.tcp_options.0.source_port_range.#": "0",
                            "ingress_security_rules.0.udp_options.#": "0",
                            "state": "AVAILABLE",
                            "time_created": "2018-01-11 11:24:18.095 +0000 UTC",
                            "vcn_id": "ocid1.vcn.oc1.phx.aaaaaaaaalwfe7pjmkejoxo5whuy63c6xw6tl2zaxjaisolpg7rus3wt2mrq"
                        },
                        "meta": {
                            "e2bfb730-ecaa-11e6-8f88-34363bc7c4c0": {
                                "create": 300000000000,
                                "delete": 300000000000,
                                "update": 300000000000
                            }
                        },
                        "tainted": false
                    },
                    "deposed": [],
                    "provider": "provider.oci"
                },
                "oci_core_subnet.spougnet-ad1": {
                    "type": "oci_core_subnet",
                    "depends_on": [
                        "data.oci_identity_availability_domains.ADs",
                        "oci_core_route_table.internetroutetable",
                        "oci_core_security_list.spougadhocseclist",
                        "oci_core_virtual_network.spougnet"
                    ],
                    "primary": {
                        "id": "ocid1.subnet.oc1.phx.aaaaaaaa3nhcfteowbpajagkf7t6wkjcwxnywbwqxla7ur7gohayok7i4onq",
                        "attributes": {
                            "availability_domain": "IScS:PHX-AD-1",
                            "cidr_block": "172.16.1.0/24",
                            "compartment_id": "ocid1.compartment.oc1..aaaaaaaazctlgulczctyjgb2tz4wqtcbozxibsbytzvoqlfai45stazibzgq",
                            "dhcp_options_id": "ocid1.dhcpoptions.oc1.phx.aaaaaaaa56x2kmpllascexwk5wipldqjey4bulxsd2aa2bdtzfyz7iep5kpq",
                            "display_name": "spougnet-ad1",
                            "dns_label": "dnslabel1",
                            "id": "ocid1.subnet.oc1.phx.aaaaaaaa3nhcfteowbpajagkf7t6wkjcwxnywbwqxla7ur7gohayok7i4onq",
                            "prohibit_public_ip_on_vnic": "false",
                            "route_table_id": "ocid1.routetable.oc1.phx.aaaaaaaavdbpew2ziw5iqneq2poygjf3awxez6l2ubwtujkmur7zo5p6ydda",
                            "security_list_ids.#": "2",
                            "security_list_ids.1430306401": "ocid1.securitylist.oc1.phx.aaaaaaaaxlaosije6zwhljhqr7vogqknrhyqriwzy7fae6f4xe6hcbuy55la",
                            "security_list_ids.3325565": "ocid1.securitylist.oc1.phx.aaaaaaaawyg4ax4rchyvmw2fdsxy3q54fi2jqmrxluqq637elo5n54ssfw5a",
                            "state": "AVAILABLE",
                            "time_created": "2018-01-11 09:27:05.922 +0000 UTC",
                            "vcn_id": "ocid1.vcn.oc1.phx.aaaaaaaaalwfe7pjmkejoxo5whuy63c6xw6tl2zaxjaisolpg7rus3wt2mrq",
                            "virtual_router_ip": "172.16.1.1",
                            "virtual_router_mac": "00:00:17:67:A4:E7"
                        },
                        "meta": {
                            "e2bfb730-ecaa-11e6-8f88-34363bc7c4c0": {
                                "create": 300000000000,
                                "delete": 300000000000,
                                "update": 300000000000
                            }
                        },
                        "tainted": false
                    },
                    "deposed": [],
                    "provider": "provider.oci"
                },
                "oci_core_subnet.spougnet-ad2": {
                    "type": "oci_core_subnet",
                    "depends_on": [
                        "data.oci_identity_availability_domains.ADs",
                        "oci_core_route_table.internetroutetable",
                        "oci_core_security_list.spougadhocseclist",
                        "oci_core_virtual_network.spougnet"
                    ],
                    "primary": {
                        "id": "ocid1.subnet.oc1.phx.aaaaaaaar2nywvbdzdvkiv635dsudkucqhw76yjadlgdk6bibv3oevrfdyfa",
                        "attributes": {
                            "availability_domain": "IScS:PHX-AD-2",
                            "cidr_block": "172.16.2.0/24",
                            "compartment_id": "ocid1.compartment.oc1..aaaaaaaazctlgulczctyjgb2tz4wqtcbozxibsbytzvoqlfai45stazibzgq",
                            "dhcp_options_id": "ocid1.dhcpoptions.oc1.phx.aaaaaaaa56x2kmpllascexwk5wipldqjey4bulxsd2aa2bdtzfyz7iep5kpq",
                            "display_name": "spougnet-ad2",
                            "dns_label": "dnslabel2",
                            "id": "ocid1.subnet.oc1.phx.aaaaaaaar2nywvbdzdvkiv635dsudkucqhw76yjadlgdk6bibv3oevrfdyfa",
                            "prohibit_public_ip_on_vnic": "false",
                            "route_table_id": "ocid1.routetable.oc1.phx.aaaaaaaavdbpew2ziw5iqneq2poygjf3awxez6l2ubwtujkmur7zo5p6ydda",
                            "security_list_ids.#": "2",
                            "security_list_ids.1430306401": "ocid1.securitylist.oc1.phx.aaaaaaaaxlaosije6zwhljhqr7vogqknrhyqriwzy7fae6f4xe6hcbuy55la",
                            "security_list_ids.3325565": "ocid1.securitylist.oc1.phx.aaaaaaaawyg4ax4rchyvmw2fdsxy3q54fi2jqmrxluqq637elo5n54ssfw5a",
                            "state": "AVAILABLE",
                            "time_created": "2018-01-11 09:27:05.581 +0000 UTC",
                            "vcn_id": "ocid1.vcn.oc1.phx.aaaaaaaaalwfe7pjmkejoxo5whuy63c6xw6tl2zaxjaisolpg7rus3wt2mrq",
                            "virtual_router_ip": "172.16.2.1",
                            "virtual_router_mac": "00:00:17:67:A4:E7"
                        },
                        "meta": {
                            "e2bfb730-ecaa-11e6-8f88-34363bc7c4c0": {
                                "create": 300000000000,
                                "delete": 300000000000,
                                "update": 300000000000
                            }
                        },
                        "tainted": false
                    },
                    "deposed": [],
                    "provider": "provider.oci"
                },
                "oci_core_subnet.spougnet-ad3": {
                    "type": "oci_core_subnet",
                    "depends_on": [
                        "data.oci_identity_availability_domains.ADs",
                        "oci_core_security_list.spougsqlnetseclist",
                        "oci_core_virtual_network.spougnet"
                    ],
                    "primary": {
                        "id": "ocid1.subnet.oc1.phx.aaaaaaaarrbftqhfrjjtpe7oosv75mspobjsx6iemhja7hbgsebla5am3nyq",
                        "attributes": {
                            "availability_domain": "IScS:PHX-AD-3",
                            "cidr_block": "172.16.3.0/24",
                            "compartment_id": "ocid1.compartment.oc1..aaaaaaaazctlgulczctyjgb2tz4wqtcbozxibsbytzvoqlfai45stazibzgq",
                            "dhcp_options_id": "ocid1.dhcpoptions.oc1.phx.aaaaaaaa56x2kmpllascexwk5wipldqjey4bulxsd2aa2bdtzfyz7iep5kpq",
                            "display_name": "spougnet-ad3",
                            "dns_label": "dnslabel3",
                            "id": "ocid1.subnet.oc1.phx.aaaaaaaarrbftqhfrjjtpe7oosv75mspobjsx6iemhja7hbgsebla5am3nyq",
                            "prohibit_public_ip_on_vnic": "false",
                            "route_table_id": "ocid1.routetable.oc1.phx.aaaaaaaalgxuqvgwvlln34ctri4fix3roo4wokpid3kxgu2hhv43tlvyr3eq",
                            "security_list_ids.#": "2",
                            "security_list_ids.1430306401": "ocid1.securitylist.oc1.phx.aaaaaaaaxlaosije6zwhljhqr7vogqknrhyqriwzy7fae6f4xe6hcbuy55la",
                            "security_list_ids.2998813007": "ocid1.securitylist.oc1.phx.aaaaaaaaivsssy3oineadps5qjt3kcqa6jmzxrcourqb5kuwquvtl3wptwda",
                            "state": "AVAILABLE",
                            "time_created": "2018-01-11 11:36:59.82 +0000 UTC",
                            "vcn_id": "ocid1.vcn.oc1.phx.aaaaaaaaalwfe7pjmkejoxo5whuy63c6xw6tl2zaxjaisolpg7rus3wt2mrq",
                            "virtual_router_ip": "172.16.3.1",
                            "virtual_router_mac": "00:00:17:67:A4:E7"
                        },
                        "meta": {
                            "e2bfb730-ecaa-11e6-8f88-34363bc7c4c0": {
                                "create": 300000000000,
                                "delete": 300000000000,
                                "update": 300000000000
                            }
                        },
                        "tainted": false
                    },
                    "deposed": [],
                    "provider": "provider.oci"
                },
                "oci_core_virtual_network.spougnet": {
                    "type": "oci_core_virtual_network",
                    "depends_on": [],
                    "primary": {
                        "id": "ocid1.vcn.oc1.phx.aaaaaaaaalwfe7pjmkejoxo5whuy63c6xw6tl2zaxjaisolpg7rus3wt2mrq",
                        "attributes": {
                            "cidr_block": "172.16.0.0/16",
                            "compartment_id": "ocid1.compartment.oc1..aaaaaaaazctlgulczctyjgb2tz4wqtcbozxibsbytzvoqlfai45stazibzgq",
                            "default_dhcp_options_id": "ocid1.dhcpoptions.oc1.phx.aaaaaaaa56x2kmpllascexwk5wipldqjey4bulxsd2aa2bdtzfyz7iep5kpq",
                            "default_route_table_id": "ocid1.routetable.oc1.phx.aaaaaaaalgxuqvgwvlln34ctri4fix3roo4wokpid3kxgu2hhv43tlvyr3eq",
                            "default_security_list_id": "ocid1.securitylist.oc1.phx.aaaaaaaaxlaosije6zwhljhqr7vogqknrhyqriwzy7fae6f4xe6hcbuy55la",
                            "display_name": "spougnet",
                            "dns_label": "spougnet",
                            "id": "ocid1.vcn.oc1.phx.aaaaaaaaalwfe7pjmkejoxo5whuy63c6xw6tl2zaxjaisolpg7rus3wt2mrq",
                            "state": "AVAILABLE",
                            "time_created": "2018-01-05 09:58:04.332 +0000 UTC"
                        },
                        "meta": {
                            "e2bfb730-ecaa-11e6-8f88-34363bc7c4c0": {
                                "create": 300000000000,
                                "delete": 300000000000,
                                "update": 300000000000
                            }
                        },
                        "tainted": false
                    },
                    "deposed": [],
                    "provider": "provider.oci"
                },
                "oci_database_db_system.SPOUGDBSYSTEM": {
                    "type": "oci_database_db_system",
                    "depends_on": [
                        "data.oci_identity_availability_domains.ADs",
                        "oci_core_subnet.spougnet-ad3"
                    ],
                    "primary": {
                        "id": "ocid1.dbsystem.oc1.phx.abyhqljs5bnazl2vjeibjgo2p6jolq43sik3dw5yungfocfpiup5kwzly3ta",
                        "attributes": {
                            "availability_domain": "IScS:PHX-AD-3",
                            "backup_subnet_id": "",
                            "cluster_name": "",
                            "compartment_id": "ocid1.compartment.oc1..aaaaaaaazctlgulczctyjgb2tz4wqtcbozxibsbytzvoqlfai45stazibzgq",
                            "cpu_core_count": "2",
                            "data_storage_percentage": "80",
                            "data_storage_size_in_gb": "256",
                            "database_edition": "ENTERPRISE_EDITION_EXTREME_PERFORMANCE",
                            "db_home.#": "1",
                            "db_home.0.database.#": "1",
                            "db_home.0.database.0.admin_password": "ZZ0r_cle#1",
                            "db_home.0.database.0.character_set": "",
                            "db_home.0.database.0.db_name": "SPOUGDB",
                            "db_home.0.database.0.db_workload": "",
                            "db_home.0.database.0.ncharacter_set": "",
                            "db_home.0.database.0.pdb_name": "SPOUGPDB",
                            "db_home.0.db_version": "12.2.0.1",
                            "db_home.0.display_name": "SPOUGDB",
                            "disk_redundancy": "NORMAL",
                            "display_name": "SPOUGDB",
                            "domain": "dnslabel3.spougnet.oraclevcn.com",
                            "hostname": "dbcn01",
                            "id": "ocid1.dbsystem.oc1.phx.abyhqljs5bnazl2vjeibjgo2p6jolq43sik3dw5yungfocfpiup5kwzly3ta",
                            "license_model": "LICENSE_INCLUDED",
                            "lifecycle_details": "",
                            "listener_port": "1521",
                            "node_count": "1",
                            "reco_storage_size_in_gb": "256",
                            "scan_dns_record_id": "ocid1.vcndnsrecord.oc1.phx.abyhqljsllkfh6426nylfwd6g23tzlhct4qx2cs6fej6dxfndecplvnxy2ya",
                            "scan_ip_ids.#": "0",
                            "shape": "VM.Standard1.2",
                            "ssh_public_keys.#": "1",
                            "ssh_public_keys.0": "ssh-rsa AAAAB3NzaC1yc2EAAAADAQABAAABAQDdSYVIvv/pCTVX0UE/R+KmnuzI3wIGP23XZPCRQp+q71dTbbCCM/wEEXJ4idSLZpRGF0vKXWi9G2yShnFIL0TYLXEwptxc0csNkG8sl4FStAGIiSGzCXoIDMjYc3dF8Gq2M3Rlaf7o1snUmlH3rQIgvAhWfwxFBj+iFDb6+R1keMG6pzK420QRFpXYUmZhWBQeE3lFsusArao9ByIH3fw/juMsFmU3WHtgu2VtDI81gprk24Si380yyVzSms2V2ipIHihE2jhz/GvJ4FNdbjn9/t+OmApMigHmjvFq05fsrh75P+7FRbCIWB5KUA+Gq11LcZchh29TKl1oSGzcSu7B",
                            "state": "AVAILABLE",
                            "subnet_id": "ocid1.subnet.oc1.phx.aaaaaaaarrbftqhfrjjtpe7oosv75mspobjsx6iemhja7hbgsebla5am3nyq",
                            "time_created": "2018-01-11 11:37:27.154 +0000 UTC",
                            "version": "12.1.2.12.0",
                            "vip_ids.#": "0"
                        },
                        "meta": {
                            "e2bfb730-ecaa-11e6-8f88-34363bc7c4c0": {
                                "create": 0,
                                "delete": 7200000000000,
                                "update": 7200000000000
                            }
                        },
                        "tainted": false
                    },
                    "deposed": [],
                    "provider": "provider.oci"
                },
                "oci_load_balancer.spouglb": {
                    "type": "oci_load_balancer",
                    "depends_on": [
                        "oci_core_subnet.spougnet-ad1",
                        "oci_core_subnet.spougnet-ad2"
                    ],
                    "primary": {
                        "id": "ocid1.loadbalancer.oc1.phx.aaaaaaaaoyomucskrcognzdj7nkauy5ly3r7oelbgulihjvck4h5avv23huq",
                        "attributes": {
                            "compartment_id": "ocid1.compartment.oc1..aaaaaaaazctlgulczctyjgb2tz4wqtcbozxibsbytzvoqlfai45stazibzgq",
                            "display_name": "spouglb",
                            "id": "ocid1.loadbalancer.oc1.phx.aaaaaaaaoyomucskrcognzdj7nkauy5ly3r7oelbgulihjvck4h5avv23huq",
                            "ip_addresses.#": "1",
                            "ip_addresses.0": "129.146.144.76",
                            "is_private": "false",
                            "shape": "100Mbps",
                            "state": "ACTIVE",
                            "subnet_ids.#": "2",
                            "subnet_ids.0": "ocid1.subnet.oc1.phx.aaaaaaaa3nhcfteowbpajagkf7t6wkjcwxnywbwqxla7ur7gohayok7i4onq",
                            "subnet_ids.1": "ocid1.subnet.oc1.phx.aaaaaaaar2nywvbdzdvkiv635dsudkucqhw76yjadlgdk6bibv3oevrfdyfa",
                            "time_created": "2018-01-11 09:27:34.775 +0000 UTC"
                        },
                        "meta": {},
                        "tainted": false
                    },
                    "deposed": [],
                    "provider": "provider.oci"
                },
                "oci_load_balancer_backend.lb-be11": {
                    "type": "oci_load_balancer_backend",
                    "depends_on": [
                        "oci_core_instance.SPOUGAPPCN01",
                        "oci_load_balancer.spouglb",
                        "oci_load_balancer_backendset.spougbs1"
                    ],
                    "primary": {
                        "id": "172.16.1.6:80",
                        "attributes": {
                            "backendset_name": "spougbs1",
                            "backup": "false",
                            "drain": "false",
                            "id": "172.16.1.6:80",
                            "ip_address": "172.16.1.6",
                            "load_balancer_id": "ocid1.loadbalancer.oc1.phx.aaaaaaaaoyomucskrcognzdj7nkauy5ly3r7oelbgulihjvck4h5avv23huq",
                            "offline": "false",
                            "port": "80",
                            "state": "SUCCEEDED",
                            "weight": "1"
                        },
                        "meta": {},
                        "tainted": false
                    },
                    "deposed": [],
                    "provider": "provider.oci"
                },
                "oci_load_balancer_backend.lb-be12": {
                    "type": "oci_load_balancer_backend",
                    "depends_on": [
                        "oci_core_instance.SPOUGAPPCN02",
                        "oci_load_balancer.spouglb",
                        "oci_load_balancer_backendset.spougbs1"
                    ],
                    "primary": {
                        "id": "172.16.2.6:80",
                        "attributes": {
                            "backendset_name": "spougbs1",
                            "backup": "false",
                            "drain": "false",
                            "id": "172.16.2.6:80",
                            "ip_address": "172.16.2.6",
                            "load_balancer_id": "ocid1.loadbalancer.oc1.phx.aaaaaaaaoyomucskrcognzdj7nkauy5ly3r7oelbgulihjvck4h5avv23huq",
                            "offline": "false",
                            "port": "80",
                            "state": "SUCCEEDED",
                            "weight": "2"
                        },
                        "meta": {},
                        "tainted": false
                    },
                    "deposed": [],
                    "provider": "provider.oci"
                },
                "oci_load_balancer_backend.lb-be21": {
                    "type": "oci_load_balancer_backend",
                    "depends_on": [
                        "oci_core_instance.SPOUGAPPCN01",
                        "oci_load_balancer.spouglb",
                        "oci_load_balancer_backendset.spougbs2"
                    ],
                    "primary": {
                        "id": "172.16.1.6:8080",
                        "attributes": {
                            "backendset_name": "spougbs2",
                            "backup": "false",
                            "drain": "false",
                            "id": "172.16.1.6:8080",
                            "ip_address": "172.16.1.6",
                            "load_balancer_id": "ocid1.loadbalancer.oc1.phx.aaaaaaaaoyomucskrcognzdj7nkauy5ly3r7oelbgulihjvck4h5avv23huq",
                            "offline": "false",
                            "port": "8080",
                            "state": "SUCCEEDED",
                            "weight": "1"
                        },
                        "meta": {},
                        "tainted": false
                    },
                    "deposed": [],
                    "provider": "provider.oci"
                },
                "oci_load_balancer_backend.lb-be22": {
                    "type": "oci_load_balancer_backend",
                    "depends_on": [
                        "oci_core_instance.SPOUGAPPCN03",
                        "oci_load_balancer.spouglb",
                        "oci_load_balancer_backendset.spougbs2"
                    ],
                    "primary": {
                        "id": "172.16.2.7:8080",
                        "attributes": {
                            "backendset_name": "spougbs2",
                            "backup": "false",
                            "drain": "false",
                            "id": "172.16.2.7:8080",
                            "ip_address": "172.16.2.7",
                            "load_balancer_id": "ocid1.loadbalancer.oc1.phx.aaaaaaaaoyomucskrcognzdj7nkauy5ly3r7oelbgulihjvck4h5avv23huq",
                            "offline": "false",
                            "port": "8080",
                            "state": "SUCCEEDED",
                            "weight": "2"
                        },
                        "meta": {},
                        "tainted": false
                    },
                    "deposed": [],
                    "provider": "provider.oci"
                },
                "oci_load_balancer_backendset.spougbs1": {
                    "type": "oci_load_balancer_backendset",
                    "depends_on": [
                        "oci_load_balancer.spouglb"
                    ],
                    "primary": {
                        "id": "spougbs1",
                        "attributes": {
                            "backend.#": "2",
                            "backend.0.backendset_name": "",
                            "backend.0.backup": "false",
                            "backend.0.drain": "false",
                            "backend.0.ip_address": "172.16.1.5",
                            "backend.0.load_balancer_id": "",
                            "backend.0.offline": "false",
                            "backend.0.port": "80",
                            "backend.0.state": "",
                            "backend.0.weight": "1",
                            "backend.1.backendset_name": "",
                            "backend.1.backup": "false",
                            "backend.1.drain": "false",
                            "backend.1.ip_address": "172.16.2.6",
                            "backend.1.load_balancer_id": "",
                            "backend.1.offline": "false",
                            "backend.1.port": "80",
                            "backend.1.state": "",
                            "backend.1.weight": "2",
                            "health_checker.#": "1",
                            "health_checker.0.interval_ms": "30000",
                            "health_checker.0.port": "80",
                            "health_checker.0.protocol": "HTTP",
                            "health_checker.0.response_body_regex": ".*",
                            "health_checker.0.url_path": "/",
                            "id": "spougbs1",
                            "load_balancer_id": "ocid1.loadbalancer.oc1.phx.aaaaaaaaoyomucskrcognzdj7nkauy5ly3r7oelbgulihjvck4h5avv23huq",
                            "name": "spougbs1",
                            "policy": "ROUND_ROBIN",
                            "state": "SUCCEEDED"
                        },
                        "meta": {},
                        "tainted": false
                    },
                    "deposed": [],
                    "provider": "provider.oci"
                },
                "oci_load_balancer_backendset.spougbs2": {
                    "type": "oci_load_balancer_backendset",
                    "depends_on": [
                        "oci_load_balancer.spouglb"
                    ],
                    "primary": {
                        "id": "spougbs2",
                        "attributes": {
                            "backend.#": "2",
                            "backend.0.backendset_name": "",
                            "backend.0.backup": "false",
                            "backend.0.drain": "false",
                            "backend.0.ip_address": "172.16.2.2",
                            "backend.0.load_balancer_id": "",
                            "backend.0.offline": "false",
                            "backend.0.port": "8080",
                            "backend.0.state": "",
                            "backend.0.weight": "2",
                            "backend.1.backendset_name": "",
                            "backend.1.backup": "false",
                            "backend.1.drain": "false",
                            "backend.1.ip_address": "172.16.1.5",
                            "backend.1.load_balancer_id": "",
                            "backend.1.offline": "false",
                            "backend.1.port": "8080",
                            "backend.1.state": "",
                            "backend.1.weight": "1",
                            "health_checker.#": "1",
                            "health_checker.0.interval_ms": "30000",
                            "health_checker.0.port": "8080",
                            "health_checker.0.protocol": "HTTP",
                            "health_checker.0.response_body_regex": ".*",
                            "health_checker.0.url_path": "/JDBCSample/JDBCSample_Servlet",
                            "id": "spougbs2",
                            "load_balancer_id": "ocid1.loadbalancer.oc1.phx.aaaaaaaaoyomucskrcognzdj7nkauy5ly3r7oelbgulihjvck4h5avv23huq",
                            "name": "spougbs2",
                            "policy": "ROUND_ROBIN",
                            "state": "SUCCEEDED"
                        },
                        "meta": {},
                        "tainted": false
                    },
                    "deposed": [],
                    "provider": "provider.oci"
                },
                "oci_load_balancer_listener.spouglsnr1": {
                    "type": "oci_load_balancer_listener",
                    "depends_on": [
                        "oci_load_balancer.spouglb",
                        "oci_load_balancer_backendset.spougbs1"
                    ],
                    "primary": {
                        "id": "spouglsnr80",
                        "attributes": {
                            "default_backend_set_name": "spougbs1",
                            "id": "spouglsnr80",
                            "load_balancer_id": "ocid1.loadbalancer.oc1.phx.aaaaaaaaoyomucskrcognzdj7nkauy5ly3r7oelbgulihjvck4h5avv23huq",
                            "name": "spouglsnr80",
                            "port": "80",
                            "protocol": "HTTP",
                            "ssl_configuration.#": "0",
                            "state": "SUCCEEDED"
                        },
                        "meta": {},
                        "tainted": false
                    },
                    "deposed": [],
                    "provider": "provider.oci"
                },
                "oci_load_balancer_listener.spouglsnr2": {
                    "type": "oci_load_balancer_listener",
                    "depends_on": [
                        "oci_load_balancer.spouglb",
                        "oci_load_balancer_backendset.spougbs2"
                    ],
                    "primary": {
                        "id": "http",
                        "attributes": {
                            "default_backend_set_name": "spougbs2",
                            "id": "http",
                            "load_balancer_id": "ocid1.loadbalancer.oc1.phx.aaaaaaaaoyomucskrcognzdj7nkauy5ly3r7oelbgulihjvck4h5avv23huq",
                            "name": "http",
                            "port": "8080",
                            "protocol": "HTTP",
                            "ssl_configuration.#": "0",
                            "state": "SUCCEEDED"
                        },
                        "meta": {},
                        "tainted": false
                    },
                    "deposed": [],
                    "provider": "provider.oci"
                }
            },
            "depends_on": []
        }
    ]
}
